// !$*UTF8*$!
{
	archiveVersion = 1;
	classes = {
	};
	objectVersion = 46;
	objects = {

/* Begin PBXBuildFile section */
		A60325F71D23D99E00575138 /* BTCharacteristicDiscoveryCore.swift in Sources */ = {isa = PBXBuildFile; fileRef = A60325941D23D99E00575138 /* BTCharacteristicDiscoveryCore.swift */; };
		A60325F81D23D99E00575138 /* BTPeripheral.swift in Sources */ = {isa = PBXBuildFile; fileRef = A60325951D23D99E00575138 /* BTPeripheral.swift */; };
		A60325F91D23D99E00575138 /* BTTypes.swift in Sources */ = {isa = PBXBuildFile; fileRef = A60325961D23D99E00575138 /* BTTypes.swift */; };
		A60325FA1D23D99E00575138 /* CBCentralManagerState+StringConvertible.swift in Sources */ = {isa = PBXBuildFile; fileRef = A60325981D23D99E00575138 /* CBCentralManagerState+StringConvertible.swift */; };
		A60325FB1D23D99E00575138 /* CBPeripheralManagerState+StringConvertible.swift in Sources */ = {isa = PBXBuildFile; fileRef = A60325991D23D99E00575138 /* CBPeripheralManagerState+StringConvertible.swift */; };
		A60325FC1D23D99E00575138 /* CBPeripheralState+StringConvertible.swift in Sources */ = {isa = PBXBuildFile; fileRef = A603259A1D23D99E00575138 /* CBPeripheralState+StringConvertible.swift */; };
		A60325FD1D23D99E00575138 /* BTCustomQueueHandler.swift in Sources */ = {isa = PBXBuildFile; fileRef = A603259C1D23D99E00575138 /* BTCustomQueueHandler.swift */; };
		A60325FE1D23D99E00575138 /* BTCentralManagerHandlerProtocol.swift in Sources */ = {isa = PBXBuildFile; fileRef = A603259E1D23D99E00575138 /* BTCentralManagerHandlerProtocol.swift */; };
		A60325FF1D23D99E00575138 /* BTCentalManagerBlockHandler.swift in Sources */ = {isa = PBXBuildFile; fileRef = A60325A01D23D99E00575138 /* BTCentalManagerBlockHandler.swift */; };
		A60326001D23D99E00575138 /* BTCentralManagerLoggingHandler.swift in Sources */ = {isa = PBXBuildFile; fileRef = A60325A11D23D99E00575138 /* BTCentralManagerLoggingHandler.swift */; };
		A60326011D23D99E00575138 /* BTPeripheralHandlerProtocol.swift in Sources */ = {isa = PBXBuildFile; fileRef = A60325A31D23D99E00575138 /* BTPeripheralHandlerProtocol.swift */; };
		A60326021D23D99E00575138 /* BTPeripheralBlockHandler.swift in Sources */ = {isa = PBXBuildFile; fileRef = A60325A51D23D99E00575138 /* BTPeripheralBlockHandler.swift */; };
		A60326031D23D99E00575138 /* BTPeripheralLoggingHandler.swift in Sources */ = {isa = PBXBuildFile; fileRef = A60325A61D23D99E00575138 /* BTPeripheralLoggingHandler.swift */; };
		A60326041D23D99E00575138 /* BTPeripheralManagerHandlerProtocol.swift in Sources */ = {isa = PBXBuildFile; fileRef = A60325A81D23D99E00575138 /* BTPeripheralManagerHandlerProtocol.swift */; };
		A60326051D23D99E00575138 /* BTPeripheralManagerBlockHandler.swift in Sources */ = {isa = PBXBuildFile; fileRef = A60325AA1D23D99E00575138 /* BTPeripheralManagerBlockHandler.swift */; };
		A60326061D23D99E00575138 /* BTPeripheralManagerLoggingHandler.swift in Sources */ = {isa = PBXBuildFile; fileRef = A60325AB1D23D99E00575138 /* BTPeripheralManagerLoggingHandler.swift */; };
		A60326071D23D99E00575138 /* BTBaseCondition.swift in Sources */ = {isa = PBXBuildFile; fileRef = A60325AD1D23D99E00575138 /* BTBaseCondition.swift */; };
		A60326081D23D99E00575138 /* BTOperation.swift in Sources */ = {isa = PBXBuildFile; fileRef = A60325AE1D23D99E00575138 /* BTOperation.swift */; };
		A60326091D23D99E00575138 /* BTOperationResult.swift in Sources */ = {isa = PBXBuildFile; fileRef = A60325AF1D23D99E00575138 /* BTOperationResult.swift */; };
		A603260A1D23D99E00575138 /* BTCentralManagerOperation.swift in Sources */ = {isa = PBXBuildFile; fileRef = A60325B11D23D99E00575138 /* BTCentralManagerOperation.swift */; };
		A603260B1D23D99E00575138 /* BTCentralManagerPoweredOnCondition.swift in Sources */ = {isa = PBXBuildFile; fileRef = A60325B31D23D99E00575138 /* BTCentralManagerPoweredOnCondition.swift */; };
		A603260C1D23D99E00575138 /* BTCentralManagerConnectingOperation.swift in Sources */ = {isa = PBXBuildFile; fileRef = A60325B51D23D99E00575138 /* BTCentralManagerConnectingOperation.swift */; };
		A603260D1D23D99E00575138 /* BTCentralManagerDisconnectingOperation.swift in Sources */ = {isa = PBXBuildFile; fileRef = A60325B61D23D99E00575138 /* BTCentralManagerDisconnectingOperation.swift */; };
		A603260E1D23D99E00575138 /* BTCentralManagerScanningOperation.swift in Sources */ = {isa = PBXBuildFile; fileRef = A60325B71D23D99E00575138 /* BTCentralManagerScanningOperation.swift */; };
		A603260F1D23D99E00575138 /* BTErrors.swift in Sources */ = {isa = PBXBuildFile; fileRef = A60325B91D23D99E00575138 /* BTErrors.swift */; };
		A60326101D23D99E00575138 /* BTPeripheralOperation.swift in Sources */ = {isa = PBXBuildFile; fileRef = A60325BB1D23D99E00575138 /* BTPeripheralOperation.swift */; };
		A60326111D23D99E00575138 /* BTPeripheralConnectedCondition.swift in Sources */ = {isa = PBXBuildFile; fileRef = A60325BD1D23D99E00575138 /* BTPeripheralConnectedCondition.swift */; };
		A60326121D23D99E00575138 /* BTPeripheralCharacteristicDiscoveryOperation.swift in Sources */ = {isa = PBXBuildFile; fileRef = A60325BF1D23D99E00575138 /* BTPeripheralCharacteristicDiscoveryOperation.swift */; };
		A60326131D23D99E00575138 /* BTPeripheralReadValueOperation.swift in Sources */ = {isa = PBXBuildFile; fileRef = A60325C01D23D99E00575138 /* BTPeripheralReadValueOperation.swift */; };
		A60326141D23D99E00575138 /* BTPeripheralSetNotifyValueOperation.swift in Sources */ = {isa = PBXBuildFile; fileRef = A60325C11D23D99E00575138 /* BTPeripheralSetNotifyValueOperation.swift */; };
		A60326151D23D99E00575138 /* BTPeripheralWriteValueOperation.swift in Sources */ = {isa = PBXBuildFile; fileRef = A60325C21D23D99E00575138 /* BTPeripheralWriteValueOperation.swift */; };
		A60326161D23D99E00575138 /* BTPeripheralManagerOperation.swift in Sources */ = {isa = PBXBuildFile; fileRef = A60325C41D23D99E00575138 /* BTPeripheralManagerOperation.swift */; };
		A60326171D23D99E00575138 /* BTPeripheralManagerPoweredOnCondition.swift in Sources */ = {isa = PBXBuildFile; fileRef = A60325C61D23D99E00575138 /* BTPeripheralManagerPoweredOnCondition.swift */; };
		A60326181D23D99E00575138 /* BTPeripheralNotAdvertisingCondition.swift in Sources */ = {isa = PBXBuildFile; fileRef = A60325C71D23D99E00575138 /* BTPeripheralNotAdvertisingCondition.swift */; };
		A60326191D23D99E00575138 /* BTServiceNotAddedCondition.swift in Sources */ = {isa = PBXBuildFile; fileRef = A60325C81D23D99E00575138 /* BTServiceNotAddedCondition.swift */; };
		A603261A1D23D99E00575138 /* BTAddServicesOperation.swift in Sources */ = {isa = PBXBuildFile; fileRef = A60325CA1D23D99E00575138 /* BTAddServicesOperation.swift */; };
		A603261B1D23D99E00575138 /* BTStartAdvertisingOperation.swift in Sources */ = {isa = PBXBuildFile; fileRef = A60325CB1D23D99E00575138 /* BTStartAdvertisingOperation.swift */; };
		A603261C1D23D99E00575138 /* BTCentralRolePerformer.swift in Sources */ = {isa = PBXBuildFile; fileRef = A60325CE1D23D99E00575138 /* BTCentralRolePerformer.swift */; };
		A603261D1D23D99E00575138 /* BTPeripheralRolePerformer.swift in Sources */ = {isa = PBXBuildFile; fileRef = A60325D01D23D99E00575138 /* BTPeripheralRolePerformer.swift */; };
		A603261E1D23D99E00575138 /* BTPeripheralConnectSignalProvider.swift in Sources */ = {isa = PBXBuildFile; fileRef = A60325D31D23D99E00575138 /* BTPeripheralConnectSignalProvider.swift */; };
		A603261F1D23D99E00575138 /* BTPeripheralDataProvider.swift in Sources */ = {isa = PBXBuildFile; fileRef = A60325D41D23D99E00575138 /* BTPeripheralDataProvider.swift */; };
		A60326201D23D99E00575138 /* BTPeripheralDisconnectSignalProvider.swift in Sources */ = {isa = PBXBuildFile; fileRef = A60325D51D23D99E00575138 /* BTPeripheralDisconnectSignalProvider.swift */; };
		A60326211D23D99E00575138 /* BTCentralRolePerforming.swift in Sources */ = {isa = PBXBuildFile; fileRef = A60325D71D23D99E00575138 /* BTCentralRolePerforming.swift */; };
		A60326221D23D99E00575138 /* BTPeripheralProviding.swift in Sources */ = {isa = PBXBuildFile; fileRef = A60325D81D23D99E00575138 /* BTPeripheralProviding.swift */; };
		A60326231D23D99E00575138 /* BTPeripheralUpdating.swift in Sources */ = {isa = PBXBuildFile; fileRef = A60325D91D23D99E00575138 /* BTPeripheralUpdating.swift */; };
		A60326241D23D99E00575138 /* BTHandlerContainerProtocol.swift in Sources */ = {isa = PBXBuildFile; fileRef = A60325DC1D23D99E00575138 /* BTHandlerContainerProtocol.swift */; };
		A60326251D23D99E00575138 /* BTHandlersContainer.swift in Sources */ = {isa = PBXBuildFile; fileRef = A60325DD1D23D99E00575138 /* BTHandlersContainer.swift */; };
		A60326261D23D99E00575138 /* BTCentralManagerAPIType.swift in Sources */ = {isa = PBXBuildFile; fileRef = A60325E01D23D99E00575138 /* BTCentralManagerAPIType.swift */; };
		A60326271D23D99E00575138 /* BTCentralManagerAPIProtocol.swift in Sources */ = {isa = PBXBuildFile; fileRef = A60325E21D23D99E00575138 /* BTCentralManagerAPIProtocol.swift */; };
		A60326281D23D99E00575138 /* BTCentralManagerAPIWithHadlerProtocol.swift in Sources */ = {isa = PBXBuildFile; fileRef = A60325E31D23D99E00575138 /* BTCentralManagerAPIWithHadlerProtocol.swift */; };
		A60326291D23D99E00575138 /* BTCentralManagerInitializibleProtocol.swift in Sources */ = {isa = PBXBuildFile; fileRef = A60325E41D23D99E00575138 /* BTCentralManagerInitializibleProtocol.swift */; };
		A603262A1D23D99E00575138 /* BTCentralManagerProxy.swift in Sources */ = {isa = PBXBuildFile; fileRef = A60325E61D23D99E00575138 /* BTCentralManagerProxy.swift */; };
		A603262B1D23D99E00575138 /* BTPeripheralAPIType.swift in Sources */ = {isa = PBXBuildFile; fileRef = A60325E81D23D99E00575138 /* BTPeripheralAPIType.swift */; };
		A603262C1D23D99E00575138 /* BTPeripheralAPIProtocol.swift in Sources */ = {isa = PBXBuildFile; fileRef = A60325EA1D23D99E00575138 /* BTPeripheralAPIProtocol.swift */; };
		A603262D1D23D99E00575138 /* BTPeripheralAPIWithHandlerProtocol.swift in Sources */ = {isa = PBXBuildFile; fileRef = A60325EB1D23D99E00575138 /* BTPeripheralAPIWithHandlerProtocol.swift */; };
		A603262E1D23D99E00575138 /* PeriphralFullAPIProtocol.swift in Sources */ = {isa = PBXBuildFile; fileRef = A60325EC1D23D99E00575138 /* PeriphralFullAPIProtocol.swift */; };
		A603262F1D23D99E00575138 /* BTPeripheralProxy.swift in Sources */ = {isa = PBXBuildFile; fileRef = A60325EE1D23D99E00575138 /* BTPeripheralProxy.swift */; };
		A60326301D23D99E00575138 /* BTPeripheralManagerAPIType.swift in Sources */ = {isa = PBXBuildFile; fileRef = A60325F01D23D99E00575138 /* BTPeripheralManagerAPIType.swift */; };
		A60326311D23D99E00575138 /* BTPeripheralManagerAPIProtocol.swift in Sources */ = {isa = PBXBuildFile; fileRef = A60325F21D23D99E00575138 /* BTPeripheralManagerAPIProtocol.swift */; };
		A60326321D23D99E00575138 /* BTPeripheralManagerAPIWithHandlerProtocol.swift in Sources */ = {isa = PBXBuildFile; fileRef = A60325F31D23D99E00575138 /* BTPeripheralManagerAPIWithHandlerProtocol.swift */; };
		A60326331D23D99E00575138 /* BTPeripheralManagerInitializableProtocol.swift in Sources */ = {isa = PBXBuildFile; fileRef = A60325F41D23D99E00575138 /* BTPeripheralManagerInitializableProtocol.swift */; };
		A60326341D23D99E00575138 /* BTPeripheralManagerProxy.swift in Sources */ = {isa = PBXBuildFile; fileRef = A60325F61D23D99E00575138 /* BTPeripheralManagerProxy.swift */; };
		A60F0D3A1C9C617E0025E3E2 /* Assets.xcassets in Resources */ = {isa = PBXBuildFile; fileRef = A60F0D391C9C617E0025E3E2 /* Assets.xcassets */; };
		A60F0D3C1C9C617E0025E3E2 /* AppDelegate.swift in Sources */ = {isa = PBXBuildFile; fileRef = A60F0D3B1C9C617E0025E3E2 /* AppDelegate.swift */; };
		A60F0D421C9C617E0025E3E2 /* CustomLogFormatter.swift in Sources */ = {isa = PBXBuildFile; fileRef = A60F0D411C9C617E0025E3E2 /* CustomLogFormatter.swift */; };
		A60F0D441C9C617E0025E3E2 /* Config.swift in Sources */ = {isa = PBXBuildFile; fileRef = A60F0D431C9C617E0025E3E2 /* Config.swift */; };
		A60F0D5A1C9C617E0025E3E2 /* LaunchScreen.storyboard in Resources */ = {isa = PBXBuildFile; fileRef = A60F0D581C9C617E0025E3E2 /* LaunchScreen.storyboard */; };
		A624817F1D22A2430079AEB8 /* OperarionQueue+Generation.swift in Sources */ = {isa = PBXBuildFile; fileRef = A62481331D22A2430079AEB8 /* OperarionQueue+Generation.swift */; };
		A62481811D22A2430079AEB8 /* Log.swift in Sources */ = {isa = PBXBuildFile; fileRef = A62481371D22A2430079AEB8 /* Log.swift */; };
		A62481821D22A2430079AEB8 /* OperationQueueAPI.swift in Sources */ = {isa = PBXBuildFile; fileRef = A62481391D22A2430079AEB8 /* OperationQueueAPI.swift */; };
		A62481861D22A3450079AEB8 /* Config+Logging.swift in Sources */ = {isa = PBXBuildFile; fileRef = A62481851D22A3450079AEB8 /* Config+Logging.swift */; };
		A634E61B1CA062AB00994A10 /* CoreBluetooth.framework in Frameworks */ = {isa = PBXBuildFile; fileRef = A634E61A1CA062AB00994A10 /* CoreBluetooth.framework */; };
		A6913EBE1CA0319400316658 /* PeripheralViewController.swift in Sources */ = {isa = PBXBuildFile; fileRef = A6913EBC1CA0319400316658 /* PeripheralViewController.swift */; };
		A6913EBF1CA0319400316658 /* PeripheralViewController.xib in Resources */ = {isa = PBXBuildFile; fileRef = A6913EBD1CA0319400316658 /* PeripheralViewController.xib */; };
		BAB184674DC6C5EB1B2520B7 /* Pods_BLE_PeripheralTests.framework in Frameworks */ = {isa = PBXBuildFile; fileRef = CE928A25A997D990509B5CEB /* Pods_BLE_PeripheralTests.framework */; };
		CC7887120CF479825D00F2E4 /* Pods_BLE_Peripheral.framework in Frameworks */ = {isa = PBXBuildFile; fileRef = EE7D2020CC4416E83F1508AB /* Pods_BLE_Peripheral.framework */; };
/* End PBXBuildFile section */

/* Begin PBXContainerItemProxy section */
		A60F0D611C9C617E0025E3E2 /* PBXContainerItemProxy */ = {
			isa = PBXContainerItemProxy;
			containerPortal = A60F0D2D1C9C617E0025E3E2 /* Project object */;
			proxyType = 1;
			remoteGlobalIDString = A60F0D341C9C617E0025E3E2;
			remoteInfo = "BLE-Peripheral";
		};
/* End PBXContainerItemProxy section */

/* Begin PBXFileReference section */
		162E591DF0DE7D8F562606AC /* Pods-BLE-Peripheral.debug.xcconfig */ = {isa = PBXFileReference; includeInIndex = 1; lastKnownFileType = text.xcconfig; name = "Pods-BLE-Peripheral.debug.xcconfig"; path = "../Pods/Target Support Files/Pods-BLE-Peripheral/Pods-BLE-Peripheral.debug.xcconfig"; sourceTree = "<group>"; };
		7CC69ADB8E65DC41B0235676 /* Pods-BLE-PeripheralTests.release.xcconfig */ = {isa = PBXFileReference; includeInIndex = 1; lastKnownFileType = text.xcconfig; name = "Pods-BLE-PeripheralTests.release.xcconfig"; path = "../Pods/Target Support Files/Pods-BLE-PeripheralTests/Pods-BLE-PeripheralTests.release.xcconfig"; sourceTree = "<group>"; };
		A60325941D23D99E00575138 /* BTCharacteristicDiscoveryCore.swift */ = {isa = PBXFileReference; fileEncoding = 4; lastKnownFileType = sourcecode.swift; path = BTCharacteristicDiscoveryCore.swift; sourceTree = "<group>"; };
		A60325951D23D99E00575138 /* BTPeripheral.swift */ = {isa = PBXFileReference; fileEncoding = 4; lastKnownFileType = sourcecode.swift; path = BTPeripheral.swift; sourceTree = "<group>"; };
		A60325961D23D99E00575138 /* BTTypes.swift */ = {isa = PBXFileReference; fileEncoding = 4; lastKnownFileType = sourcecode.swift; path = BTTypes.swift; sourceTree = "<group>"; };
		A60325981D23D99E00575138 /* CBCentralManagerState+StringConvertible.swift */ = {isa = PBXFileReference; fileEncoding = 4; lastKnownFileType = sourcecode.swift; path = "CBCentralManagerState+StringConvertible.swift"; sourceTree = "<group>"; };
		A60325991D23D99E00575138 /* CBPeripheralManagerState+StringConvertible.swift */ = {isa = PBXFileReference; fileEncoding = 4; lastKnownFileType = sourcecode.swift; path = "CBPeripheralManagerState+StringConvertible.swift"; sourceTree = "<group>"; };
		A603259A1D23D99E00575138 /* CBPeripheralState+StringConvertible.swift */ = {isa = PBXFileReference; fileEncoding = 4; lastKnownFileType = sourcecode.swift; path = "CBPeripheralState+StringConvertible.swift"; sourceTree = "<group>"; };
		A603259C1D23D99E00575138 /* BTCustomQueueHandler.swift */ = {isa = PBXFileReference; fileEncoding = 4; lastKnownFileType = sourcecode.swift; path = BTCustomQueueHandler.swift; sourceTree = "<group>"; };
		A603259E1D23D99E00575138 /* BTCentralManagerHandlerProtocol.swift */ = {isa = PBXFileReference; fileEncoding = 4; lastKnownFileType = sourcecode.swift; path = BTCentralManagerHandlerProtocol.swift; sourceTree = "<group>"; };
		A60325A01D23D99E00575138 /* BTCentalManagerBlockHandler.swift */ = {isa = PBXFileReference; fileEncoding = 4; lastKnownFileType = sourcecode.swift; path = BTCentalManagerBlockHandler.swift; sourceTree = "<group>"; };
		A60325A11D23D99E00575138 /* BTCentralManagerLoggingHandler.swift */ = {isa = PBXFileReference; fileEncoding = 4; lastKnownFileType = sourcecode.swift; path = BTCentralManagerLoggingHandler.swift; sourceTree = "<group>"; };
		A60325A31D23D99E00575138 /* BTPeripheralHandlerProtocol.swift */ = {isa = PBXFileReference; fileEncoding = 4; lastKnownFileType = sourcecode.swift; path = BTPeripheralHandlerProtocol.swift; sourceTree = "<group>"; };
		A60325A51D23D99E00575138 /* BTPeripheralBlockHandler.swift */ = {isa = PBXFileReference; fileEncoding = 4; lastKnownFileType = sourcecode.swift; path = BTPeripheralBlockHandler.swift; sourceTree = "<group>"; };
		A60325A61D23D99E00575138 /* BTPeripheralLoggingHandler.swift */ = {isa = PBXFileReference; fileEncoding = 4; lastKnownFileType = sourcecode.swift; path = BTPeripheralLoggingHandler.swift; sourceTree = "<group>"; };
		A60325A81D23D99E00575138 /* BTPeripheralManagerHandlerProtocol.swift */ = {isa = PBXFileReference; fileEncoding = 4; lastKnownFileType = sourcecode.swift; path = BTPeripheralManagerHandlerProtocol.swift; sourceTree = "<group>"; };
		A60325AA1D23D99E00575138 /* BTPeripheralManagerBlockHandler.swift */ = {isa = PBXFileReference; fileEncoding = 4; lastKnownFileType = sourcecode.swift; path = BTPeripheralManagerBlockHandler.swift; sourceTree = "<group>"; };
		A60325AB1D23D99E00575138 /* BTPeripheralManagerLoggingHandler.swift */ = {isa = PBXFileReference; fileEncoding = 4; lastKnownFileType = sourcecode.swift; path = BTPeripheralManagerLoggingHandler.swift; sourceTree = "<group>"; };
		A60325AD1D23D99E00575138 /* BTBaseCondition.swift */ = {isa = PBXFileReference; fileEncoding = 4; lastKnownFileType = sourcecode.swift; path = BTBaseCondition.swift; sourceTree = "<group>"; };
		A60325AE1D23D99E00575138 /* BTOperation.swift */ = {isa = PBXFileReference; fileEncoding = 4; lastKnownFileType = sourcecode.swift; path = BTOperation.swift; sourceTree = "<group>"; };
		A60325AF1D23D99E00575138 /* BTOperationResult.swift */ = {isa = PBXFileReference; fileEncoding = 4; lastKnownFileType = sourcecode.swift; path = BTOperationResult.swift; sourceTree = "<group>"; };
		A60325B11D23D99E00575138 /* BTCentralManagerOperation.swift */ = {isa = PBXFileReference; fileEncoding = 4; lastKnownFileType = sourcecode.swift; path = BTCentralManagerOperation.swift; sourceTree = "<group>"; };
		A60325B31D23D99E00575138 /* BTCentralManagerPoweredOnCondition.swift */ = {isa = PBXFileReference; fileEncoding = 4; lastKnownFileType = sourcecode.swift; path = BTCentralManagerPoweredOnCondition.swift; sourceTree = "<group>"; };
		A60325B51D23D99E00575138 /* BTCentralManagerConnectingOperation.swift */ = {isa = PBXFileReference; fileEncoding = 4; lastKnownFileType = sourcecode.swift; path = BTCentralManagerConnectingOperation.swift; sourceTree = "<group>"; };
		A60325B61D23D99E00575138 /* BTCentralManagerDisconnectingOperation.swift */ = {isa = PBXFileReference; fileEncoding = 4; lastKnownFileType = sourcecode.swift; path = BTCentralManagerDisconnectingOperation.swift; sourceTree = "<group>"; };
		A60325B71D23D99E00575138 /* BTCentralManagerScanningOperation.swift */ = {isa = PBXFileReference; fileEncoding = 4; lastKnownFileType = sourcecode.swift; path = BTCentralManagerScanningOperation.swift; sourceTree = "<group>"; };
		A60325B91D23D99E00575138 /* BTErrors.swift */ = {isa = PBXFileReference; fileEncoding = 4; lastKnownFileType = sourcecode.swift; path = BTErrors.swift; sourceTree = "<group>"; };
		A60325BB1D23D99E00575138 /* BTPeripheralOperation.swift */ = {isa = PBXFileReference; fileEncoding = 4; lastKnownFileType = sourcecode.swift; path = BTPeripheralOperation.swift; sourceTree = "<group>"; };
		A60325BD1D23D99E00575138 /* BTPeripheralConnectedCondition.swift */ = {isa = PBXFileReference; fileEncoding = 4; lastKnownFileType = sourcecode.swift; path = BTPeripheralConnectedCondition.swift; sourceTree = "<group>"; };
		A60325BF1D23D99E00575138 /* BTPeripheralCharacteristicDiscoveryOperation.swift */ = {isa = PBXFileReference; fileEncoding = 4; lastKnownFileType = sourcecode.swift; path = BTPeripheralCharacteristicDiscoveryOperation.swift; sourceTree = "<group>"; };
		A60325C01D23D99E00575138 /* BTPeripheralReadValueOperation.swift */ = {isa = PBXFileReference; fileEncoding = 4; lastKnownFileType = sourcecode.swift; path = BTPeripheralReadValueOperation.swift; sourceTree = "<group>"; };
		A60325C11D23D99E00575138 /* BTPeripheralSetNotifyValueOperation.swift */ = {isa = PBXFileReference; fileEncoding = 4; lastKnownFileType = sourcecode.swift; path = BTPeripheralSetNotifyValueOperation.swift; sourceTree = "<group>"; };
		A60325C21D23D99E00575138 /* BTPeripheralWriteValueOperation.swift */ = {isa = PBXFileReference; fileEncoding = 4; lastKnownFileType = sourcecode.swift; path = BTPeripheralWriteValueOperation.swift; sourceTree = "<group>"; };
		A60325C41D23D99E00575138 /* BTPeripheralManagerOperation.swift */ = {isa = PBXFileReference; fileEncoding = 4; lastKnownFileType = sourcecode.swift; path = BTPeripheralManagerOperation.swift; sourceTree = "<group>"; };
		A60325C61D23D99E00575138 /* BTPeripheralManagerPoweredOnCondition.swift */ = {isa = PBXFileReference; fileEncoding = 4; lastKnownFileType = sourcecode.swift; path = BTPeripheralManagerPoweredOnCondition.swift; sourceTree = "<group>"; };
		A60325C71D23D99E00575138 /* BTPeripheralNotAdvertisingCondition.swift */ = {isa = PBXFileReference; fileEncoding = 4; lastKnownFileType = sourcecode.swift; path = BTPeripheralNotAdvertisingCondition.swift; sourceTree = "<group>"; };
		A60325C81D23D99E00575138 /* BTServiceNotAddedCondition.swift */ = {isa = PBXFileReference; fileEncoding = 4; lastKnownFileType = sourcecode.swift; path = BTServiceNotAddedCondition.swift; sourceTree = "<group>"; };
		A60325CA1D23D99E00575138 /* BTAddServicesOperation.swift */ = {isa = PBXFileReference; fileEncoding = 4; lastKnownFileType = sourcecode.swift; path = BTAddServicesOperation.swift; sourceTree = "<group>"; };
		A60325CB1D23D99E00575138 /* BTStartAdvertisingOperation.swift */ = {isa = PBXFileReference; fileEncoding = 4; lastKnownFileType = sourcecode.swift; path = BTStartAdvertisingOperation.swift; sourceTree = "<group>"; };
		A60325CE1D23D99E00575138 /* BTCentralRolePerformer.swift */ = {isa = PBXFileReference; fileEncoding = 4; lastKnownFileType = sourcecode.swift; path = BTCentralRolePerformer.swift; sourceTree = "<group>"; };
		A60325D01D23D99E00575138 /* BTPeripheralRolePerformer.swift */ = {isa = PBXFileReference; fileEncoding = 4; lastKnownFileType = sourcecode.swift; path = BTPeripheralRolePerformer.swift; sourceTree = "<group>"; };
		A60325D31D23D99E00575138 /* BTPeripheralConnectSignalProvider.swift */ = {isa = PBXFileReference; fileEncoding = 4; lastKnownFileType = sourcecode.swift; path = BTPeripheralConnectSignalProvider.swift; sourceTree = "<group>"; };
		A60325D41D23D99E00575138 /* BTPeripheralDataProvider.swift */ = {isa = PBXFileReference; fileEncoding = 4; lastKnownFileType = sourcecode.swift; path = BTPeripheralDataProvider.swift; sourceTree = "<group>"; };
		A60325D51D23D99E00575138 /* BTPeripheralDisconnectSignalProvider.swift */ = {isa = PBXFileReference; fileEncoding = 4; lastKnownFileType = sourcecode.swift; path = BTPeripheralDisconnectSignalProvider.swift; sourceTree = "<group>"; };
		A60325D71D23D99E00575138 /* BTCentralRolePerforming.swift */ = {isa = PBXFileReference; fileEncoding = 4; lastKnownFileType = sourcecode.swift; path = BTCentralRolePerforming.swift; sourceTree = "<group>"; };
		A60325D81D23D99E00575138 /* BTPeripheralProviding.swift */ = {isa = PBXFileReference; fileEncoding = 4; lastKnownFileType = sourcecode.swift; path = BTPeripheralProviding.swift; sourceTree = "<group>"; };
		A60325D91D23D99E00575138 /* BTPeripheralUpdating.swift */ = {isa = PBXFileReference; fileEncoding = 4; lastKnownFileType = sourcecode.swift; path = BTPeripheralUpdating.swift; sourceTree = "<group>"; };
		A60325DC1D23D99E00575138 /* BTHandlerContainerProtocol.swift */ = {isa = PBXFileReference; fileEncoding = 4; lastKnownFileType = sourcecode.swift; path = BTHandlerContainerProtocol.swift; sourceTree = "<group>"; };
		A60325DD1D23D99E00575138 /* BTHandlersContainer.swift */ = {isa = PBXFileReference; fileEncoding = 4; lastKnownFileType = sourcecode.swift; path = BTHandlersContainer.swift; sourceTree = "<group>"; };
		A60325E01D23D99E00575138 /* BTCentralManagerAPIType.swift */ = {isa = PBXFileReference; fileEncoding = 4; lastKnownFileType = sourcecode.swift; path = BTCentralManagerAPIType.swift; sourceTree = "<group>"; };
		A60325E21D23D99E00575138 /* BTCentralManagerAPIProtocol.swift */ = {isa = PBXFileReference; fileEncoding = 4; lastKnownFileType = sourcecode.swift; path = BTCentralManagerAPIProtocol.swift; sourceTree = "<group>"; };
		A60325E31D23D99E00575138 /* BTCentralManagerAPIWithHadlerProtocol.swift */ = {isa = PBXFileReference; fileEncoding = 4; lastKnownFileType = sourcecode.swift; path = BTCentralManagerAPIWithHadlerProtocol.swift; sourceTree = "<group>"; };
		A60325E41D23D99E00575138 /* BTCentralManagerInitializibleProtocol.swift */ = {isa = PBXFileReference; fileEncoding = 4; lastKnownFileType = sourcecode.swift; path = BTCentralManagerInitializibleProtocol.swift; sourceTree = "<group>"; };
		A60325E61D23D99E00575138 /* BTCentralManagerProxy.swift */ = {isa = PBXFileReference; fileEncoding = 4; lastKnownFileType = sourcecode.swift; path = BTCentralManagerProxy.swift; sourceTree = "<group>"; };
		A60325E81D23D99E00575138 /* BTPeripheralAPIType.swift */ = {isa = PBXFileReference; fileEncoding = 4; lastKnownFileType = sourcecode.swift; path = BTPeripheralAPIType.swift; sourceTree = "<group>"; };
		A60325EA1D23D99E00575138 /* BTPeripheralAPIProtocol.swift */ = {isa = PBXFileReference; fileEncoding = 4; lastKnownFileType = sourcecode.swift; path = BTPeripheralAPIProtocol.swift; sourceTree = "<group>"; };
		A60325EB1D23D99E00575138 /* BTPeripheralAPIWithHandlerProtocol.swift */ = {isa = PBXFileReference; fileEncoding = 4; lastKnownFileType = sourcecode.swift; path = BTPeripheralAPIWithHandlerProtocol.swift; sourceTree = "<group>"; };
		A60325EC1D23D99E00575138 /* PeriphralFullAPIProtocol.swift */ = {isa = PBXFileReference; fileEncoding = 4; lastKnownFileType = sourcecode.swift; path = PeriphralFullAPIProtocol.swift; sourceTree = "<group>"; };
		A60325EE1D23D99E00575138 /* BTPeripheralProxy.swift */ = {isa = PBXFileReference; fileEncoding = 4; lastKnownFileType = sourcecode.swift; path = BTPeripheralProxy.swift; sourceTree = "<group>"; };
		A60325F01D23D99E00575138 /* BTPeripheralManagerAPIType.swift */ = {isa = PBXFileReference; fileEncoding = 4; lastKnownFileType = sourcecode.swift; path = BTPeripheralManagerAPIType.swift; sourceTree = "<group>"; };
		A60325F21D23D99E00575138 /* BTPeripheralManagerAPIProtocol.swift */ = {isa = PBXFileReference; fileEncoding = 4; lastKnownFileType = sourcecode.swift; path = BTPeripheralManagerAPIProtocol.swift; sourceTree = "<group>"; };
		A60325F31D23D99E00575138 /* BTPeripheralManagerAPIWithHandlerProtocol.swift */ = {isa = PBXFileReference; fileEncoding = 4; lastKnownFileType = sourcecode.swift; path = BTPeripheralManagerAPIWithHandlerProtocol.swift; sourceTree = "<group>"; };
		A60325F41D23D99E00575138 /* BTPeripheralManagerInitializableProtocol.swift */ = {isa = PBXFileReference; fileEncoding = 4; lastKnownFileType = sourcecode.swift; path = BTPeripheralManagerInitializableProtocol.swift; sourceTree = "<group>"; };
		A60325F61D23D99E00575138 /* BTPeripheralManagerProxy.swift */ = {isa = PBXFileReference; fileEncoding = 4; lastKnownFileType = sourcecode.swift; path = BTPeripheralManagerProxy.swift; sourceTree = "<group>"; };
		A60F0D351C9C617E0025E3E2 /* BLE-Peripheral.app */ = {isa = PBXFileReference; explicitFileType = wrapper.application; includeInIndex = 0; path = "BLE-Peripheral.app"; sourceTree = BUILT_PRODUCTS_DIR; };
		A60F0D391C9C617E0025E3E2 /* Assets.xcassets */ = {isa = PBXFileReference; lastKnownFileType = folder.assetcatalog; path = Assets.xcassets; sourceTree = "<group>"; };
		A60F0D3B1C9C617E0025E3E2 /* AppDelegate.swift */ = {isa = PBXFileReference; lastKnownFileType = sourcecode.swift; path = AppDelegate.swift; sourceTree = "<group>"; };
		A60F0D3F1C9C617E0025E3E2 /* BLE-Peripheral-Bridging-Header.h */ = {isa = PBXFileReference; lastKnownFileType = sourcecode.c.h; path = "BLE-Peripheral-Bridging-Header.h"; sourceTree = "<group>"; };
		A60F0D411C9C617E0025E3E2 /* CustomLogFormatter.swift */ = {isa = PBXFileReference; lastKnownFileType = sourcecode.swift; path = CustomLogFormatter.swift; sourceTree = "<group>"; };
		A60F0D431C9C617E0025E3E2 /* Config.swift */ = {isa = PBXFileReference; lastKnownFileType = sourcecode.swift; path = Config.swift; sourceTree = "<group>"; };
		A60F0D591C9C617E0025E3E2 /* Base */ = {isa = PBXFileReference; lastKnownFileType = file.storyboard; name = Base; path = Base.lproj/LaunchScreen.storyboard; sourceTree = "<group>"; };
		A60F0D5B1C9C617E0025E3E2 /* Info.plist */ = {isa = PBXFileReference; lastKnownFileType = text.plist.xml; path = Info.plist; sourceTree = "<group>"; };
		A60F0D601C9C617E0025E3E2 /* BLE-PeripheralTests.xctest */ = {isa = PBXFileReference; explicitFileType = wrapper.cfbundle; includeInIndex = 0; path = "BLE-PeripheralTests.xctest"; sourceTree = BUILT_PRODUCTS_DIR; };
		A60F0D661C9C617F0025E3E2 /* Info.plist */ = {isa = PBXFileReference; lastKnownFileType = text.plist.xml; path = Info.plist; sourceTree = "<group>"; };
		A62481331D22A2430079AEB8 /* OperarionQueue+Generation.swift */ = {isa = PBXFileReference; fileEncoding = 4; lastKnownFileType = sourcecode.swift; path = "OperarionQueue+Generation.swift"; sourceTree = "<group>"; };
		A62481371D22A2430079AEB8 /* Log.swift */ = {isa = PBXFileReference; fileEncoding = 4; lastKnownFileType = sourcecode.swift; path = Log.swift; sourceTree = "<group>"; };
		A62481391D22A2430079AEB8 /* OperationQueueAPI.swift */ = {isa = PBXFileReference; fileEncoding = 4; lastKnownFileType = sourcecode.swift; path = OperationQueueAPI.swift; sourceTree = "<group>"; };
		A62481851D22A3450079AEB8 /* Config+Logging.swift */ = {isa = PBXFileReference; fileEncoding = 4; lastKnownFileType = sourcecode.swift; path = "Config+Logging.swift"; sourceTree = "<group>"; };
		A63302931CB3C6C60037DA4C /* BLE-PeripheralTests-Bridging-Header.h */ = {isa = PBXFileReference; lastKnownFileType = sourcecode.c.h; path = "BLE-PeripheralTests-Bridging-Header.h"; sourceTree = "<group>"; };
		A634E61A1CA062AB00994A10 /* CoreBluetooth.framework */ = {isa = PBXFileReference; lastKnownFileType = wrapper.framework; name = CoreBluetooth.framework; path = System/Library/Frameworks/CoreBluetooth.framework; sourceTree = SDKROOT; };
		A6913EBC1CA0319400316658 /* PeripheralViewController.swift */ = {isa = PBXFileReference; fileEncoding = 4; lastKnownFileType = sourcecode.swift; path = PeripheralViewController.swift; sourceTree = "<group>"; };
		A6913EBD1CA0319400316658 /* PeripheralViewController.xib */ = {isa = PBXFileReference; fileEncoding = 4; lastKnownFileType = file.xib; path = PeripheralViewController.xib; sourceTree = "<group>"; };
		B6BBA2B2011C9354FAF62089 /* Pods-BLE-Peripheral.release.xcconfig */ = {isa = PBXFileReference; includeInIndex = 1; lastKnownFileType = text.xcconfig; name = "Pods-BLE-Peripheral.release.xcconfig"; path = "../Pods/Target Support Files/Pods-BLE-Peripheral/Pods-BLE-Peripheral.release.xcconfig"; sourceTree = "<group>"; };
		CE928A25A997D990509B5CEB /* Pods_BLE_PeripheralTests.framework */ = {isa = PBXFileReference; explicitFileType = wrapper.framework; includeInIndex = 0; path = Pods_BLE_PeripheralTests.framework; sourceTree = BUILT_PRODUCTS_DIR; };
		EE7D2020CC4416E83F1508AB /* Pods_BLE_Peripheral.framework */ = {isa = PBXFileReference; explicitFileType = wrapper.framework; includeInIndex = 0; path = Pods_BLE_Peripheral.framework; sourceTree = BUILT_PRODUCTS_DIR; };
		F64767FA37CEB82970A330D8 /* Pods-BLE-PeripheralTests.debug.xcconfig */ = {isa = PBXFileReference; includeInIndex = 1; lastKnownFileType = text.xcconfig; name = "Pods-BLE-PeripheralTests.debug.xcconfig"; path = "../Pods/Target Support Files/Pods-BLE-PeripheralTests/Pods-BLE-PeripheralTests.debug.xcconfig"; sourceTree = "<group>"; };
/* End PBXFileReference section */

/* Begin PBXFrameworksBuildPhase section */
		A60F0D321C9C617E0025E3E2 /* Frameworks */ = {
			isa = PBXFrameworksBuildPhase;
			buildActionMask = 2147483647;
			files = (
				A634E61B1CA062AB00994A10 /* CoreBluetooth.framework in Frameworks */,
				CC7887120CF479825D00F2E4 /* Pods_BLE_Peripheral.framework in Frameworks */,
			);
			runOnlyForDeploymentPostprocessing = 0;
		};
		A60F0D5D1C9C617E0025E3E2 /* Frameworks */ = {
			isa = PBXFrameworksBuildPhase;
			buildActionMask = 2147483647;
			files = (
				BAB184674DC6C5EB1B2520B7 /* Pods_BLE_PeripheralTests.framework in Frameworks */,
			);
			runOnlyForDeploymentPostprocessing = 0;
		};
/* End PBXFrameworksBuildPhase section */

/* Begin PBXGroup section */
		48E14C590EDD7B7DBC885467 /* Pods */ = {
			isa = PBXGroup;
			children = (
				162E591DF0DE7D8F562606AC /* Pods-BLE-Peripheral.debug.xcconfig */,
				B6BBA2B2011C9354FAF62089 /* Pods-BLE-Peripheral.release.xcconfig */,
				F64767FA37CEB82970A330D8 /* Pods-BLE-PeripheralTests.debug.xcconfig */,
				7CC69ADB8E65DC41B0235676 /* Pods-BLE-PeripheralTests.release.xcconfig */,
			);
			name = Pods;
			sourceTree = "<group>";
		};
		A60325921D23D99E00575138 /* Bluetooth */ = {
			isa = PBXGroup;
			children = (
				A60325931D23D99E00575138 /* Classes */,
				A60325971D23D99E00575138 /* Extensions */,
				A603259B1D23D99E00575138 /* Handlers */,
				A60325AC1D23D99E00575138 /* Operations&Conditions */,
				A60325CC1D23D99E00575138 /* Roles */,
				A60325D11D23D99E00575138 /* Signals */,
				A60325DA1D23D99E00575138 /* Utilities */,
				A60325DE1D23D99E00575138 /* Wrappers */,
			);
			path = Bluetooth;
			sourceTree = "<group>";
		};
		A60325931D23D99E00575138 /* Classes */ = {
			isa = PBXGroup;
			children = (
				A60325941D23D99E00575138 /* BTCharacteristicDiscoveryCore.swift */,
				A60325951D23D99E00575138 /* BTPeripheral.swift */,
				A60325961D23D99E00575138 /* BTTypes.swift */,
			);
			path = Classes;
			sourceTree = "<group>";
		};
		A60325971D23D99E00575138 /* Extensions */ = {
			isa = PBXGroup;
			children = (
				A60325981D23D99E00575138 /* CBCentralManagerState+StringConvertible.swift */,
				A60325991D23D99E00575138 /* CBPeripheralManagerState+StringConvertible.swift */,
				A603259A1D23D99E00575138 /* CBPeripheralState+StringConvertible.swift */,
			);
			path = Extensions;
			sourceTree = "<group>";
		};
		A603259B1D23D99E00575138 /* Handlers */ = {
			isa = PBXGroup;
			children = (
				A603259C1D23D99E00575138 /* BTCustomQueueHandler.swift */,
				A603259D1D23D99E00575138 /* CentralManager */,
				A60325A21D23D99E00575138 /* Peripheral */,
				A60325A71D23D99E00575138 /* PeripheralManager */,
			);
			path = Handlers;
			sourceTree = "<group>";
		};
		A603259D1D23D99E00575138 /* CentralManager */ = {
			isa = PBXGroup;
			children = (
				A603259E1D23D99E00575138 /* BTCentralManagerHandlerProtocol.swift */,
				A603259F1D23D99E00575138 /* ConcreteHandlers */,
			);
			path = CentralManager;
			sourceTree = "<group>";
		};
		A603259F1D23D99E00575138 /* ConcreteHandlers */ = {
			isa = PBXGroup;
			children = (
				A60325A01D23D99E00575138 /* BTCentalManagerBlockHandler.swift */,
				A60325A11D23D99E00575138 /* BTCentralManagerLoggingHandler.swift */,
			);
			path = ConcreteHandlers;
			sourceTree = "<group>";
		};
		A60325A21D23D99E00575138 /* Peripheral */ = {
			isa = PBXGroup;
			children = (
				A60325A31D23D99E00575138 /* BTPeripheralHandlerProtocol.swift */,
				A60325A41D23D99E00575138 /* ConcreteHandlers */,
			);
			path = Peripheral;
			sourceTree = "<group>";
		};
		A60325A41D23D99E00575138 /* ConcreteHandlers */ = {
			isa = PBXGroup;
			children = (
				A60325A51D23D99E00575138 /* BTPeripheralBlockHandler.swift */,
				A60325A61D23D99E00575138 /* BTPeripheralLoggingHandler.swift */,
			);
			path = ConcreteHandlers;
			sourceTree = "<group>";
		};
		A60325A71D23D99E00575138 /* PeripheralManager */ = {
			isa = PBXGroup;
			children = (
				A60325A81D23D99E00575138 /* BTPeripheralManagerHandlerProtocol.swift */,
				A60325A91D23D99E00575138 /* ConcreteHandlers */,
			);
			path = PeripheralManager;
			sourceTree = "<group>";
		};
		A60325A91D23D99E00575138 /* ConcreteHandlers */ = {
			isa = PBXGroup;
			children = (
				A60325AA1D23D99E00575138 /* BTPeripheralManagerBlockHandler.swift */,
				A60325AB1D23D99E00575138 /* BTPeripheralManagerLoggingHandler.swift */,
			);
			path = ConcreteHandlers;
			sourceTree = "<group>";
		};
		A60325AC1D23D99E00575138 /* Operations&Conditions */ = {
			isa = PBXGroup;
			children = (
				A60325AD1D23D99E00575138 /* BTBaseCondition.swift */,
				A60325AE1D23D99E00575138 /* BTOperation.swift */,
				A60325AF1D23D99E00575138 /* BTOperationResult.swift */,
				A60325B01D23D99E00575138 /* CentralManager */,
				A60325B81D23D99E00575138 /* Errors */,
				A60325BA1D23D99E00575138 /* Peripheral */,
				A60325C31D23D99E00575138 /* PeripheralManager */,
			);
			path = "Operations&Conditions";
			sourceTree = "<group>";
		};
		A60325B01D23D99E00575138 /* CentralManager */ = {
			isa = PBXGroup;
			children = (
				A60325B11D23D99E00575138 /* BTCentralManagerOperation.swift */,
				A60325B21D23D99E00575138 /* Conditions */,
				A60325B41D23D99E00575138 /* Operations */,
			);
			path = CentralManager;
			sourceTree = "<group>";
		};
		A60325B21D23D99E00575138 /* Conditions */ = {
			isa = PBXGroup;
			children = (
				A60325B31D23D99E00575138 /* BTCentralManagerPoweredOnCondition.swift */,
			);
			path = Conditions;
			sourceTree = "<group>";
		};
		A60325B41D23D99E00575138 /* Operations */ = {
			isa = PBXGroup;
			children = (
				A60325B51D23D99E00575138 /* BTCentralManagerConnectingOperation.swift */,
				A60325B61D23D99E00575138 /* BTCentralManagerDisconnectingOperation.swift */,
				A60325B71D23D99E00575138 /* BTCentralManagerScanningOperation.swift */,
			);
			path = Operations;
			sourceTree = "<group>";
		};
		A60325B81D23D99E00575138 /* Errors */ = {
			isa = PBXGroup;
			children = (
				A60325B91D23D99E00575138 /* BTErrors.swift */,
			);
			path = Errors;
			sourceTree = "<group>";
		};
		A60325BA1D23D99E00575138 /* Peripheral */ = {
			isa = PBXGroup;
			children = (
				A60325BB1D23D99E00575138 /* BTPeripheralOperation.swift */,
				A60325BC1D23D99E00575138 /* Conditions */,
				A60325BE1D23D99E00575138 /* Operations */,
			);
			path = Peripheral;
			sourceTree = "<group>";
		};
		A60325BC1D23D99E00575138 /* Conditions */ = {
			isa = PBXGroup;
			children = (
				A60325BD1D23D99E00575138 /* BTPeripheralConnectedCondition.swift */,
			);
			path = Conditions;
			sourceTree = "<group>";
		};
		A60325BE1D23D99E00575138 /* Operations */ = {
			isa = PBXGroup;
			children = (
				A60325BF1D23D99E00575138 /* BTPeripheralCharacteristicDiscoveryOperation.swift */,
				A60325C01D23D99E00575138 /* BTPeripheralReadValueOperation.swift */,
				A60325C11D23D99E00575138 /* BTPeripheralSetNotifyValueOperation.swift */,
				A60325C21D23D99E00575138 /* BTPeripheralWriteValueOperation.swift */,
			);
			path = Operations;
			sourceTree = "<group>";
		};
		A60325C31D23D99E00575138 /* PeripheralManager */ = {
			isa = PBXGroup;
			children = (
				A60325C41D23D99E00575138 /* BTPeripheralManagerOperation.swift */,
				A60325C51D23D99E00575138 /* Conditions */,
				A60325C91D23D99E00575138 /* Operations */,
			);
			path = PeripheralManager;
			sourceTree = "<group>";
		};
		A60325C51D23D99E00575138 /* Conditions */ = {
			isa = PBXGroup;
			children = (
				A60325C61D23D99E00575138 /* BTPeripheralManagerPoweredOnCondition.swift */,
				A60325C71D23D99E00575138 /* BTPeripheralNotAdvertisingCondition.swift */,
				A60325C81D23D99E00575138 /* BTServiceNotAddedCondition.swift */,
			);
			path = Conditions;
			sourceTree = "<group>";
		};
		A60325C91D23D99E00575138 /* Operations */ = {
			isa = PBXGroup;
			children = (
				A60325CA1D23D99E00575138 /* BTAddServicesOperation.swift */,
				A60325CB1D23D99E00575138 /* BTStartAdvertisingOperation.swift */,
			);
			path = Operations;
			sourceTree = "<group>";
		};
		A60325CC1D23D99E00575138 /* Roles */ = {
			isa = PBXGroup;
			children = (
				A60325CD1D23D99E00575138 /* Central */,
				A60325CF1D23D99E00575138 /* Peripheral */,
			);
			path = Roles;
			sourceTree = "<group>";
		};
		A60325CD1D23D99E00575138 /* Central */ = {
			isa = PBXGroup;
			children = (
				A60325CE1D23D99E00575138 /* BTCentralRolePerformer.swift */,
			);
			path = Central;
			sourceTree = "<group>";
		};
		A60325CF1D23D99E00575138 /* Peripheral */ = {
			isa = PBXGroup;
			children = (
				A60325D01D23D99E00575138 /* BTPeripheralRolePerformer.swift */,
			);
			path = Peripheral;
			sourceTree = "<group>";
		};
		A60325D11D23D99E00575138 /* Signals */ = {
			isa = PBXGroup;
			children = (
				A60325D21D23D99E00575138 /* Classes */,
				A60325D61D23D99E00575138 /* Protocols */,
			);
			path = Signals;
			sourceTree = "<group>";
		};
		A60325D21D23D99E00575138 /* Classes */ = {
			isa = PBXGroup;
			children = (
				A60325D31D23D99E00575138 /* BTPeripheralConnectSignalProvider.swift */,
				A60325D41D23D99E00575138 /* BTPeripheralDataProvider.swift */,
				A60325D51D23D99E00575138 /* BTPeripheralDisconnectSignalProvider.swift */,
			);
			path = Classes;
			sourceTree = "<group>";
		};
		A60325D61D23D99E00575138 /* Protocols */ = {
			isa = PBXGroup;
			children = (
				A60325D71D23D99E00575138 /* BTCentralRolePerforming.swift */,
				A60325D81D23D99E00575138 /* BTPeripheralProviding.swift */,
				A60325D91D23D99E00575138 /* BTPeripheralUpdating.swift */,
			);
			path = Protocols;
			sourceTree = "<group>";
		};
		A60325DA1D23D99E00575138 /* Utilities */ = {
			isa = PBXGroup;
			children = (
				A60325DB1D23D99E00575138 /* HandlerContainer */,
			);
			path = Utilities;
			sourceTree = "<group>";
		};
		A60325DB1D23D99E00575138 /* HandlerContainer */ = {
			isa = PBXGroup;
			children = (
				A60325DC1D23D99E00575138 /* BTHandlerContainerProtocol.swift */,
				A60325DD1D23D99E00575138 /* BTHandlersContainer.swift */,
			);
			path = HandlerContainer;
			sourceTree = "<group>";
		};
		A60325DE1D23D99E00575138 /* Wrappers */ = {
			isa = PBXGroup;
			children = (
				A60325DF1D23D99E00575138 /* CentralManager */,
				A60325E71D23D99E00575138 /* Peripheral */,
				A60325EF1D23D99E00575138 /* PeripheralManager */,
			);
			path = Wrappers;
			sourceTree = "<group>";
		};
		A60325DF1D23D99E00575138 /* CentralManager */ = {
			isa = PBXGroup;
			children = (
				A60325E01D23D99E00575138 /* BTCentralManagerAPIType.swift */,
				A60325E11D23D99E00575138 /* Protocols */,
				A60325E51D23D99E00575138 /* Proxy */,
			);
			path = CentralManager;
			sourceTree = "<group>";
		};
		A60325E11D23D99E00575138 /* Protocols */ = {
			isa = PBXGroup;
			children = (
				A60325E21D23D99E00575138 /* BTCentralManagerAPIProtocol.swift */,
				A60325E31D23D99E00575138 /* BTCentralManagerAPIWithHadlerProtocol.swift */,
				A60325E41D23D99E00575138 /* BTCentralManagerInitializibleProtocol.swift */,
			);
			path = Protocols;
			sourceTree = "<group>";
		};
		A60325E51D23D99E00575138 /* Proxy */ = {
			isa = PBXGroup;
			children = (
				A60325E61D23D99E00575138 /* BTCentralManagerProxy.swift */,
			);
			path = Proxy;
			sourceTree = "<group>";
		};
		A60325E71D23D99E00575138 /* Peripheral */ = {
			isa = PBXGroup;
			children = (
				A60325E81D23D99E00575138 /* BTPeripheralAPIType.swift */,
				A60325E91D23D99E00575138 /* Protocols */,
				A60325ED1D23D99E00575138 /* Proxy */,
			);
			path = Peripheral;
			sourceTree = "<group>";
		};
		A60325E91D23D99E00575138 /* Protocols */ = {
			isa = PBXGroup;
			children = (
				A60325EA1D23D99E00575138 /* BTPeripheralAPIProtocol.swift */,
				A60325EB1D23D99E00575138 /* BTPeripheralAPIWithHandlerProtocol.swift */,
				A60325EC1D23D99E00575138 /* PeriphralFullAPIProtocol.swift */,
			);
			path = Protocols;
			sourceTree = "<group>";
		};
		A60325ED1D23D99E00575138 /* Proxy */ = {
			isa = PBXGroup;
			children = (
				A60325EE1D23D99E00575138 /* BTPeripheralProxy.swift */,
			);
			path = Proxy;
			sourceTree = "<group>";
		};
		A60325EF1D23D99E00575138 /* PeripheralManager */ = {
			isa = PBXGroup;
			children = (
				A60325F01D23D99E00575138 /* BTPeripheralManagerAPIType.swift */,
				A60325F11D23D99E00575138 /* Protocols */,
				A60325F51D23D99E00575138 /* Proxy */,
			);
			path = PeripheralManager;
			sourceTree = "<group>";
		};
		A60325F11D23D99E00575138 /* Protocols */ = {
			isa = PBXGroup;
			children = (
				A60325F21D23D99E00575138 /* BTPeripheralManagerAPIProtocol.swift */,
				A60325F31D23D99E00575138 /* BTPeripheralManagerAPIWithHandlerProtocol.swift */,
				A60325F41D23D99E00575138 /* BTPeripheralManagerInitializableProtocol.swift */,
			);
			path = Protocols;
			sourceTree = "<group>";
		};
		A60325F51D23D99E00575138 /* Proxy */ = {
			isa = PBXGroup;
			children = (
				A60325F61D23D99E00575138 /* BTPeripheralManagerProxy.swift */,
			);
			path = Proxy;
			sourceTree = "<group>";
		};
		A60F0D2C1C9C617E0025E3E2 = {
			isa = PBXGroup;
			children = (
				A60F0D371C9C617E0025E3E2 /* BLE-Peripheral */,
				A60F0D631C9C617E0025E3E2 /* BLE-PeripheralTests */,
				A60F0D361C9C617E0025E3E2 /* Products */,
				48E14C590EDD7B7DBC885467 /* Pods */,
				C78E0ECD3290FE3575CDA99C /* Frameworks */,
				A62480C11D22A2430079AEB8 /* Shared */,
			);
			sourceTree = "<group>";
		};
		A60F0D361C9C617E0025E3E2 /* Products */ = {
			isa = PBXGroup;
			children = (
				A60F0D351C9C617E0025E3E2 /* BLE-Peripheral.app */,
				A60F0D601C9C617E0025E3E2 /* BLE-PeripheralTests.xctest */,
			);
			name = Products;
			sourceTree = "<group>";
		};
		A60F0D371C9C617E0025E3E2 /* BLE-Peripheral */ = {
			isa = PBXGroup;
			children = (
				A60F0D3B1C9C617E0025E3E2 /* AppDelegate.swift */,
				A60F0D431C9C617E0025E3E2 /* Config.swift */,
				A62481851D22A3450079AEB8 /* Config+Logging.swift */,
				A60F0D381C9C617E0025E3E2 /* Resources */,
				A60F0D401C9C617E0025E3E2 /* Classes */,
				A60F0D491C9C617E0025E3E2 /* Controllers */,
				A60F0D551C9C617E0025E3E2 /* Views */,
				A60F0D4F1C9C617E0025E3E2 /* Utilities */,
				A60F0D521C9C617E0025E3E2 /* Extensions */,
				A60F0D3D1C9C617E0025E3E2 /* Supporting Files */,
			);
			path = "BLE-Peripheral";
			sourceTree = "<group>";
		};
		A60F0D381C9C617E0025E3E2 /* Resources */ = {
			isa = PBXGroup;
			children = (
				A60F0D581C9C617E0025E3E2 /* LaunchScreen.storyboard */,
				A60F0D391C9C617E0025E3E2 /* Assets.xcassets */,
			);
			name = Resources;
			sourceTree = "<group>";
		};
		A60F0D3D1C9C617E0025E3E2 /* Supporting Files */ = {
			isa = PBXGroup;
			children = (
				A60F0D5B1C9C617E0025E3E2 /* Info.plist */,
				A60F0D3F1C9C617E0025E3E2 /* BLE-Peripheral-Bridging-Header.h */,
			);
			name = "Supporting Files";
			sourceTree = "<group>";
		};
		A60F0D401C9C617E0025E3E2 /* Classes */ = {
			isa = PBXGroup;
			children = (
			);
			name = Classes;
			sourceTree = "<group>";
		};
		A60F0D491C9C617E0025E3E2 /* Controllers */ = {
			isa = PBXGroup;
			children = (
				A6913EC01CA0319700316658 /* PeripheralViewController */,
			);
			name = Controllers;
			sourceTree = "<group>";
		};
		A60F0D4F1C9C617E0025E3E2 /* Utilities */ = {
			isa = PBXGroup;
			children = (
				A60F0D701C9C625D0025E3E2 /* CustomLogFormatter */,
			);
			name = Utilities;
			sourceTree = "<group>";
		};
		A60F0D521C9C617E0025E3E2 /* Extensions */ = {
			isa = PBXGroup;
			children = (
			);
			name = Extensions;
			sourceTree = "<group>";
		};
		A60F0D551C9C617E0025E3E2 /* Views */ = {
			isa = PBXGroup;
			children = (
			);
			name = Views;
			sourceTree = "<group>";
		};
		A60F0D631C9C617E0025E3E2 /* BLE-PeripheralTests */ = {
			isa = PBXGroup;
			children = (
				A63302961CB3C6E30037DA4C /* Supporting Files */,
			);
			path = "BLE-PeripheralTests";
			sourceTree = "<group>";
		};
		A60F0D701C9C625D0025E3E2 /* CustomLogFormatter */ = {
			isa = PBXGroup;
			children = (
				A60F0D411C9C617E0025E3E2 /* CustomLogFormatter.swift */,
			);
			name = CustomLogFormatter;
			sourceTree = "<group>";
		};
		A62480C11D22A2430079AEB8 /* Shared */ = {
			isa = PBXGroup;
			children = (
				A60325921D23D99E00575138 /* Bluetooth */,
				A62481311D22A2430079AEB8 /* Extensions */,
				A62481341D22A2430079AEB8 /* Utilities */,
			);
			name = Shared;
			path = ../Shared;
			sourceTree = "<group>";
		};
		A62481311D22A2430079AEB8 /* Extensions */ = {
			isa = PBXGroup;
			children = (
				A62481321D22A2430079AEB8 /* OperarionQueue+Generation */,
			);
			path = Extensions;
			sourceTree = "<group>";
		};
		A62481321D22A2430079AEB8 /* OperarionQueue+Generation */ = {
			isa = PBXGroup;
			children = (
				A62481331D22A2430079AEB8 /* OperarionQueue+Generation.swift */,
			);
			path = "OperarionQueue+Generation";
			sourceTree = "<group>";
		};
		A62481341D22A2430079AEB8 /* Utilities */ = {
			isa = PBXGroup;
			children = (
				A62481351D22A2430079AEB8 /* Logging */,
				A62481381D22A2430079AEB8 /* OperationQueueAPI */,
			);
			path = Utilities;
			sourceTree = "<group>";
		};
		A62481351D22A2430079AEB8 /* Logging */ = {
			isa = PBXGroup;
			children = (
				A62481371D22A2430079AEB8 /* Log.swift */,
			);
			path = Logging;
			sourceTree = "<group>";
		};
		A62481381D22A2430079AEB8 /* OperationQueueAPI */ = {
			isa = PBXGroup;
			children = (
				A62481391D22A2430079AEB8 /* OperationQueueAPI.swift */,
			);
			path = OperationQueueAPI;
			sourceTree = "<group>";
		};
		A63302961CB3C6E30037DA4C /* Supporting Files */ = {
			isa = PBXGroup;
			children = (
				A63302931CB3C6C60037DA4C /* BLE-PeripheralTests-Bridging-Header.h */,
				A60F0D661C9C617F0025E3E2 /* Info.plist */,
			);
			name = "Supporting Files";
			sourceTree = "<group>";
		};
		A6913EC01CA0319700316658 /* PeripheralViewController */ = {
			isa = PBXGroup;
			children = (
				A6913EBC1CA0319400316658 /* PeripheralViewController.swift */,
				A6913EBD1CA0319400316658 /* PeripheralViewController.xib */,
			);
			name = PeripheralViewController;
			sourceTree = "<group>";
		};
		C78E0ECD3290FE3575CDA99C /* Frameworks */ = {
			isa = PBXGroup;
			children = (
				A634E61A1CA062AB00994A10 /* CoreBluetooth.framework */,
				EE7D2020CC4416E83F1508AB /* Pods_BLE_Peripheral.framework */,
				CE928A25A997D990509B5CEB /* Pods_BLE_PeripheralTests.framework */,
			);
			name = Frameworks;
			sourceTree = "<group>";
		};
/* End PBXGroup section */

/* Begin PBXNativeTarget section */
		A60F0D341C9C617E0025E3E2 /* BLE-Peripheral */ = {
			isa = PBXNativeTarget;
			buildConfigurationList = A60F0D691C9C617F0025E3E2 /* Build configuration list for PBXNativeTarget "BLE-Peripheral" */;
			buildPhases = (
				F17CA485FB570B2D561B9273 /* 📦 Check Pods Manifest.lock */,
				A60F0D311C9C617E0025E3E2 /* Sources */,
				A60F0D321C9C617E0025E3E2 /* Frameworks */,
				A60F0D331C9C617E0025E3E2 /* Resources */,
				58F296D75CDE5413EEE2B6CC /* 📦 Embed Pods Frameworks */,
				AAF95C5859CB03BC85A00C0C /* 📦 Copy Pods Resources */,
				A62DCCB61CC2DF1F00BB624B /* ShellScript */,
			);
			buildRules = (
			);
			dependencies = (
			);
			name = "BLE-Peripheral";
			productName = "BLE-Peripheral";
			productReference = A60F0D351C9C617E0025E3E2 /* BLE-Peripheral.app */;
			productType = "com.apple.product-type.application";
		};
		A60F0D5F1C9C617E0025E3E2 /* BLE-PeripheralTests */ = {
			isa = PBXNativeTarget;
			buildConfigurationList = A60F0D6C1C9C617F0025E3E2 /* Build configuration list for PBXNativeTarget "BLE-PeripheralTests" */;
			buildPhases = (
				1BA757302202B629AA37CF01 /* 📦 Check Pods Manifest.lock */,
				A60F0D5C1C9C617E0025E3E2 /* Sources */,
				A60F0D5D1C9C617E0025E3E2 /* Frameworks */,
				A60F0D5E1C9C617E0025E3E2 /* Resources */,
				6094A5B4963780545B5D9B63 /* 📦 Embed Pods Frameworks */,
				EBC26D458CDBD10FDAC35859 /* 📦 Copy Pods Resources */,
			);
			buildRules = (
			);
			dependencies = (
				A60F0D621C9C617E0025E3E2 /* PBXTargetDependency */,
			);
			name = "BLE-PeripheralTests";
			productName = "BLE-PeripheralTests";
			productReference = A60F0D601C9C617E0025E3E2 /* BLE-PeripheralTests.xctest */;
			productType = "com.apple.product-type.bundle.unit-test";
		};
/* End PBXNativeTarget section */

/* Begin PBXProject section */
		A60F0D2D1C9C617E0025E3E2 /* Project object */ = {
			isa = PBXProject;
			attributes = {
				LastSwiftUpdateCheck = 0730;
				LastUpgradeCheck = 0720;
				ORGANIZATIONNAME = d503;
				TargetAttributes = {
					A60F0D341C9C617E0025E3E2 = {
						CreatedOnToolsVersion = 7.2.1;
					};
					A60F0D5F1C9C617E0025E3E2 = {
						CreatedOnToolsVersion = 7.2.1;
						TestTargetID = A60F0D341C9C617E0025E3E2;
					};
				};
			};
			buildConfigurationList = A60F0D301C9C617E0025E3E2 /* Build configuration list for PBXProject "BLE-Peripheral" */;
			compatibilityVersion = "Xcode 3.2";
			developmentRegion = English;
			hasScannedForEncodings = 0;
			knownRegions = (
				en,
				Base,
			);
			mainGroup = A60F0D2C1C9C617E0025E3E2;
			productRefGroup = A60F0D361C9C617E0025E3E2 /* Products */;
			projectDirPath = "";
			projectRoot = "";
			targets = (
				A60F0D341C9C617E0025E3E2 /* BLE-Peripheral */,
				A60F0D5F1C9C617E0025E3E2 /* BLE-PeripheralTests */,
			);
		};
/* End PBXProject section */

/* Begin PBXResourcesBuildPhase section */
		A60F0D331C9C617E0025E3E2 /* Resources */ = {
			isa = PBXResourcesBuildPhase;
			buildActionMask = 2147483647;
			files = (
				A60F0D5A1C9C617E0025E3E2 /* LaunchScreen.storyboard in Resources */,
				A60F0D3A1C9C617E0025E3E2 /* Assets.xcassets in Resources */,
				A6913EBF1CA0319400316658 /* PeripheralViewController.xib in Resources */,
			);
			runOnlyForDeploymentPostprocessing = 0;
		};
		A60F0D5E1C9C617E0025E3E2 /* Resources */ = {
			isa = PBXResourcesBuildPhase;
			buildActionMask = 2147483647;
			files = (
			);
			runOnlyForDeploymentPostprocessing = 0;
		};
/* End PBXResourcesBuildPhase section */

/* Begin PBXShellScriptBuildPhase section */
		1BA757302202B629AA37CF01 /* 📦 Check Pods Manifest.lock */ = {
			isa = PBXShellScriptBuildPhase;
			buildActionMask = 2147483647;
			files = (
			);
			inputPaths = (
			);
			name = "📦 Check Pods Manifest.lock";
			outputPaths = (
			);
			runOnlyForDeploymentPostprocessing = 0;
			shellPath = /bin/sh;
			shellScript = "diff \"${PODS_ROOT}/../Podfile.lock\" \"${PODS_ROOT}/Manifest.lock\" > /dev/null\nif [[ $? != 0 ]] ; then\n    cat << EOM\nerror: The sandbox is not in sync with the Podfile.lock. Run 'pod install' or update your CocoaPods installation.\nEOM\n    exit 1\nfi\n";
			showEnvVarsInLog = 0;
		};
		58F296D75CDE5413EEE2B6CC /* 📦 Embed Pods Frameworks */ = {
			isa = PBXShellScriptBuildPhase;
			buildActionMask = 2147483647;
			files = (
			);
			inputPaths = (
			);
			name = "📦 Embed Pods Frameworks";
			outputPaths = (
			);
			runOnlyForDeploymentPostprocessing = 0;
			shellPath = /bin/sh;
			shellScript = "\"${SRCROOT}/../Pods/Target Support Files/Pods-BLE-Peripheral/Pods-BLE-Peripheral-frameworks.sh\"\n";
			showEnvVarsInLog = 0;
		};
		6094A5B4963780545B5D9B63 /* 📦 Embed Pods Frameworks */ = {
			isa = PBXShellScriptBuildPhase;
			buildActionMask = 2147483647;
			files = (
			);
			inputPaths = (
			);
			name = "📦 Embed Pods Frameworks";
			outputPaths = (
			);
			runOnlyForDeploymentPostprocessing = 0;
			shellPath = /bin/sh;
			shellScript = "\"${SRCROOT}/../Pods/Target Support Files/Pods-BLE-PeripheralTests/Pods-BLE-PeripheralTests-frameworks.sh\"\n";
			showEnvVarsInLog = 0;
		};
		A62DCCB61CC2DF1F00BB624B /* ShellScript */ = {
			isa = PBXShellScriptBuildPhase;
			buildActionMask = 2147483647;
			files = (
			);
			inputPaths = (
			);
			outputPaths = (
			);
			runOnlyForDeploymentPostprocessing = 0;
			shellPath = /bin/sh;
			shellScript = "TAGS=\"TODO:|FIXME:\"\necho \"searching ${SRCROOT} for ${TAGS}\"\nfind \"${SRCROOT}\"/../ \\( -name \"*.swift\" \\) -print0 | xargs -0 egrep --with-filename --line-number --only-matching \"($TAGS).*\\$\" | perl -p -e \"s/($TAGS)/ warning: \\$1/\"";
		};
		AAF95C5859CB03BC85A00C0C /* 📦 Copy Pods Resources */ = {
			isa = PBXShellScriptBuildPhase;
			buildActionMask = 2147483647;
			files = (
			);
			inputPaths = (
			);
			name = "📦 Copy Pods Resources";
			outputPaths = (
			);
			runOnlyForDeploymentPostprocessing = 0;
			shellPath = /bin/sh;
			shellScript = "\"${SRCROOT}/../Pods/Target Support Files/Pods-BLE-Peripheral/Pods-BLE-Peripheral-resources.sh\"\n";
			showEnvVarsInLog = 0;
		};
		EBC26D458CDBD10FDAC35859 /* 📦 Copy Pods Resources */ = {
			isa = PBXShellScriptBuildPhase;
			buildActionMask = 2147483647;
			files = (
			);
			inputPaths = (
			);
			name = "📦 Copy Pods Resources";
			outputPaths = (
			);
			runOnlyForDeploymentPostprocessing = 0;
			shellPath = /bin/sh;
			shellScript = "\"${SRCROOT}/../Pods/Target Support Files/Pods-BLE-PeripheralTests/Pods-BLE-PeripheralTests-resources.sh\"\n";
			showEnvVarsInLog = 0;
		};
		F17CA485FB570B2D561B9273 /* 📦 Check Pods Manifest.lock */ = {
			isa = PBXShellScriptBuildPhase;
			buildActionMask = 2147483647;
			files = (
			);
			inputPaths = (
			);
			name = "📦 Check Pods Manifest.lock";
			outputPaths = (
			);
			runOnlyForDeploymentPostprocessing = 0;
			shellPath = /bin/sh;
			shellScript = "diff \"${PODS_ROOT}/../Podfile.lock\" \"${PODS_ROOT}/Manifest.lock\" > /dev/null\nif [[ $? != 0 ]] ; then\n    cat << EOM\nerror: The sandbox is not in sync with the Podfile.lock. Run 'pod install' or update your CocoaPods installation.\nEOM\n    exit 1\nfi\n";
			showEnvVarsInLog = 0;
		};
/* End PBXShellScriptBuildPhase section */

/* Begin PBXSourcesBuildPhase section */
		A60F0D311C9C617E0025E3E2 /* Sources */ = {
			isa = PBXSourcesBuildPhase;
			buildActionMask = 2147483647;
			files = (
				A60326041D23D99E00575138 /* BTPeripheralManagerHandlerProtocol.swift in Sources */,
				A60326331D23D99E00575138 /* BTPeripheralManagerInitializableProtocol.swift in Sources */,
				A60326101D23D99E00575138 /* BTPeripheralOperation.swift in Sources */,
				A603261C1D23D99E00575138 /* BTCentralRolePerformer.swift in Sources */,
				A60326211D23D99E00575138 /* BTCentralRolePerforming.swift in Sources */,
				A60326021D23D99E00575138 /* BTPeripheralBlockHandler.swift in Sources */,
				A62481811D22A2430079AEB8 /* Log.swift in Sources */,
				A60326231D23D99E00575138 /* BTPeripheralUpdating.swift in Sources */,
				A603262F1D23D99E00575138 /* BTPeripheralProxy.swift in Sources */,
				A60325F71D23D99E00575138 /* BTCharacteristicDiscoveryCore.swift in Sources */,
				A60326271D23D99E00575138 /* BTCentralManagerAPIProtocol.swift in Sources */,
				A60326071D23D99E00575138 /* BTBaseCondition.swift in Sources */,
				A60326131D23D99E00575138 /* BTPeripheralReadValueOperation.swift in Sources */,
				A60326141D23D99E00575138 /* BTPeripheralSetNotifyValueOperation.swift in Sources */,
				A60326001D23D99E00575138 /* BTCentralManagerLoggingHandler.swift in Sources */,
				A6913EBE1CA0319400316658 /* PeripheralViewController.swift in Sources */,
				A60F0D421C9C617E0025E3E2 /* CustomLogFormatter.swift in Sources */,
				A60326091D23D99E00575138 /* BTOperationResult.swift in Sources */,
				A603260A1D23D99E00575138 /* BTCentralManagerOperation.swift in Sources */,
				A60326201D23D99E00575138 /* BTPeripheralDisconnectSignalProvider.swift in Sources */,
				A62481821D22A2430079AEB8 /* OperationQueueAPI.swift in Sources */,
				A60326031D23D99E00575138 /* BTPeripheralLoggingHandler.swift in Sources */,
				A60325FC1D23D99E00575138 /* CBPeripheralState+StringConvertible.swift in Sources */,
				A603260C1D23D99E00575138 /* BTCentralManagerConnectingOperation.swift in Sources */,
				A60325F91D23D99E00575138 /* BTTypes.swift in Sources */,
				A60326181D23D99E00575138 /* BTPeripheralNotAdvertisingCondition.swift in Sources */,
				A603261A1D23D99E00575138 /* BTAddServicesOperation.swift in Sources */,
				A60325FD1D23D99E00575138 /* BTCustomQueueHandler.swift in Sources */,
				A60326281D23D99E00575138 /* BTCentralManagerAPIWithHadlerProtocol.swift in Sources */,
				A60326301D23D99E00575138 /* BTPeripheralManagerAPIType.swift in Sources */,
				A60326061D23D99E00575138 /* BTPeripheralManagerLoggingHandler.swift in Sources */,
				A603261E1D23D99E00575138 /* BTPeripheralConnectSignalProvider.swift in Sources */,
				A603260D1D23D99E00575138 /* BTCentralManagerDisconnectingOperation.swift in Sources */,
				A60F0D3C1C9C617E0025E3E2 /* AppDelegate.swift in Sources */,
				A603262E1D23D99E00575138 /* PeriphralFullAPIProtocol.swift in Sources */,
				A603262B1D23D99E00575138 /* BTPeripheralAPIType.swift in Sources */,
				A60326111D23D99E00575138 /* BTPeripheralConnectedCondition.swift in Sources */,
				A60326261D23D99E00575138 /* BTCentralManagerAPIType.swift in Sources */,
				A60326341D23D99E00575138 /* BTPeripheralManagerProxy.swift in Sources */,
				A60326191D23D99E00575138 /* BTServiceNotAddedCondition.swift in Sources */,
				A603262D1D23D99E00575138 /* BTPeripheralAPIWithHandlerProtocol.swift in Sources */,
				A603262A1D23D99E00575138 /* BTCentralManagerProxy.swift in Sources */,
				A60326121D23D99E00575138 /* BTPeripheralCharacteristicDiscoveryOperation.swift in Sources */,
				A62481861D22A3450079AEB8 /* Config+Logging.swift in Sources */,
				A60325FE1D23D99E00575138 /* BTCentralManagerHandlerProtocol.swift in Sources */,
				A603261D1D23D99E00575138 /* BTPeripheralRolePerformer.swift in Sources */,
				A603261B1D23D99E00575138 /* BTStartAdvertisingOperation.swift in Sources */,
				A603260F1D23D99E00575138 /* BTErrors.swift in Sources */,
				A60326251D23D99E00575138 /* BTHandlersContainer.swift in Sources */,
				A60326051D23D99E00575138 /* BTPeripheralManagerBlockHandler.swift in Sources */,
				A603262C1D23D99E00575138 /* BTPeripheralAPIProtocol.swift in Sources */,
				A60326321D23D99E00575138 /* BTPeripheralManagerAPIWithHandlerProtocol.swift in Sources */,
				A603261F1D23D99E00575138 /* BTPeripheralDataProvider.swift in Sources */,
				A60325FB1D23D99E00575138 /* CBPeripheralManagerState+StringConvertible.swift in Sources */,
				A624817F1D22A2430079AEB8 /* OperarionQueue+Generation.swift in Sources */,
				A60325FA1D23D99E00575138 /* CBCentralManagerState+StringConvertible.swift in Sources */,
				A60326161D23D99E00575138 /* BTPeripheralManagerOperation.swift in Sources */,
				A60326221D23D99E00575138 /* BTPeripheralProviding.swift in Sources */,
				A60326011D23D99E00575138 /* BTPeripheralHandlerProtocol.swift in Sources */,
				A60F0D441C9C617E0025E3E2 /* Config.swift in Sources */,
				A603260B1D23D99E00575138 /* BTCentralManagerPoweredOnCondition.swift in Sources */,
				A60326081D23D99E00575138 /* BTOperation.swift in Sources */,
				A60326241D23D99E00575138 /* BTHandlerContainerProtocol.swift in Sources */,
				A60325F81D23D99E00575138 /* BTPeripheral.swift in Sources */,
				A60326291D23D99E00575138 /* BTCentralManagerInitializibleProtocol.swift in Sources */,
				A603260E1D23D99E00575138 /* BTCentralManagerScanningOperation.swift in Sources */,
				A60325FF1D23D99E00575138 /* BTCentalManagerBlockHandler.swift in Sources */,
				A60326311D23D99E00575138 /* BTPeripheralManagerAPIProtocol.swift in Sources */,
				A60326151D23D99E00575138 /* BTPeripheralWriteValueOperation.swift in Sources */,
				A60326171D23D99E00575138 /* BTPeripheralManagerPoweredOnCondition.swift in Sources */,
			);
			runOnlyForDeploymentPostprocessing = 0;
		};
		A60F0D5C1C9C617E0025E3E2 /* Sources */ = {
			isa = PBXSourcesBuildPhase;
			buildActionMask = 2147483647;
			files = (
			);
			runOnlyForDeploymentPostprocessing = 0;
		};
/* End PBXSourcesBuildPhase section */

/* Begin PBXTargetDependency section */
		A60F0D621C9C617E0025E3E2 /* PBXTargetDependency */ = {
			isa = PBXTargetDependency;
			target = A60F0D341C9C617E0025E3E2 /* BLE-Peripheral */;
			targetProxy = A60F0D611C9C617E0025E3E2 /* PBXContainerItemProxy */;
		};
/* End PBXTargetDependency section */

/* Begin PBXVariantGroup section */
		A60F0D581C9C617E0025E3E2 /* LaunchScreen.storyboard */ = {
			isa = PBXVariantGroup;
			children = (
				A60F0D591C9C617E0025E3E2 /* Base */,
			);
			name = LaunchScreen.storyboard;
			sourceTree = "<group>";
		};
/* End PBXVariantGroup section */

/* Begin XCBuildConfiguration section */
		A60F0D671C9C617F0025E3E2 /* Debug */ = {
			isa = XCBuildConfiguration;
			buildSettings = {
				ALWAYS_SEARCH_USER_PATHS = NO;
				CLANG_CXX_LANGUAGE_STANDARD = "gnu++0x";
				CLANG_CXX_LIBRARY = "libc++";
				CLANG_ENABLE_MODULES = YES;
				CLANG_ENABLE_OBJC_ARC = YES;
				CLANG_WARN_BOOL_CONVERSION = YES;
				CLANG_WARN_CONSTANT_CONVERSION = YES;
				CLANG_WARN_DIRECT_OBJC_ISA_USAGE = YES_ERROR;
				CLANG_WARN_EMPTY_BODY = YES;
				CLANG_WARN_ENUM_CONVERSION = YES;
				CLANG_WARN_INT_CONVERSION = YES;
				CLANG_WARN_OBJC_ROOT_CLASS = YES_ERROR;
				CLANG_WARN_UNREACHABLE_CODE = YES;
				CLANG_WARN__DUPLICATE_METHOD_MATCH = YES;
				"CODE_SIGN_IDENTITY[sdk=iphoneos*]" = "iPhone Developer";
				COPY_PHASE_STRIP = NO;
				DEBUG_INFORMATION_FORMAT = dwarf;
				ENABLE_STRICT_OBJC_MSGSEND = YES;
				ENABLE_TESTABILITY = YES;
				GCC_C_LANGUAGE_STANDARD = gnu99;
				GCC_DYNAMIC_NO_PIC = NO;
				GCC_NO_COMMON_BLOCKS = YES;
				GCC_OPTIMIZATION_LEVEL = 0;
				GCC_PREPROCESSOR_DEFINITIONS = (
					"DEBUG=1",
					"$(inherited)",
				);
				GCC_WARN_64_TO_32_BIT_CONVERSION = YES;
				GCC_WARN_ABOUT_RETURN_TYPE = YES_ERROR;
				GCC_WARN_UNDECLARED_SELECTOR = YES;
				GCC_WARN_UNINITIALIZED_AUTOS = YES_AGGRESSIVE;
				GCC_WARN_UNUSED_FUNCTION = YES;
				GCC_WARN_UNUSED_VARIABLE = YES;
				IPHONEOS_DEPLOYMENT_TARGET = 9.2;
				MTL_ENABLE_DEBUG_INFO = YES;
				ONLY_ACTIVE_ARCH = YES;
				SDKROOT = iphoneos;
				SWIFT_OPTIMIZATION_LEVEL = "-Onone";
				TARGETED_DEVICE_FAMILY = "1,2";
			};
			name = Debug;
		};
		A60F0D681C9C617F0025E3E2 /* Release */ = {
			isa = XCBuildConfiguration;
			buildSettings = {
				ALWAYS_SEARCH_USER_PATHS = NO;
				CLANG_CXX_LANGUAGE_STANDARD = "gnu++0x";
				CLANG_CXX_LIBRARY = "libc++";
				CLANG_ENABLE_MODULES = YES;
				CLANG_ENABLE_OBJC_ARC = YES;
				CLANG_WARN_BOOL_CONVERSION = YES;
				CLANG_WARN_CONSTANT_CONVERSION = YES;
				CLANG_WARN_DIRECT_OBJC_ISA_USAGE = YES_ERROR;
				CLANG_WARN_EMPTY_BODY = YES;
				CLANG_WARN_ENUM_CONVERSION = YES;
				CLANG_WARN_INT_CONVERSION = YES;
				CLANG_WARN_OBJC_ROOT_CLASS = YES_ERROR;
				CLANG_WARN_UNREACHABLE_CODE = YES;
				CLANG_WARN__DUPLICATE_METHOD_MATCH = YES;
				"CODE_SIGN_IDENTITY[sdk=iphoneos*]" = "iPhone Developer";
				COPY_PHASE_STRIP = NO;
				DEBUG_INFORMATION_FORMAT = "dwarf-with-dsym";
				ENABLE_NS_ASSERTIONS = NO;
				ENABLE_STRICT_OBJC_MSGSEND = YES;
				GCC_C_LANGUAGE_STANDARD = gnu99;
				GCC_NO_COMMON_BLOCKS = YES;
				GCC_WARN_64_TO_32_BIT_CONVERSION = YES;
				GCC_WARN_ABOUT_RETURN_TYPE = YES_ERROR;
				GCC_WARN_UNDECLARED_SELECTOR = YES;
				GCC_WARN_UNINITIALIZED_AUTOS = YES_AGGRESSIVE;
				GCC_WARN_UNUSED_FUNCTION = YES;
				GCC_WARN_UNUSED_VARIABLE = YES;
				IPHONEOS_DEPLOYMENT_TARGET = 9.2;
				MTL_ENABLE_DEBUG_INFO = NO;
				SDKROOT = iphoneos;
				TARGETED_DEVICE_FAMILY = "1,2";
				VALIDATE_PRODUCT = YES;
			};
			name = Release;
		};
		A60F0D6A1C9C617F0025E3E2 /* Debug */ = {
			isa = XCBuildConfiguration;
			baseConfigurationReference = 162E591DF0DE7D8F562606AC /* Pods-BLE-Peripheral.debug.xcconfig */;
			buildSettings = {
				ASSETCATALOG_COMPILER_APPICON_NAME = AppIcon;
				EXCLUDED_SOURCE_FILE_NAMES = "";
				GCC_PRECOMPILE_PREFIX_HEADER = NO;
				INFOPLIST_FILE = "BLE-Peripheral/Info.plist";
				IPHONEOS_DEPLOYMENT_TARGET = 8.0;
				LD_RUNPATH_SEARCH_PATHS = "$(inherited) @executable_path/Frameworks";
				OTHER_SWIFT_FLAGS = "$(inherited) \"-D\" \"COCOAPODS\" \"-D\" \"FLEX_ENABLED\"";
				PRODUCT_BUNDLE_IDENTIFIER = "com.d03.BLE-Peripheral";
				PRODUCT_NAME = "$(TARGET_NAME)";
			};
			name = Debug;
		};
		A60F0D6B1C9C617F0025E3E2 /* Release */ = {
			isa = XCBuildConfiguration;
			baseConfigurationReference = B6BBA2B2011C9354FAF62089 /* Pods-BLE-Peripheral.release.xcconfig */;
			buildSettings = {
				ASSETCATALOG_COMPILER_APPICON_NAME = AppIcon;
				EXCLUDED_SOURCE_FILE_NAMES = "";
				GCC_PRECOMPILE_PREFIX_HEADER = NO;
				INFOPLIST_FILE = "BLE-Peripheral/Info.plist";
				IPHONEOS_DEPLOYMENT_TARGET = 8.0;
				LD_RUNPATH_SEARCH_PATHS = "$(inherited) @executable_path/Frameworks";
				OTHER_SWIFT_FLAGS = "$(inherited) \"-D\" \"COCOAPODS\" \"-D\" \"FLEX_ENABLED\"";
				PRODUCT_BUNDLE_IDENTIFIER = "com.d03.BLE-Peripheral";
				PRODUCT_NAME = "$(TARGET_NAME)";
			};
			name = Release;
		};
		A60F0D6D1C9C617F0025E3E2 /* Debug */ = {
			isa = XCBuildConfiguration;
			baseConfigurationReference = F64767FA37CEB82970A330D8 /* Pods-BLE-PeripheralTests.debug.xcconfig */;
			buildSettings = {
				BUNDLE_LOADER = "$(TEST_HOST)";
				CLANG_ENABLE_MODULES = YES;
				INFOPLIST_FILE = "BLE-PeripheralTests/Info.plist";
				LD_RUNPATH_SEARCH_PATHS = "$(inherited) @executable_path/Frameworks @loader_path/Frameworks";
				PRODUCT_BUNDLE_IDENTIFIER = "com.d03.BLE-PeripheralTests";
				PRODUCT_NAME = "$(TARGET_NAME)";
				SWIFT_OBJC_BRIDGING_HEADER = "BLE-PeripheralTests/BLE-PeripheralTests-Bridging-Header.h";
				SWIFT_OPTIMIZATION_LEVEL = "-Onone";
				TEST_HOST = "$(BUILT_PRODUCTS_DIR)/BLE-Peripheral.app/BLE-Peripheral";
			};
			name = Debug;
		};
		A60F0D6E1C9C617F0025E3E2 /* Release */ = {
			isa = XCBuildConfiguration;
			baseConfigurationReference = 7CC69ADB8E65DC41B0235676 /* Pods-BLE-PeripheralTests.release.xcconfig */;
			buildSettings = {
				BUNDLE_LOADER = "$(TEST_HOST)";
				CLANG_ENABLE_MODULES = YES;
				INFOPLIST_FILE = "BLE-PeripheralTests/Info.plist";
				LD_RUNPATH_SEARCH_PATHS = "$(inherited) @executable_path/Frameworks @loader_path/Frameworks";
				PRODUCT_BUNDLE_IDENTIFIER = "com.d03.BLE-PeripheralTests";
				PRODUCT_NAME = "$(TARGET_NAME)";
				SWIFT_OBJC_BRIDGING_HEADER = "BLE-PeripheralTests/BLE-PeripheralTests-Bridging-Header.h";
				TEST_HOST = "$(BUILT_PRODUCTS_DIR)/BLE-Peripheral.app/BLE-Peripheral";
			};
			name = Release;
		};
/* End XCBuildConfiguration section */

/* Begin XCConfigurationList section */
		A60F0D301C9C617E0025E3E2 /* Build configuration list for PBXProject "BLE-Peripheral" */ = {
			isa = XCConfigurationList;
			buildConfigurations = (
				A60F0D671C9C617F0025E3E2 /* Debug */,
				A60F0D681C9C617F0025E3E2 /* Release */,
			);
			defaultConfigurationIsVisible = 0;
			defaultConfigurationName = Release;
		};
		A60F0D691C9C617F0025E3E2 /* Build configuration list for PBXNativeTarget "BLE-Peripheral" */ = {
			isa = XCConfigurationList;
			buildConfigurations = (
				A60F0D6A1C9C617F0025E3E2 /* Debug */,
				A60F0D6B1C9C617F0025E3E2 /* Release */,
			);
			defaultConfigurationIsVisible = 0;
			defaultConfigurationName = Release;
		};
		A60F0D6C1C9C617F0025E3E2 /* Build configuration list for PBXNativeTarget "BLE-PeripheralTests" */ = {
			isa = XCConfigurationList;
			buildConfigurations = (
				A60F0D6D1C9C617F0025E3E2 /* Debug */,
				A60F0D6E1C9C617F0025E3E2 /* Release */,
			);
			defaultConfigurationIsVisible = 0;
			defaultConfigurationName = Release;
		};
/* End XCConfigurationList section */
	};
	rootObject = A60F0D2D1C9C617E0025E3E2 /* Project object */;
}
