// !$*UTF8*$!
{
	archiveVersion = 1;
	classes = {
	};
	objectVersion = 46;
	objects = {

/* Begin PBXBuildFile section */
		A60F0D3A1C9C617E0025E3E2 /* Assets.xcassets in Resources */ = {isa = PBXBuildFile; fileRef = A60F0D391C9C617E0025E3E2 /* Assets.xcassets */; };
		A60F0D3C1C9C617E0025E3E2 /* AppDelegate.swift in Sources */ = {isa = PBXBuildFile; fileRef = A60F0D3B1C9C617E0025E3E2 /* AppDelegate.swift */; };
		A60F0D421C9C617E0025E3E2 /* CustomLogFormatter.swift in Sources */ = {isa = PBXBuildFile; fileRef = A60F0D411C9C617E0025E3E2 /* CustomLogFormatter.swift */; };
		A60F0D441C9C617E0025E3E2 /* Config.swift in Sources */ = {isa = PBXBuildFile; fileRef = A60F0D431C9C617E0025E3E2 /* Config.swift */; };
		A60F0D5A1C9C617E0025E3E2 /* LaunchScreen.storyboard in Resources */ = {isa = PBXBuildFile; fileRef = A60F0D581C9C617E0025E3E2 /* LaunchScreen.storyboard */; };
		A62481861D22A3450079AEB8 /* Config+Logging.swift in Sources */ = {isa = PBXBuildFile; fileRef = A62481851D22A3450079AEB8 /* Config+Logging.swift */; };
		A634E61B1CA062AB00994A10 /* CoreBluetooth.framework in Frameworks */ = {isa = PBXBuildFile; fileRef = A634E61A1CA062AB00994A10 /* CoreBluetooth.framework */; };
		A63C7ED61D2C5FD300D549ED /* BTCharacteristicDiscoveryCore.swift in Sources */ = {isa = PBXBuildFile; fileRef = A63C7E5E1D2C5FD300D549ED /* BTCharacteristicDiscoveryCore.swift */; };
		A63C7ED71D2C5FD300D549ED /* BTPeripheral.swift in Sources */ = {isa = PBXBuildFile; fileRef = A63C7E5F1D2C5FD300D549ED /* BTPeripheral.swift */; };
		A63C7ED81D2C5FD300D549ED /* BTPrototypes.swift in Sources */ = {isa = PBXBuildFile; fileRef = A63C7E601D2C5FD300D549ED /* BTPrototypes.swift */; };
		A63C7ED91D2C5FD300D549ED /* BTTypes.swift in Sources */ = {isa = PBXBuildFile; fileRef = A63C7E611D2C5FD300D549ED /* BTTypes.swift */; };
		A63C7EDA1D2C5FD300D549ED /* BTPeripheralAPIProtocol+FindCharacretistics.swift in Sources */ = {isa = PBXBuildFile; fileRef = A63C7E641D2C5FD300D549ED /* BTPeripheralAPIProtocol+FindCharacretistics.swift */; };
		A63C7EDB1D2C5FD300D549ED /* BTPeripheralProxy+Description.swift in Sources */ = {isa = PBXBuildFile; fileRef = A63C7E661D2C5FD300D549ED /* BTPeripheralProxy+Description.swift */; };
		A63C7EDC1D2C5FD300D549ED /* CBCharacteristic+Description.swift in Sources */ = {isa = PBXBuildFile; fileRef = A63C7E681D2C5FD300D549ED /* CBCharacteristic+Description.swift */; };
		A63C7EDD1D2C5FD300D549ED /* CBService+Description.swift in Sources */ = {isa = PBXBuildFile; fileRef = A63C7E6A1D2C5FD300D549ED /* CBService+Description.swift */; };
		A63C7EDE1D2C5FD300D549ED /* CBAttributePermissions+StringConvertible.swift in Sources */ = {isa = PBXBuildFile; fileRef = A63C7E6C1D2C5FD300D549ED /* CBAttributePermissions+StringConvertible.swift */; };
		A63C7EDF1D2C5FD300D549ED /* CBCentralManagerState+StringConvertible.swift in Sources */ = {isa = PBXBuildFile; fileRef = A63C7E6D1D2C5FD300D549ED /* CBCentralManagerState+StringConvertible.swift */; };
		A63C7EE01D2C5FD300D549ED /* CBCharacteristicProperties+StringConvertible.swift in Sources */ = {isa = PBXBuildFile; fileRef = A63C7E6E1D2C5FD300D549ED /* CBCharacteristicProperties+StringConvertible.swift */; };
		A63C7EE11D2C5FD300D549ED /* CBPeripheralManagerState+StringConvertible.swift in Sources */ = {isa = PBXBuildFile; fileRef = A63C7E6F1D2C5FD300D549ED /* CBPeripheralManagerState+StringConvertible.swift */; };
		A63C7EE21D2C5FD300D549ED /* CBPeripheralState+StringConvertible.swift in Sources */ = {isa = PBXBuildFile; fileRef = A63C7E701D2C5FD300D549ED /* CBPeripheralState+StringConvertible.swift */; };
		A63C7EE31D2C5FD300D549ED /* CBUUID+Description.swift in Sources */ = {isa = PBXBuildFile; fileRef = A63C7E721D2C5FD300D549ED /* CBUUID+Description.swift */; };
		A63C7EE41D2C5FD300D549ED /* BTCustomQueueHandler.swift in Sources */ = {isa = PBXBuildFile; fileRef = A63C7E741D2C5FD300D549ED /* BTCustomQueueHandler.swift */; };
		A63C7EE51D2C5FD300D549ED /* BTCentralManagerHandlerProtocol.swift in Sources */ = {isa = PBXBuildFile; fileRef = A63C7E761D2C5FD300D549ED /* BTCentralManagerHandlerProtocol.swift */; };
		A63C7EE61D2C5FD300D549ED /* BTCentalManagerBlockHandler.swift in Sources */ = {isa = PBXBuildFile; fileRef = A63C7E781D2C5FD300D549ED /* BTCentalManagerBlockHandler.swift */; };
		A63C7EE71D2C5FD300D549ED /* BTCentralManagerLoggingHandler.swift in Sources */ = {isa = PBXBuildFile; fileRef = A63C7E791D2C5FD300D549ED /* BTCentralManagerLoggingHandler.swift */; };
		A63C7EE81D2C5FD300D549ED /* BTPeripheralHandlerProtocol.swift in Sources */ = {isa = PBXBuildFile; fileRef = A63C7E7B1D2C5FD300D549ED /* BTPeripheralHandlerProtocol.swift */; };
		A63C7EE91D2C5FD300D549ED /* BTPeripheralBlockHandler.swift in Sources */ = {isa = PBXBuildFile; fileRef = A63C7E7D1D2C5FD300D549ED /* BTPeripheralBlockHandler.swift */; };
		A63C7EEA1D2C5FD300D549ED /* BTPeripheralLoggingHandler.swift in Sources */ = {isa = PBXBuildFile; fileRef = A63C7E7E1D2C5FD300D549ED /* BTPeripheralLoggingHandler.swift */; };
		A63C7EEB1D2C5FD300D549ED /* BTPeripheralManagerHandlerProtocol.swift in Sources */ = {isa = PBXBuildFile; fileRef = A63C7E801D2C5FD300D549ED /* BTPeripheralManagerHandlerProtocol.swift */; };
		A63C7EEC1D2C5FD300D549ED /* BTPeripheralManagerBlockHandler.swift in Sources */ = {isa = PBXBuildFile; fileRef = A63C7E821D2C5FD300D549ED /* BTPeripheralManagerBlockHandler.swift */; };
		A63C7EED1D2C5FD300D549ED /* BTPeripheralManagerLoggingHandler.swift in Sources */ = {isa = PBXBuildFile; fileRef = A63C7E831D2C5FD300D549ED /* BTPeripheralManagerLoggingHandler.swift */; };
		A63C7EEE1D2C5FD300D549ED /* BTBaseCondition.swift in Sources */ = {isa = PBXBuildFile; fileRef = A63C7E851D2C5FD300D549ED /* BTBaseCondition.swift */; };
		A63C7EEF1D2C5FD300D549ED /* BTOperation.swift in Sources */ = {isa = PBXBuildFile; fileRef = A63C7E861D2C5FD300D549ED /* BTOperation.swift */; };
		A63C7EF01D2C5FD300D549ED /* BTOperationResult.swift in Sources */ = {isa = PBXBuildFile; fileRef = A63C7E871D2C5FD300D549ED /* BTOperationResult.swift */; };
		A63C7EF11D2C5FD300D549ED /* BTCentralManagerOperation.swift in Sources */ = {isa = PBXBuildFile; fileRef = A63C7E891D2C5FD300D549ED /* BTCentralManagerOperation.swift */; };
		A63C7EF21D2C5FD300D549ED /* BTCentralManagerPoweredOnCondition.swift in Sources */ = {isa = PBXBuildFile; fileRef = A63C7E8B1D2C5FD300D549ED /* BTCentralManagerPoweredOnCondition.swift */; };
		A63C7EF31D2C5FD300D549ED /* BTCentralManagerConnectingOperation.swift in Sources */ = {isa = PBXBuildFile; fileRef = A63C7E8D1D2C5FD300D549ED /* BTCentralManagerConnectingOperation.swift */; };
		A63C7EF41D2C5FD300D549ED /* BTCentralManagerDisconnectingOperation.swift in Sources */ = {isa = PBXBuildFile; fileRef = A63C7E8E1D2C5FD300D549ED /* BTCentralManagerDisconnectingOperation.swift */; };
		A63C7EF51D2C5FD300D549ED /* BTCentralManagerScanningOperation.swift in Sources */ = {isa = PBXBuildFile; fileRef = A63C7E8F1D2C5FD300D549ED /* BTCentralManagerScanningOperation.swift */; };
		A63C7EF61D2C5FD300D549ED /* BTErrors.swift in Sources */ = {isa = PBXBuildFile; fileRef = A63C7E911D2C5FD300D549ED /* BTErrors.swift */; };
		A63C7EF71D2C5FD300D549ED /* BTPeripheralOperation.swift in Sources */ = {isa = PBXBuildFile; fileRef = A63C7E931D2C5FD300D549ED /* BTPeripheralOperation.swift */; };
		A63C7EF81D2C5FD300D549ED /* BTPeripheralConnectedCondition.swift in Sources */ = {isa = PBXBuildFile; fileRef = A63C7E951D2C5FD300D549ED /* BTPeripheralConnectedCondition.swift */; };
		A63C7EF91D2C5FD300D549ED /* BTPeripheralCharacteristicDiscoveryOperation.swift in Sources */ = {isa = PBXBuildFile; fileRef = A63C7E971D2C5FD300D549ED /* BTPeripheralCharacteristicDiscoveryOperation.swift */; };
		A63C7EFA1D2C5FD300D549ED /* BTPeripheralReadValueOperation.swift in Sources */ = {isa = PBXBuildFile; fileRef = A63C7E981D2C5FD300D549ED /* BTPeripheralReadValueOperation.swift */; };
		A63C7EFB1D2C5FD300D549ED /* BTPeripheralSetNotifyValueOperation.swift in Sources */ = {isa = PBXBuildFile; fileRef = A63C7E991D2C5FD300D549ED /* BTPeripheralSetNotifyValueOperation.swift */; };
		A63C7EFC1D2C5FD300D549ED /* BTPeripheralWriteValueOperation.swift in Sources */ = {isa = PBXBuildFile; fileRef = A63C7E9A1D2C5FD300D549ED /* BTPeripheralWriteValueOperation.swift */; };
		A63C7EFD1D2C5FD300D549ED /* BTPeripheralManagerOperation.swift in Sources */ = {isa = PBXBuildFile; fileRef = A63C7E9C1D2C5FD300D549ED /* BTPeripheralManagerOperation.swift */; };
		A63C7EFE1D2C5FD300D549ED /* BTPeripheralManagerPoweredOnCondition.swift in Sources */ = {isa = PBXBuildFile; fileRef = A63C7E9E1D2C5FD300D549ED /* BTPeripheralManagerPoweredOnCondition.swift */; };
		A63C7EFF1D2C5FD300D549ED /* BTPeripheralNotAdvertisingCondition.swift in Sources */ = {isa = PBXBuildFile; fileRef = A63C7E9F1D2C5FD300D549ED /* BTPeripheralNotAdvertisingCondition.swift */; };
		A63C7F001D2C5FD300D549ED /* BTServiceNotAddedCondition.swift in Sources */ = {isa = PBXBuildFile; fileRef = A63C7EA01D2C5FD300D549ED /* BTServiceNotAddedCondition.swift */; };
		A63C7F011D2C5FD300D549ED /* BTAddServicesOperation.swift in Sources */ = {isa = PBXBuildFile; fileRef = A63C7EA21D2C5FD300D549ED /* BTAddServicesOperation.swift */; };
		A63C7F021D2C5FD300D549ED /* BTStartAdvertisingOperation.swift in Sources */ = {isa = PBXBuildFile; fileRef = A63C7EA31D2C5FD300D549ED /* BTStartAdvertisingOperation.swift */; };
		A63C7F031D2C5FD300D549ED /* BTCentralRolePerformer.swift in Sources */ = {isa = PBXBuildFile; fileRef = A63C7EA61D2C5FD300D549ED /* BTCentralRolePerformer.swift */; };
		A63C7F041D2C5FD300D549ED /* BTPeripheralRolePerformer.swift in Sources */ = {isa = PBXBuildFile; fileRef = A63C7EA81D2C5FD300D549ED /* BTPeripheralRolePerformer.swift */; };
		A63C7F051D2C5FD300D549ED /* BTCharacteristicSetNotifyValueSignalProvider.swift in Sources */ = {isa = PBXBuildFile; fileRef = A63C7EAB1D2C5FD300D549ED /* BTCharacteristicSetNotifyValueSignalProvider.swift */; };
		A63C7F061D2C5FD300D549ED /* BTPeripheralCharacteristicDiscoverySignalProvider.swift in Sources */ = {isa = PBXBuildFile; fileRef = A63C7EAC1D2C5FD300D549ED /* BTPeripheralCharacteristicDiscoverySignalProvider.swift */; };
		A63C7F071D2C5FD300D549ED /* BTPeripheralConnectSignalProvider.swift in Sources */ = {isa = PBXBuildFile; fileRef = A63C7EAD1D2C5FD300D549ED /* BTPeripheralConnectSignalProvider.swift */; };
		A63C7F081D2C5FD300D549ED /* BTPeripheralDataProvider.swift in Sources */ = {isa = PBXBuildFile; fileRef = A63C7EAE1D2C5FD300D549ED /* BTPeripheralDataProvider.swift */; };
		A63C7F091D2C5FD300D549ED /* BTPeripheralDisconnectSignalProvider.swift in Sources */ = {isa = PBXBuildFile; fileRef = A63C7EAF1D2C5FD300D549ED /* BTPeripheralDisconnectSignalProvider.swift */; };
		A63C7F0A1D2C5FD300D549ED /* BTPeripheralScanSignalProvider.swift in Sources */ = {isa = PBXBuildFile; fileRef = A63C7EB01D2C5FD300D549ED /* BTPeripheralScanSignalProvider.swift */; };
		A63C7F0B1D2C5FD300D549ED /* BTReadCharacteristicSignalProvider.swift in Sources */ = {isa = PBXBuildFile; fileRef = A63C7EB11D2C5FD300D549ED /* BTReadCharacteristicSignalProvider.swift */; };
		A63C7F0C1D2C5FD300D549ED /* BTRetrieveConnectedPeripheralSignalProvider.swift in Sources */ = {isa = PBXBuildFile; fileRef = A63C7EB21D2C5FD300D549ED /* BTRetrieveConnectedPeripheralSignalProvider.swift */; };
		A63C7F0D1D2C5FD300D549ED /* BTRetrievePeripheralSignalProvider.swift in Sources */ = {isa = PBXBuildFile; fileRef = A63C7EB31D2C5FD300D549ED /* BTRetrievePeripheralSignalProvider.swift */; };
		A63C7F0E1D2C5FD300D549ED /* BTWriteCharacteristicSignalProvider.swift in Sources */ = {isa = PBXBuildFile; fileRef = A63C7EB41D2C5FD300D549ED /* BTWriteCharacteristicSignalProvider.swift */; };
		A63C7F0F1D2C5FD300D549ED /* BTCentralRolePerforming.swift in Sources */ = {isa = PBXBuildFile; fileRef = A63C7EB61D2C5FD300D549ED /* BTCentralRolePerforming.swift */; };
		A63C7F101D2C5FD300D549ED /* BTPeripheralProviding.swift in Sources */ = {isa = PBXBuildFile; fileRef = A63C7EB71D2C5FD300D549ED /* BTPeripheralProviding.swift */; };
		A63C7F111D2C5FD300D549ED /* BTPeripheralUpdating.swift in Sources */ = {isa = PBXBuildFile; fileRef = A63C7EB81D2C5FD300D549ED /* BTPeripheralUpdating.swift */; };
		A63C7F121D2C5FD300D549ED /* BTHandlerContainerProtocol.swift in Sources */ = {isa = PBXBuildFile; fileRef = A63C7EBB1D2C5FD300D549ED /* BTHandlerContainerProtocol.swift */; };
		A63C7F131D2C5FD300D549ED /* BTHandlersContainer.swift in Sources */ = {isa = PBXBuildFile; fileRef = A63C7EBC1D2C5FD300D549ED /* BTHandlersContainer.swift */; };
		A63C7F141D2C5FD300D549ED /* BTCentralManagerAPIType.swift in Sources */ = {isa = PBXBuildFile; fileRef = A63C7EBF1D2C5FD300D549ED /* BTCentralManagerAPIType.swift */; };
		A63C7F151D2C5FD300D549ED /* BTCentralManagerAPIProtocol.swift in Sources */ = {isa = PBXBuildFile; fileRef = A63C7EC11D2C5FD300D549ED /* BTCentralManagerAPIProtocol.swift */; };
		A63C7F161D2C5FD300D549ED /* BTCentralManagerAPIWithHadlerProtocol.swift in Sources */ = {isa = PBXBuildFile; fileRef = A63C7EC21D2C5FD300D549ED /* BTCentralManagerAPIWithHadlerProtocol.swift */; };
		A63C7F171D2C5FD300D549ED /* BTCentralManagerInitializibleProtocol.swift in Sources */ = {isa = PBXBuildFile; fileRef = A63C7EC31D2C5FD300D549ED /* BTCentralManagerInitializibleProtocol.swift */; };
		A63C7F181D2C5FD300D549ED /* BTCentralManagerProxy.swift in Sources */ = {isa = PBXBuildFile; fileRef = A63C7EC51D2C5FD300D549ED /* BTCentralManagerProxy.swift */; };
		A63C7F191D2C5FD300D549ED /* BTPeripheralAPIType.swift in Sources */ = {isa = PBXBuildFile; fileRef = A63C7EC71D2C5FD300D549ED /* BTPeripheralAPIType.swift */; };
		A63C7F1A1D2C5FD300D549ED /* BTPeripheralAPIProtocol.swift in Sources */ = {isa = PBXBuildFile; fileRef = A63C7EC91D2C5FD300D549ED /* BTPeripheralAPIProtocol.swift */; };
		A63C7F1B1D2C5FD300D549ED /* BTPeripheralAPIWithHandlerProtocol.swift in Sources */ = {isa = PBXBuildFile; fileRef = A63C7ECA1D2C5FD300D549ED /* BTPeripheralAPIWithHandlerProtocol.swift */; };
		A63C7F1C1D2C5FD300D549ED /* PeriphralFullAPIProtocol.swift in Sources */ = {isa = PBXBuildFile; fileRef = A63C7ECB1D2C5FD300D549ED /* PeriphralFullAPIProtocol.swift */; };
		A63C7F1D1D2C5FD300D549ED /* BTPeripheralProxy.swift in Sources */ = {isa = PBXBuildFile; fileRef = A63C7ECD1D2C5FD300D549ED /* BTPeripheralProxy.swift */; };
		A63C7F1E1D2C5FD300D549ED /* BTPeripheralManagerAPIType.swift in Sources */ = {isa = PBXBuildFile; fileRef = A63C7ECF1D2C5FD300D549ED /* BTPeripheralManagerAPIType.swift */; };
		A63C7F1F1D2C5FD300D549ED /* BTPeripheralManagerAPIProtocol.swift in Sources */ = {isa = PBXBuildFile; fileRef = A63C7ED11D2C5FD300D549ED /* BTPeripheralManagerAPIProtocol.swift */; };
		A63C7F201D2C5FD300D549ED /* BTPeripheralManagerAPIWithHandlerProtocol.swift in Sources */ = {isa = PBXBuildFile; fileRef = A63C7ED21D2C5FD300D549ED /* BTPeripheralManagerAPIWithHandlerProtocol.swift */; };
		A63C7F211D2C5FD300D549ED /* BTPeripheralManagerInitializableProtocol.swift in Sources */ = {isa = PBXBuildFile; fileRef = A63C7ED31D2C5FD300D549ED /* BTPeripheralManagerInitializableProtocol.swift */; };
		A63C7F221D2C5FD300D549ED /* BTPeripheralManagerProxy.swift in Sources */ = {isa = PBXBuildFile; fileRef = A63C7ED51D2C5FD300D549ED /* BTPeripheralManagerProxy.swift */; };
		A6913EBE1CA0319400316658 /* PeripheralViewController.swift in Sources */ = {isa = PBXBuildFile; fileRef = A6913EBC1CA0319400316658 /* PeripheralViewController.swift */; };
		A6913EBF1CA0319400316658 /* PeripheralViewController.xib in Resources */ = {isa = PBXBuildFile; fileRef = A6913EBD1CA0319400316658 /* PeripheralViewController.xib */; };
		A6F472A51D29CD35000C5C44 /* OperarionQueue+Generation.swift in Sources */ = {isa = PBXBuildFile; fileRef = A6F4724B1D29CD35000C5C44 /* OperarionQueue+Generation.swift */; };
		A6F472A61D29CD35000C5C44 /* Log.swift in Sources */ = {isa = PBXBuildFile; fileRef = A6F4724E1D29CD35000C5C44 /* Log.swift */; };
		A6F472A71D29CD35000C5C44 /* OperationQueueAPI.swift in Sources */ = {isa = PBXBuildFile; fileRef = A6F472501D29CD35000C5C44 /* OperationQueueAPI.swift */; };
		BAB184674DC6C5EB1B2520B7 /* Pods_BLE_PeripheralTests.framework in Frameworks */ = {isa = PBXBuildFile; fileRef = CE928A25A997D990509B5CEB /* Pods_BLE_PeripheralTests.framework */; };
		CC7887120CF479825D00F2E4 /* Pods_BLE_Peripheral.framework in Frameworks */ = {isa = PBXBuildFile; fileRef = EE7D2020CC4416E83F1508AB /* Pods_BLE_Peripheral.framework */; };
/* End PBXBuildFile section */

/* Begin PBXContainerItemProxy section */
		A60F0D611C9C617E0025E3E2 /* PBXContainerItemProxy */ = {
			isa = PBXContainerItemProxy;
			containerPortal = A60F0D2D1C9C617E0025E3E2 /* Project object */;
			proxyType = 1;
			remoteGlobalIDString = A60F0D341C9C617E0025E3E2;
			remoteInfo = "BLE-Peripheral";
		};
/* End PBXContainerItemProxy section */

/* Begin PBXFileReference section */
		162E591DF0DE7D8F562606AC /* Pods-BLE-Peripheral.debug.xcconfig */ = {isa = PBXFileReference; includeInIndex = 1; lastKnownFileType = text.xcconfig; name = "Pods-BLE-Peripheral.debug.xcconfig"; path = "../Pods/Target Support Files/Pods-BLE-Peripheral/Pods-BLE-Peripheral.debug.xcconfig"; sourceTree = "<group>"; };
		7CC69ADB8E65DC41B0235676 /* Pods-BLE-PeripheralTests.release.xcconfig */ = {isa = PBXFileReference; includeInIndex = 1; lastKnownFileType = text.xcconfig; name = "Pods-BLE-PeripheralTests.release.xcconfig"; path = "../Pods/Target Support Files/Pods-BLE-PeripheralTests/Pods-BLE-PeripheralTests.release.xcconfig"; sourceTree = "<group>"; };
		A60F0D351C9C617E0025E3E2 /* BLE-Peripheral.app */ = {isa = PBXFileReference; explicitFileType = wrapper.application; includeInIndex = 0; path = "BLE-Peripheral.app"; sourceTree = BUILT_PRODUCTS_DIR; };
		A60F0D391C9C617E0025E3E2 /* Assets.xcassets */ = {isa = PBXFileReference; lastKnownFileType = folder.assetcatalog; path = Assets.xcassets; sourceTree = "<group>"; };
		A60F0D3B1C9C617E0025E3E2 /* AppDelegate.swift */ = {isa = PBXFileReference; lastKnownFileType = sourcecode.swift; path = AppDelegate.swift; sourceTree = "<group>"; };
		A60F0D3F1C9C617E0025E3E2 /* BLE-Peripheral-Bridging-Header.h */ = {isa = PBXFileReference; lastKnownFileType = sourcecode.c.h; path = "BLE-Peripheral-Bridging-Header.h"; sourceTree = "<group>"; };
		A60F0D411C9C617E0025E3E2 /* CustomLogFormatter.swift */ = {isa = PBXFileReference; lastKnownFileType = sourcecode.swift; path = CustomLogFormatter.swift; sourceTree = "<group>"; };
		A60F0D431C9C617E0025E3E2 /* Config.swift */ = {isa = PBXFileReference; lastKnownFileType = sourcecode.swift; path = Config.swift; sourceTree = "<group>"; };
		A60F0D591C9C617E0025E3E2 /* Base */ = {isa = PBXFileReference; lastKnownFileType = file.storyboard; name = Base; path = Base.lproj/LaunchScreen.storyboard; sourceTree = "<group>"; };
		A60F0D5B1C9C617E0025E3E2 /* Info.plist */ = {isa = PBXFileReference; lastKnownFileType = text.plist.xml; path = Info.plist; sourceTree = "<group>"; };
		A60F0D601C9C617E0025E3E2 /* BLE-PeripheralTests.xctest */ = {isa = PBXFileReference; explicitFileType = wrapper.cfbundle; includeInIndex = 0; path = "BLE-PeripheralTests.xctest"; sourceTree = BUILT_PRODUCTS_DIR; };
		A60F0D661C9C617F0025E3E2 /* Info.plist */ = {isa = PBXFileReference; lastKnownFileType = text.plist.xml; path = Info.plist; sourceTree = "<group>"; };
		A62481851D22A3450079AEB8 /* Config+Logging.swift */ = {isa = PBXFileReference; fileEncoding = 4; lastKnownFileType = sourcecode.swift; path = "Config+Logging.swift"; sourceTree = "<group>"; };
		A63302931CB3C6C60037DA4C /* BLE-PeripheralTests-Bridging-Header.h */ = {isa = PBXFileReference; lastKnownFileType = sourcecode.c.h; path = "BLE-PeripheralTests-Bridging-Header.h"; sourceTree = "<group>"; };
		A634E61A1CA062AB00994A10 /* CoreBluetooth.framework */ = {isa = PBXFileReference; lastKnownFileType = wrapper.framework; name = CoreBluetooth.framework; path = System/Library/Frameworks/CoreBluetooth.framework; sourceTree = SDKROOT; };
		A63C7E5E1D2C5FD300D549ED /* BTCharacteristicDiscoveryCore.swift */ = {isa = PBXFileReference; fileEncoding = 4; lastKnownFileType = sourcecode.swift; path = BTCharacteristicDiscoveryCore.swift; sourceTree = "<group>"; };
		A63C7E5F1D2C5FD300D549ED /* BTPeripheral.swift */ = {isa = PBXFileReference; fileEncoding = 4; lastKnownFileType = sourcecode.swift; path = BTPeripheral.swift; sourceTree = "<group>"; };
		A63C7E601D2C5FD300D549ED /* BTPrototypes.swift */ = {isa = PBXFileReference; fileEncoding = 4; lastKnownFileType = sourcecode.swift; path = BTPrototypes.swift; sourceTree = "<group>"; };
		A63C7E611D2C5FD300D549ED /* BTTypes.swift */ = {isa = PBXFileReference; fileEncoding = 4; lastKnownFileType = sourcecode.swift; path = BTTypes.swift; sourceTree = "<group>"; };
		A63C7E641D2C5FD300D549ED /* BTPeripheralAPIProtocol+FindCharacretistics.swift */ = {isa = PBXFileReference; fileEncoding = 4; lastKnownFileType = sourcecode.swift; path = "BTPeripheralAPIProtocol+FindCharacretistics.swift"; sourceTree = "<group>"; };
		A63C7E661D2C5FD300D549ED /* BTPeripheralProxy+Description.swift */ = {isa = PBXFileReference; fileEncoding = 4; lastKnownFileType = sourcecode.swift; path = "BTPeripheralProxy+Description.swift"; sourceTree = "<group>"; };
		A63C7E681D2C5FD300D549ED /* CBCharacteristic+Description.swift */ = {isa = PBXFileReference; fileEncoding = 4; lastKnownFileType = sourcecode.swift; path = "CBCharacteristic+Description.swift"; sourceTree = "<group>"; };
		A63C7E6A1D2C5FD300D549ED /* CBService+Description.swift */ = {isa = PBXFileReference; fileEncoding = 4; lastKnownFileType = sourcecode.swift; path = "CBService+Description.swift"; sourceTree = "<group>"; };
		A63C7E6C1D2C5FD300D549ED /* CBAttributePermissions+StringConvertible.swift */ = {isa = PBXFileReference; fileEncoding = 4; lastKnownFileType = sourcecode.swift; path = "CBAttributePermissions+StringConvertible.swift"; sourceTree = "<group>"; };
		A63C7E6D1D2C5FD300D549ED /* CBCentralManagerState+StringConvertible.swift */ = {isa = PBXFileReference; fileEncoding = 4; lastKnownFileType = sourcecode.swift; path = "CBCentralManagerState+StringConvertible.swift"; sourceTree = "<group>"; };
		A63C7E6E1D2C5FD300D549ED /* CBCharacteristicProperties+StringConvertible.swift */ = {isa = PBXFileReference; fileEncoding = 4; lastKnownFileType = sourcecode.swift; path = "CBCharacteristicProperties+StringConvertible.swift"; sourceTree = "<group>"; };
		A63C7E6F1D2C5FD300D549ED /* CBPeripheralManagerState+StringConvertible.swift */ = {isa = PBXFileReference; fileEncoding = 4; lastKnownFileType = sourcecode.swift; path = "CBPeripheralManagerState+StringConvertible.swift"; sourceTree = "<group>"; };
		A63C7E701D2C5FD300D549ED /* CBPeripheralState+StringConvertible.swift */ = {isa = PBXFileReference; fileEncoding = 4; lastKnownFileType = sourcecode.swift; path = "CBPeripheralState+StringConvertible.swift"; sourceTree = "<group>"; };
		A63C7E721D2C5FD300D549ED /* CBUUID+Description.swift */ = {isa = PBXFileReference; fileEncoding = 4; lastKnownFileType = sourcecode.swift; path = "CBUUID+Description.swift"; sourceTree = "<group>"; };
		A63C7E741D2C5FD300D549ED /* BTCustomQueueHandler.swift */ = {isa = PBXFileReference; fileEncoding = 4; lastKnownFileType = sourcecode.swift; path = BTCustomQueueHandler.swift; sourceTree = "<group>"; };
		A63C7E761D2C5FD300D549ED /* BTCentralManagerHandlerProtocol.swift */ = {isa = PBXFileReference; fileEncoding = 4; lastKnownFileType = sourcecode.swift; path = BTCentralManagerHandlerProtocol.swift; sourceTree = "<group>"; };
		A63C7E781D2C5FD300D549ED /* BTCentalManagerBlockHandler.swift */ = {isa = PBXFileReference; fileEncoding = 4; lastKnownFileType = sourcecode.swift; path = BTCentalManagerBlockHandler.swift; sourceTree = "<group>"; };
		A63C7E791D2C5FD300D549ED /* BTCentralManagerLoggingHandler.swift */ = {isa = PBXFileReference; fileEncoding = 4; lastKnownFileType = sourcecode.swift; path = BTCentralManagerLoggingHandler.swift; sourceTree = "<group>"; };
		A63C7E7B1D2C5FD300D549ED /* BTPeripheralHandlerProtocol.swift */ = {isa = PBXFileReference; fileEncoding = 4; lastKnownFileType = sourcecode.swift; path = BTPeripheralHandlerProtocol.swift; sourceTree = "<group>"; };
		A63C7E7D1D2C5FD300D549ED /* BTPeripheralBlockHandler.swift */ = {isa = PBXFileReference; fileEncoding = 4; lastKnownFileType = sourcecode.swift; path = BTPeripheralBlockHandler.swift; sourceTree = "<group>"; };
		A63C7E7E1D2C5FD300D549ED /* BTPeripheralLoggingHandler.swift */ = {isa = PBXFileReference; fileEncoding = 4; lastKnownFileType = sourcecode.swift; path = BTPeripheralLoggingHandler.swift; sourceTree = "<group>"; };
		A63C7E801D2C5FD300D549ED /* BTPeripheralManagerHandlerProtocol.swift */ = {isa = PBXFileReference; fileEncoding = 4; lastKnownFileType = sourcecode.swift; path = BTPeripheralManagerHandlerProtocol.swift; sourceTree = "<group>"; };
		A63C7E821D2C5FD300D549ED /* BTPeripheralManagerBlockHandler.swift */ = {isa = PBXFileReference; fileEncoding = 4; lastKnownFileType = sourcecode.swift; path = BTPeripheralManagerBlockHandler.swift; sourceTree = "<group>"; };
		A63C7E831D2C5FD300D549ED /* BTPeripheralManagerLoggingHandler.swift */ = {isa = PBXFileReference; fileEncoding = 4; lastKnownFileType = sourcecode.swift; path = BTPeripheralManagerLoggingHandler.swift; sourceTree = "<group>"; };
		A63C7E851D2C5FD300D549ED /* BTBaseCondition.swift */ = {isa = PBXFileReference; fileEncoding = 4; lastKnownFileType = sourcecode.swift; path = BTBaseCondition.swift; sourceTree = "<group>"; };
		A63C7E861D2C5FD300D549ED /* BTOperation.swift */ = {isa = PBXFileReference; fileEncoding = 4; lastKnownFileType = sourcecode.swift; path = BTOperation.swift; sourceTree = "<group>"; };
		A63C7E871D2C5FD300D549ED /* BTOperationResult.swift */ = {isa = PBXFileReference; fileEncoding = 4; lastKnownFileType = sourcecode.swift; path = BTOperationResult.swift; sourceTree = "<group>"; };
		A63C7E891D2C5FD300D549ED /* BTCentralManagerOperation.swift */ = {isa = PBXFileReference; fileEncoding = 4; lastKnownFileType = sourcecode.swift; path = BTCentralManagerOperation.swift; sourceTree = "<group>"; };
		A63C7E8B1D2C5FD300D549ED /* BTCentralManagerPoweredOnCondition.swift */ = {isa = PBXFileReference; fileEncoding = 4; lastKnownFileType = sourcecode.swift; path = BTCentralManagerPoweredOnCondition.swift; sourceTree = "<group>"; };
		A63C7E8D1D2C5FD300D549ED /* BTCentralManagerConnectingOperation.swift */ = {isa = PBXFileReference; fileEncoding = 4; lastKnownFileType = sourcecode.swift; path = BTCentralManagerConnectingOperation.swift; sourceTree = "<group>"; };
		A63C7E8E1D2C5FD300D549ED /* BTCentralManagerDisconnectingOperation.swift */ = {isa = PBXFileReference; fileEncoding = 4; lastKnownFileType = sourcecode.swift; path = BTCentralManagerDisconnectingOperation.swift; sourceTree = "<group>"; };
		A63C7E8F1D2C5FD300D549ED /* BTCentralManagerScanningOperation.swift */ = {isa = PBXFileReference; fileEncoding = 4; lastKnownFileType = sourcecode.swift; path = BTCentralManagerScanningOperation.swift; sourceTree = "<group>"; };
		A63C7E911D2C5FD300D549ED /* BTErrors.swift */ = {isa = PBXFileReference; fileEncoding = 4; lastKnownFileType = sourcecode.swift; path = BTErrors.swift; sourceTree = "<group>"; };
		A63C7E931D2C5FD300D549ED /* BTPeripheralOperation.swift */ = {isa = PBXFileReference; fileEncoding = 4; lastKnownFileType = sourcecode.swift; path = BTPeripheralOperation.swift; sourceTree = "<group>"; };
		A63C7E951D2C5FD300D549ED /* BTPeripheralConnectedCondition.swift */ = {isa = PBXFileReference; fileEncoding = 4; lastKnownFileType = sourcecode.swift; path = BTPeripheralConnectedCondition.swift; sourceTree = "<group>"; };
		A63C7E971D2C5FD300D549ED /* BTPeripheralCharacteristicDiscoveryOperation.swift */ = {isa = PBXFileReference; fileEncoding = 4; lastKnownFileType = sourcecode.swift; path = BTPeripheralCharacteristicDiscoveryOperation.swift; sourceTree = "<group>"; };
		A63C7E981D2C5FD300D549ED /* BTPeripheralReadValueOperation.swift */ = {isa = PBXFileReference; fileEncoding = 4; lastKnownFileType = sourcecode.swift; path = BTPeripheralReadValueOperation.swift; sourceTree = "<group>"; };
		A63C7E991D2C5FD300D549ED /* BTPeripheralSetNotifyValueOperation.swift */ = {isa = PBXFileReference; fileEncoding = 4; lastKnownFileType = sourcecode.swift; path = BTPeripheralSetNotifyValueOperation.swift; sourceTree = "<group>"; };
		A63C7E9A1D2C5FD300D549ED /* BTPeripheralWriteValueOperation.swift */ = {isa = PBXFileReference; fileEncoding = 4; lastKnownFileType = sourcecode.swift; path = BTPeripheralWriteValueOperation.swift; sourceTree = "<group>"; };
		A63C7E9C1D2C5FD300D549ED /* BTPeripheralManagerOperation.swift */ = {isa = PBXFileReference; fileEncoding = 4; lastKnownFileType = sourcecode.swift; path = BTPeripheralManagerOperation.swift; sourceTree = "<group>"; };
		A63C7E9E1D2C5FD300D549ED /* BTPeripheralManagerPoweredOnCondition.swift */ = {isa = PBXFileReference; fileEncoding = 4; lastKnownFileType = sourcecode.swift; path = BTPeripheralManagerPoweredOnCondition.swift; sourceTree = "<group>"; };
		A63C7E9F1D2C5FD300D549ED /* BTPeripheralNotAdvertisingCondition.swift */ = {isa = PBXFileReference; fileEncoding = 4; lastKnownFileType = sourcecode.swift; path = BTPeripheralNotAdvertisingCondition.swift; sourceTree = "<group>"; };
		A63C7EA01D2C5FD300D549ED /* BTServiceNotAddedCondition.swift */ = {isa = PBXFileReference; fileEncoding = 4; lastKnownFileType = sourcecode.swift; path = BTServiceNotAddedCondition.swift; sourceTree = "<group>"; };
		A63C7EA21D2C5FD300D549ED /* BTAddServicesOperation.swift */ = {isa = PBXFileReference; fileEncoding = 4; lastKnownFileType = sourcecode.swift; path = BTAddServicesOperation.swift; sourceTree = "<group>"; };
		A63C7EA31D2C5FD300D549ED /* BTStartAdvertisingOperation.swift */ = {isa = PBXFileReference; fileEncoding = 4; lastKnownFileType = sourcecode.swift; path = BTStartAdvertisingOperation.swift; sourceTree = "<group>"; };
		A63C7EA61D2C5FD300D549ED /* BTCentralRolePerformer.swift */ = {isa = PBXFileReference; fileEncoding = 4; lastKnownFileType = sourcecode.swift; path = BTCentralRolePerformer.swift; sourceTree = "<group>"; };
		A63C7EA81D2C5FD300D549ED /* BTPeripheralRolePerformer.swift */ = {isa = PBXFileReference; fileEncoding = 4; lastKnownFileType = sourcecode.swift; path = BTPeripheralRolePerformer.swift; sourceTree = "<group>"; };
		A63C7EAB1D2C5FD300D549ED /* BTCharacteristicSetNotifyValueSignalProvider.swift */ = {isa = PBXFileReference; fileEncoding = 4; lastKnownFileType = sourcecode.swift; path = BTCharacteristicSetNotifyValueSignalProvider.swift; sourceTree = "<group>"; };
		A63C7EAC1D2C5FD300D549ED /* BTPeripheralCharacteristicDiscoverySignalProvider.swift */ = {isa = PBXFileReference; fileEncoding = 4; lastKnownFileType = sourcecode.swift; path = BTPeripheralCharacteristicDiscoverySignalProvider.swift; sourceTree = "<group>"; };
		A63C7EAD1D2C5FD300D549ED /* BTPeripheralConnectSignalProvider.swift */ = {isa = PBXFileReference; fileEncoding = 4; lastKnownFileType = sourcecode.swift; path = BTPeripheralConnectSignalProvider.swift; sourceTree = "<group>"; };
		A63C7EAE1D2C5FD300D549ED /* BTPeripheralDataProvider.swift */ = {isa = PBXFileReference; fileEncoding = 4; lastKnownFileType = sourcecode.swift; path = BTPeripheralDataProvider.swift; sourceTree = "<group>"; };
		A63C7EAF1D2C5FD300D549ED /* BTPeripheralDisconnectSignalProvider.swift */ = {isa = PBXFileReference; fileEncoding = 4; lastKnownFileType = sourcecode.swift; path = BTPeripheralDisconnectSignalProvider.swift; sourceTree = "<group>"; };
		A63C7EB01D2C5FD300D549ED /* BTPeripheralScanSignalProvider.swift */ = {isa = PBXFileReference; fileEncoding = 4; lastKnownFileType = sourcecode.swift; path = BTPeripheralScanSignalProvider.swift; sourceTree = "<group>"; };
		A63C7EB11D2C5FD300D549ED /* BTReadCharacteristicSignalProvider.swift */ = {isa = PBXFileReference; fileEncoding = 4; lastKnownFileType = sourcecode.swift; path = BTReadCharacteristicSignalProvider.swift; sourceTree = "<group>"; };
		A63C7EB21D2C5FD300D549ED /* BTRetrieveConnectedPeripheralSignalProvider.swift */ = {isa = PBXFileReference; fileEncoding = 4; lastKnownFileType = sourcecode.swift; path = BTRetrieveConnectedPeripheralSignalProvider.swift; sourceTree = "<group>"; };
		A63C7EB31D2C5FD300D549ED /* BTRetrievePeripheralSignalProvider.swift */ = {isa = PBXFileReference; fileEncoding = 4; lastKnownFileType = sourcecode.swift; path = BTRetrievePeripheralSignalProvider.swift; sourceTree = "<group>"; };
		A63C7EB41D2C5FD300D549ED /* BTWriteCharacteristicSignalProvider.swift */ = {isa = PBXFileReference; fileEncoding = 4; lastKnownFileType = sourcecode.swift; path = BTWriteCharacteristicSignalProvider.swift; sourceTree = "<group>"; };
		A63C7EB61D2C5FD300D549ED /* BTCentralRolePerforming.swift */ = {isa = PBXFileReference; fileEncoding = 4; lastKnownFileType = sourcecode.swift; path = BTCentralRolePerforming.swift; sourceTree = "<group>"; };
		A63C7EB71D2C5FD300D549ED /* BTPeripheralProviding.swift */ = {isa = PBXFileReference; fileEncoding = 4; lastKnownFileType = sourcecode.swift; path = BTPeripheralProviding.swift; sourceTree = "<group>"; };
		A63C7EB81D2C5FD300D549ED /* BTPeripheralUpdating.swift */ = {isa = PBXFileReference; fileEncoding = 4; lastKnownFileType = sourcecode.swift; path = BTPeripheralUpdating.swift; sourceTree = "<group>"; };
		A63C7EBB1D2C5FD300D549ED /* BTHandlerContainerProtocol.swift */ = {isa = PBXFileReference; fileEncoding = 4; lastKnownFileType = sourcecode.swift; path = BTHandlerContainerProtocol.swift; sourceTree = "<group>"; };
		A63C7EBC1D2C5FD300D549ED /* BTHandlersContainer.swift */ = {isa = PBXFileReference; fileEncoding = 4; lastKnownFileType = sourcecode.swift; path = BTHandlersContainer.swift; sourceTree = "<group>"; };
		A63C7EBF1D2C5FD300D549ED /* BTCentralManagerAPIType.swift */ = {isa = PBXFileReference; fileEncoding = 4; lastKnownFileType = sourcecode.swift; path = BTCentralManagerAPIType.swift; sourceTree = "<group>"; };
		A63C7EC11D2C5FD300D549ED /* BTCentralManagerAPIProtocol.swift */ = {isa = PBXFileReference; fileEncoding = 4; lastKnownFileType = sourcecode.swift; path = BTCentralManagerAPIProtocol.swift; sourceTree = "<group>"; };
		A63C7EC21D2C5FD300D549ED /* BTCentralManagerAPIWithHadlerProtocol.swift */ = {isa = PBXFileReference; fileEncoding = 4; lastKnownFileType = sourcecode.swift; path = BTCentralManagerAPIWithHadlerProtocol.swift; sourceTree = "<group>"; };
		A63C7EC31D2C5FD300D549ED /* BTCentralManagerInitializibleProtocol.swift */ = {isa = PBXFileReference; fileEncoding = 4; lastKnownFileType = sourcecode.swift; path = BTCentralManagerInitializibleProtocol.swift; sourceTree = "<group>"; };
		A63C7EC51D2C5FD300D549ED /* BTCentralManagerProxy.swift */ = {isa = PBXFileReference; fileEncoding = 4; lastKnownFileType = sourcecode.swift; path = BTCentralManagerProxy.swift; sourceTree = "<group>"; };
		A63C7EC71D2C5FD300D549ED /* BTPeripheralAPIType.swift */ = {isa = PBXFileReference; fileEncoding = 4; lastKnownFileType = sourcecode.swift; path = BTPeripheralAPIType.swift; sourceTree = "<group>"; };
		A63C7EC91D2C5FD300D549ED /* BTPeripheralAPIProtocol.swift */ = {isa = PBXFileReference; fileEncoding = 4; lastKnownFileType = sourcecode.swift; path = BTPeripheralAPIProtocol.swift; sourceTree = "<group>"; };
		A63C7ECA1D2C5FD300D549ED /* BTPeripheralAPIWithHandlerProtocol.swift */ = {isa = PBXFileReference; fileEncoding = 4; lastKnownFileType = sourcecode.swift; path = BTPeripheralAPIWithHandlerProtocol.swift; sourceTree = "<group>"; };
		A63C7ECB1D2C5FD300D549ED /* PeriphralFullAPIProtocol.swift */ = {isa = PBXFileReference; fileEncoding = 4; lastKnownFileType = sourcecode.swift; path = PeriphralFullAPIProtocol.swift; sourceTree = "<group>"; };
		A63C7ECD1D2C5FD300D549ED /* BTPeripheralProxy.swift */ = {isa = PBXFileReference; fileEncoding = 4; lastKnownFileType = sourcecode.swift; path = BTPeripheralProxy.swift; sourceTree = "<group>"; };
		A63C7ECF1D2C5FD300D549ED /* BTPeripheralManagerAPIType.swift */ = {isa = PBXFileReference; fileEncoding = 4; lastKnownFileType = sourcecode.swift; path = BTPeripheralManagerAPIType.swift; sourceTree = "<group>"; };
		A63C7ED11D2C5FD300D549ED /* BTPeripheralManagerAPIProtocol.swift */ = {isa = PBXFileReference; fileEncoding = 4; lastKnownFileType = sourcecode.swift; path = BTPeripheralManagerAPIProtocol.swift; sourceTree = "<group>"; };
		A63C7ED21D2C5FD300D549ED /* BTPeripheralManagerAPIWithHandlerProtocol.swift */ = {isa = PBXFileReference; fileEncoding = 4; lastKnownFileType = sourcecode.swift; path = BTPeripheralManagerAPIWithHandlerProtocol.swift; sourceTree = "<group>"; };
		A63C7ED31D2C5FD300D549ED /* BTPeripheralManagerInitializableProtocol.swift */ = {isa = PBXFileReference; fileEncoding = 4; lastKnownFileType = sourcecode.swift; path = BTPeripheralManagerInitializableProtocol.swift; sourceTree = "<group>"; };
		A63C7ED51D2C5FD300D549ED /* BTPeripheralManagerProxy.swift */ = {isa = PBXFileReference; fileEncoding = 4; lastKnownFileType = sourcecode.swift; path = BTPeripheralManagerProxy.swift; sourceTree = "<group>"; };
		A6913EBC1CA0319400316658 /* PeripheralViewController.swift */ = {isa = PBXFileReference; fileEncoding = 4; lastKnownFileType = sourcecode.swift; path = PeripheralViewController.swift; sourceTree = "<group>"; };
		A6913EBD1CA0319400316658 /* PeripheralViewController.xib */ = {isa = PBXFileReference; fileEncoding = 4; lastKnownFileType = file.xib; path = PeripheralViewController.xib; sourceTree = "<group>"; };
		A6F4724B1D29CD35000C5C44 /* OperarionQueue+Generation.swift */ = {isa = PBXFileReference; fileEncoding = 4; lastKnownFileType = sourcecode.swift; path = "OperarionQueue+Generation.swift"; sourceTree = "<group>"; };
		A6F4724E1D29CD35000C5C44 /* Log.swift */ = {isa = PBXFileReference; fileEncoding = 4; lastKnownFileType = sourcecode.swift; path = Log.swift; sourceTree = "<group>"; };
		A6F472501D29CD35000C5C44 /* OperationQueueAPI.swift */ = {isa = PBXFileReference; fileEncoding = 4; lastKnownFileType = sourcecode.swift; path = OperationQueueAPI.swift; sourceTree = "<group>"; };
		B6BBA2B2011C9354FAF62089 /* Pods-BLE-Peripheral.release.xcconfig */ = {isa = PBXFileReference; includeInIndex = 1; lastKnownFileType = text.xcconfig; name = "Pods-BLE-Peripheral.release.xcconfig"; path = "../Pods/Target Support Files/Pods-BLE-Peripheral/Pods-BLE-Peripheral.release.xcconfig"; sourceTree = "<group>"; };
		CE928A25A997D990509B5CEB /* Pods_BLE_PeripheralTests.framework */ = {isa = PBXFileReference; explicitFileType = wrapper.framework; includeInIndex = 0; path = Pods_BLE_PeripheralTests.framework; sourceTree = BUILT_PRODUCTS_DIR; };
		EE7D2020CC4416E83F1508AB /* Pods_BLE_Peripheral.framework */ = {isa = PBXFileReference; explicitFileType = wrapper.framework; includeInIndex = 0; path = Pods_BLE_Peripheral.framework; sourceTree = BUILT_PRODUCTS_DIR; };
		F64767FA37CEB82970A330D8 /* Pods-BLE-PeripheralTests.debug.xcconfig */ = {isa = PBXFileReference; includeInIndex = 1; lastKnownFileType = text.xcconfig; name = "Pods-BLE-PeripheralTests.debug.xcconfig"; path = "../Pods/Target Support Files/Pods-BLE-PeripheralTests/Pods-BLE-PeripheralTests.debug.xcconfig"; sourceTree = "<group>"; };
/* End PBXFileReference section */

/* Begin PBXFrameworksBuildPhase section */
		A60F0D321C9C617E0025E3E2 /* Frameworks */ = {
			isa = PBXFrameworksBuildPhase;
			buildActionMask = 2147483647;
			files = (
				A634E61B1CA062AB00994A10 /* CoreBluetooth.framework in Frameworks */,
				CC7887120CF479825D00F2E4 /* Pods_BLE_Peripheral.framework in Frameworks */,
			);
			runOnlyForDeploymentPostprocessing = 0;
		};
		A60F0D5D1C9C617E0025E3E2 /* Frameworks */ = {
			isa = PBXFrameworksBuildPhase;
			buildActionMask = 2147483647;
			files = (
				BAB184674DC6C5EB1B2520B7 /* Pods_BLE_PeripheralTests.framework in Frameworks */,
			);
			runOnlyForDeploymentPostprocessing = 0;
		};
/* End PBXFrameworksBuildPhase section */

/* Begin PBXGroup section */
		48E14C590EDD7B7DBC885467 /* Pods */ = {
			isa = PBXGroup;
			children = (
				162E591DF0DE7D8F562606AC /* Pods-BLE-Peripheral.debug.xcconfig */,
				B6BBA2B2011C9354FAF62089 /* Pods-BLE-Peripheral.release.xcconfig */,
				F64767FA37CEB82970A330D8 /* Pods-BLE-PeripheralTests.debug.xcconfig */,
				7CC69ADB8E65DC41B0235676 /* Pods-BLE-PeripheralTests.release.xcconfig */,
			);
			name = Pods;
			sourceTree = "<group>";
		};
		A60F0D2C1C9C617E0025E3E2 = {
			isa = PBXGroup;
			children = (
				A60F0D371C9C617E0025E3E2 /* BLE-Peripheral */,
				A60F0D631C9C617E0025E3E2 /* BLE-PeripheralTests */,
				A60F0D361C9C617E0025E3E2 /* Products */,
				48E14C590EDD7B7DBC885467 /* Pods */,
				C78E0ECD3290FE3575CDA99C /* Frameworks */,
				A6F471C41D29CD34000C5C44 /* Shared */,
			);
			sourceTree = "<group>";
		};
		A60F0D361C9C617E0025E3E2 /* Products */ = {
			isa = PBXGroup;
			children = (
				A60F0D351C9C617E0025E3E2 /* BLE-Peripheral.app */,
				A60F0D601C9C617E0025E3E2 /* BLE-PeripheralTests.xctest */,
			);
			name = Products;
			sourceTree = "<group>";
		};
		A60F0D371C9C617E0025E3E2 /* BLE-Peripheral */ = {
			isa = PBXGroup;
			children = (
				A60F0D3B1C9C617E0025E3E2 /* AppDelegate.swift */,
				A60F0D431C9C617E0025E3E2 /* Config.swift */,
				A62481851D22A3450079AEB8 /* Config+Logging.swift */,
				A60F0D381C9C617E0025E3E2 /* Resources */,
				A60F0D401C9C617E0025E3E2 /* Classes */,
				A60F0D491C9C617E0025E3E2 /* Controllers */,
				A60F0D551C9C617E0025E3E2 /* Views */,
				A60F0D4F1C9C617E0025E3E2 /* Utilities */,
				A60F0D521C9C617E0025E3E2 /* Extensions */,
				A60F0D3D1C9C617E0025E3E2 /* Supporting Files */,
			);
			path = "BLE-Peripheral";
			sourceTree = "<group>";
		};
		A60F0D381C9C617E0025E3E2 /* Resources */ = {
			isa = PBXGroup;
			children = (
				A60F0D581C9C617E0025E3E2 /* LaunchScreen.storyboard */,
				A60F0D391C9C617E0025E3E2 /* Assets.xcassets */,
			);
			name = Resources;
			sourceTree = "<group>";
		};
		A60F0D3D1C9C617E0025E3E2 /* Supporting Files */ = {
			isa = PBXGroup;
			children = (
				A60F0D5B1C9C617E0025E3E2 /* Info.plist */,
				A60F0D3F1C9C617E0025E3E2 /* BLE-Peripheral-Bridging-Header.h */,
			);
			name = "Supporting Files";
			sourceTree = "<group>";
		};
		A60F0D401C9C617E0025E3E2 /* Classes */ = {
			isa = PBXGroup;
			children = (
			);
			name = Classes;
			sourceTree = "<group>";
		};
		A60F0D491C9C617E0025E3E2 /* Controllers */ = {
			isa = PBXGroup;
			children = (
				A6913EC01CA0319700316658 /* PeripheralViewController */,
			);
			name = Controllers;
			sourceTree = "<group>";
		};
		A60F0D4F1C9C617E0025E3E2 /* Utilities */ = {
			isa = PBXGroup;
			children = (
				A60F0D701C9C625D0025E3E2 /* CustomLogFormatter */,
			);
			name = Utilities;
			sourceTree = "<group>";
		};
		A60F0D521C9C617E0025E3E2 /* Extensions */ = {
			isa = PBXGroup;
			children = (
			);
			name = Extensions;
			sourceTree = "<group>";
		};
		A60F0D551C9C617E0025E3E2 /* Views */ = {
			isa = PBXGroup;
			children = (
			);
			name = Views;
			sourceTree = "<group>";
		};
		A60F0D631C9C617E0025E3E2 /* BLE-PeripheralTests */ = {
			isa = PBXGroup;
			children = (
				A63302961CB3C6E30037DA4C /* Supporting Files */,
			);
			path = "BLE-PeripheralTests";
			sourceTree = "<group>";
		};
		A60F0D701C9C625D0025E3E2 /* CustomLogFormatter */ = {
			isa = PBXGroup;
			children = (
				A60F0D411C9C617E0025E3E2 /* CustomLogFormatter.swift */,
			);
			name = CustomLogFormatter;
			sourceTree = "<group>";
		};
		A63302961CB3C6E30037DA4C /* Supporting Files */ = {
			isa = PBXGroup;
			children = (
				A63302931CB3C6C60037DA4C /* BLE-PeripheralTests-Bridging-Header.h */,
				A60F0D661C9C617F0025E3E2 /* Info.plist */,
			);
			name = "Supporting Files";
			sourceTree = "<group>";
		};
		A63C7E5C1D2C5FD300D549ED /* Bluetooth */ = {
			isa = PBXGroup;
			children = (
				A63C7E5D1D2C5FD300D549ED /* Classes */,
				A63C7E621D2C5FD300D549ED /* Extensions */,
				A63C7E731D2C5FD300D549ED /* Handlers */,
				A63C7E841D2C5FD300D549ED /* Operations&Conditions */,
				A63C7EA41D2C5FD300D549ED /* Roles */,
				A63C7EA91D2C5FD300D549ED /* Signals */,
				A63C7EB91D2C5FD300D549ED /* Utilities */,
				A63C7EBD1D2C5FD300D549ED /* Wrappers */,
			);
			path = Bluetooth;
			sourceTree = "<group>";
		};
		A63C7E5D1D2C5FD300D549ED /* Classes */ = {
			isa = PBXGroup;
			children = (
				A63C7E5E1D2C5FD300D549ED /* BTCharacteristicDiscoveryCore.swift */,
				A63C7E5F1D2C5FD300D549ED /* BTPeripheral.swift */,
				A63C7E601D2C5FD300D549ED /* BTPrototypes.swift */,
				A63C7E611D2C5FD300D549ED /* BTTypes.swift */,
			);
			path = Classes;
			sourceTree = "<group>";
		};
		A63C7E621D2C5FD300D549ED /* Extensions */ = {
			isa = PBXGroup;
			children = (
				A63C7E631D2C5FD300D549ED /* BTPeripheralAPIProtocol+FindCharacretistics */,
				A63C7E651D2C5FD300D549ED /* BTPeripheralProxy+Description */,
				A63C7E671D2C5FD300D549ED /* CBCharacteristic+Description */,
				A63C7E691D2C5FD300D549ED /* CBService+Description */,
				A63C7E6B1D2C5FD300D549ED /* CBStates+CustomStringConvertible */,
				A63C7E711D2C5FD300D549ED /* CBUUID+Description */,
			);
			path = Extensions;
			sourceTree = "<group>";
		};
		A63C7E631D2C5FD300D549ED /* BTPeripheralAPIProtocol+FindCharacretistics */ = {
			isa = PBXGroup;
			children = (
				A63C7E641D2C5FD300D549ED /* BTPeripheralAPIProtocol+FindCharacretistics.swift */,
			);
			path = "BTPeripheralAPIProtocol+FindCharacretistics";
			sourceTree = "<group>";
		};
		A63C7E651D2C5FD300D549ED /* BTPeripheralProxy+Description */ = {
			isa = PBXGroup;
			children = (
				A63C7E661D2C5FD300D549ED /* BTPeripheralProxy+Description.swift */,
			);
			path = "BTPeripheralProxy+Description";
			sourceTree = "<group>";
		};
		A63C7E671D2C5FD300D549ED /* CBCharacteristic+Description */ = {
			isa = PBXGroup;
			children = (
				A63C7E681D2C5FD300D549ED /* CBCharacteristic+Description.swift */,
			);
			path = "CBCharacteristic+Description";
			sourceTree = "<group>";
		};
		A63C7E691D2C5FD300D549ED /* CBService+Description */ = {
			isa = PBXGroup;
			children = (
				A63C7E6A1D2C5FD300D549ED /* CBService+Description.swift */,
			);
			path = "CBService+Description";
			sourceTree = "<group>";
		};
		A63C7E6B1D2C5FD300D549ED /* CBStates+CustomStringConvertible */ = {
			isa = PBXGroup;
			children = (
				A63C7E6C1D2C5FD300D549ED /* CBAttributePermissions+StringConvertible.swift */,
				A63C7E6D1D2C5FD300D549ED /* CBCentralManagerState+StringConvertible.swift */,
				A63C7E6E1D2C5FD300D549ED /* CBCharacteristicProperties+StringConvertible.swift */,
				A63C7E6F1D2C5FD300D549ED /* CBPeripheralManagerState+StringConvertible.swift */,
				A63C7E701D2C5FD300D549ED /* CBPeripheralState+StringConvertible.swift */,
			);
			path = "CBStates+CustomStringConvertible";
			sourceTree = "<group>";
		};
		A63C7E711D2C5FD300D549ED /* CBUUID+Description */ = {
			isa = PBXGroup;
			children = (
				A63C7E721D2C5FD300D549ED /* CBUUID+Description.swift */,
			);
			path = "CBUUID+Description";
			sourceTree = "<group>";
		};
		A63C7E731D2C5FD300D549ED /* Handlers */ = {
			isa = PBXGroup;
			children = (
				A63C7E741D2C5FD300D549ED /* BTCustomQueueHandler.swift */,
				A63C7E751D2C5FD300D549ED /* CentralManager */,
				A63C7E7A1D2C5FD300D549ED /* Peripheral */,
				A63C7E7F1D2C5FD300D549ED /* PeripheralManager */,
			);
			path = Handlers;
			sourceTree = "<group>";
		};
		A63C7E751D2C5FD300D549ED /* CentralManager */ = {
			isa = PBXGroup;
			children = (
				A63C7E761D2C5FD300D549ED /* BTCentralManagerHandlerProtocol.swift */,
				A63C7E771D2C5FD300D549ED /* ConcreteHandlers */,
			);
			path = CentralManager;
			sourceTree = "<group>";
		};
		A63C7E771D2C5FD300D549ED /* ConcreteHandlers */ = {
			isa = PBXGroup;
			children = (
				A63C7E781D2C5FD300D549ED /* BTCentalManagerBlockHandler.swift */,
				A63C7E791D2C5FD300D549ED /* BTCentralManagerLoggingHandler.swift */,
			);
			path = ConcreteHandlers;
			sourceTree = "<group>";
		};
		A63C7E7A1D2C5FD300D549ED /* Peripheral */ = {
			isa = PBXGroup;
			children = (
				A63C7E7B1D2C5FD300D549ED /* BTPeripheralHandlerProtocol.swift */,
				A63C7E7C1D2C5FD300D549ED /* ConcreteHandlers */,
			);
			path = Peripheral;
			sourceTree = "<group>";
		};
		A63C7E7C1D2C5FD300D549ED /* ConcreteHandlers */ = {
			isa = PBXGroup;
			children = (
				A63C7E7D1D2C5FD300D549ED /* BTPeripheralBlockHandler.swift */,
				A63C7E7E1D2C5FD300D549ED /* BTPeripheralLoggingHandler.swift */,
			);
			path = ConcreteHandlers;
			sourceTree = "<group>";
		};
		A63C7E7F1D2C5FD300D549ED /* PeripheralManager */ = {
			isa = PBXGroup;
			children = (
				A63C7E801D2C5FD300D549ED /* BTPeripheralManagerHandlerProtocol.swift */,
				A63C7E811D2C5FD300D549ED /* ConcreteHandlers */,
			);
			path = PeripheralManager;
			sourceTree = "<group>";
		};
		A63C7E811D2C5FD300D549ED /* ConcreteHandlers */ = {
			isa = PBXGroup;
			children = (
				A63C7E821D2C5FD300D549ED /* BTPeripheralManagerBlockHandler.swift */,
				A63C7E831D2C5FD300D549ED /* BTPeripheralManagerLoggingHandler.swift */,
			);
			path = ConcreteHandlers;
			sourceTree = "<group>";
		};
		A63C7E841D2C5FD300D549ED /* Operations&Conditions */ = {
			isa = PBXGroup;
			children = (
				A63C7E851D2C5FD300D549ED /* BTBaseCondition.swift */,
				A63C7E861D2C5FD300D549ED /* BTOperation.swift */,
				A63C7E871D2C5FD300D549ED /* BTOperationResult.swift */,
				A63C7E881D2C5FD300D549ED /* CentralManager */,
				A63C7E901D2C5FD300D549ED /* Errors */,
				A63C7E921D2C5FD300D549ED /* Peripheral */,
				A63C7E9B1D2C5FD300D549ED /* PeripheralManager */,
			);
			path = "Operations&Conditions";
			sourceTree = "<group>";
		};
		A63C7E881D2C5FD300D549ED /* CentralManager */ = {
			isa = PBXGroup;
			children = (
				A63C7E891D2C5FD300D549ED /* BTCentralManagerOperation.swift */,
				A63C7E8A1D2C5FD300D549ED /* Conditions */,
				A63C7E8C1D2C5FD300D549ED /* Operations */,
			);
			path = CentralManager;
			sourceTree = "<group>";
		};
		A63C7E8A1D2C5FD300D549ED /* Conditions */ = {
			isa = PBXGroup;
			children = (
				A63C7E8B1D2C5FD300D549ED /* BTCentralManagerPoweredOnCondition.swift */,
			);
			path = Conditions;
			sourceTree = "<group>";
		};
		A63C7E8C1D2C5FD300D549ED /* Operations */ = {
			isa = PBXGroup;
			children = (
				A63C7E8D1D2C5FD300D549ED /* BTCentralManagerConnectingOperation.swift */,
				A63C7E8E1D2C5FD300D549ED /* BTCentralManagerDisconnectingOperation.swift */,
				A63C7E8F1D2C5FD300D549ED /* BTCentralManagerScanningOperation.swift */,
			);
			path = Operations;
			sourceTree = "<group>";
		};
		A63C7E901D2C5FD300D549ED /* Errors */ = {
			isa = PBXGroup;
			children = (
				A63C7E911D2C5FD300D549ED /* BTErrors.swift */,
			);
			path = Errors;
			sourceTree = "<group>";
		};
		A63C7E921D2C5FD300D549ED /* Peripheral */ = {
			isa = PBXGroup;
			children = (
				A63C7E931D2C5FD300D549ED /* BTPeripheralOperation.swift */,
				A63C7E941D2C5FD300D549ED /* Conditions */,
				A63C7E961D2C5FD300D549ED /* Operations */,
			);
			path = Peripheral;
			sourceTree = "<group>";
		};
		A63C7E941D2C5FD300D549ED /* Conditions */ = {
			isa = PBXGroup;
			children = (
				A63C7E951D2C5FD300D549ED /* BTPeripheralConnectedCondition.swift */,
			);
			path = Conditions;
			sourceTree = "<group>";
		};
		A63C7E961D2C5FD300D549ED /* Operations */ = {
			isa = PBXGroup;
			children = (
				A63C7E971D2C5FD300D549ED /* BTPeripheralCharacteristicDiscoveryOperation.swift */,
				A63C7E981D2C5FD300D549ED /* BTPeripheralReadValueOperation.swift */,
				A63C7E991D2C5FD300D549ED /* BTPeripheralSetNotifyValueOperation.swift */,
				A63C7E9A1D2C5FD300D549ED /* BTPeripheralWriteValueOperation.swift */,
			);
			path = Operations;
			sourceTree = "<group>";
		};
		A63C7E9B1D2C5FD300D549ED /* PeripheralManager */ = {
			isa = PBXGroup;
			children = (
				A63C7E9C1D2C5FD300D549ED /* BTPeripheralManagerOperation.swift */,
				A63C7E9D1D2C5FD300D549ED /* Conditions */,
				A63C7EA11D2C5FD300D549ED /* Operations */,
			);
			path = PeripheralManager;
			sourceTree = "<group>";
		};
		A63C7E9D1D2C5FD300D549ED /* Conditions */ = {
			isa = PBXGroup;
			children = (
				A63C7E9E1D2C5FD300D549ED /* BTPeripheralManagerPoweredOnCondition.swift */,
				A63C7E9F1D2C5FD300D549ED /* BTPeripheralNotAdvertisingCondition.swift */,
				A63C7EA01D2C5FD300D549ED /* BTServiceNotAddedCondition.swift */,
			);
			path = Conditions;
			sourceTree = "<group>";
		};
		A63C7EA11D2C5FD300D549ED /* Operations */ = {
			isa = PBXGroup;
			children = (
				A63C7EA21D2C5FD300D549ED /* BTAddServicesOperation.swift */,
				A63C7EA31D2C5FD300D549ED /* BTStartAdvertisingOperation.swift */,
			);
			path = Operations;
			sourceTree = "<group>";
		};
		A63C7EA41D2C5FD300D549ED /* Roles */ = {
			isa = PBXGroup;
			children = (
				A63C7EA51D2C5FD300D549ED /* Central */,
				A63C7EA71D2C5FD300D549ED /* Peripheral */,
			);
			path = Roles;
			sourceTree = "<group>";
		};
		A63C7EA51D2C5FD300D549ED /* Central */ = {
			isa = PBXGroup;
			children = (
				A63C7EA61D2C5FD300D549ED /* BTCentralRolePerformer.swift */,
			);
			path = Central;
			sourceTree = "<group>";
		};
		A63C7EA71D2C5FD300D549ED /* Peripheral */ = {
			isa = PBXGroup;
			children = (
				A63C7EA81D2C5FD300D549ED /* BTPeripheralRolePerformer.swift */,
			);
			path = Peripheral;
			sourceTree = "<group>";
		};
		A63C7EA91D2C5FD300D549ED /* Signals */ = {
			isa = PBXGroup;
			children = (
				A63C7EAA1D2C5FD300D549ED /* Classes */,
				A63C7EB51D2C5FD300D549ED /* Protocols */,
			);
			path = Signals;
			sourceTree = "<group>";
		};
		A63C7EAA1D2C5FD300D549ED /* Classes */ = {
			isa = PBXGroup;
			children = (
				A63C7EAB1D2C5FD300D549ED /* BTCharacteristicSetNotifyValueSignalProvider.swift */,
				A63C7EAC1D2C5FD300D549ED /* BTPeripheralCharacteristicDiscoverySignalProvider.swift */,
				A63C7EAD1D2C5FD300D549ED /* BTPeripheralConnectSignalProvider.swift */,
				A63C7EAE1D2C5FD300D549ED /* BTPeripheralDataProvider.swift */,
				A63C7EAF1D2C5FD300D549ED /* BTPeripheralDisconnectSignalProvider.swift */,
				A63C7EB01D2C5FD300D549ED /* BTPeripheralScanSignalProvider.swift */,
				A63C7EB11D2C5FD300D549ED /* BTReadCharacteristicSignalProvider.swift */,
				A63C7EB21D2C5FD300D549ED /* BTRetrieveConnectedPeripheralSignalProvider.swift */,
				A63C7EB31D2C5FD300D549ED /* BTRetrievePeripheralSignalProvider.swift */,
				A63C7EB41D2C5FD300D549ED /* BTWriteCharacteristicSignalProvider.swift */,
			);
			path = Classes;
			sourceTree = "<group>";
		};
		A63C7EB51D2C5FD300D549ED /* Protocols */ = {
			isa = PBXGroup;
			children = (
				A63C7EB61D2C5FD300D549ED /* BTCentralRolePerforming.swift */,
				A63C7EB71D2C5FD300D549ED /* BTPeripheralProviding.swift */,
				A63C7EB81D2C5FD300D549ED /* BTPeripheralUpdating.swift */,
			);
			path = Protocols;
			sourceTree = "<group>";
		};
		A63C7EB91D2C5FD300D549ED /* Utilities */ = {
			isa = PBXGroup;
			children = (
				A63C7EBA1D2C5FD300D549ED /* HandlerContainer */,
			);
			path = Utilities;
			sourceTree = "<group>";
		};
		A63C7EBA1D2C5FD300D549ED /* HandlerContainer */ = {
			isa = PBXGroup;
			children = (
				A63C7EBB1D2C5FD300D549ED /* BTHandlerContainerProtocol.swift */,
				A63C7EBC1D2C5FD300D549ED /* BTHandlersContainer.swift */,
			);
			path = HandlerContainer;
			sourceTree = "<group>";
		};
		A63C7EBD1D2C5FD300D549ED /* Wrappers */ = {
			isa = PBXGroup;
			children = (
				A63C7EBE1D2C5FD300D549ED /* CentralManager */,
				A63C7EC61D2C5FD300D549ED /* Peripheral */,
				A63C7ECE1D2C5FD300D549ED /* PeripheralManager */,
			);
			path = Wrappers;
			sourceTree = "<group>";
		};
		A63C7EBE1D2C5FD300D549ED /* CentralManager */ = {
			isa = PBXGroup;
			children = (
				A63C7EBF1D2C5FD300D549ED /* BTCentralManagerAPIType.swift */,
				A63C7EC01D2C5FD300D549ED /* Protocols */,
				A63C7EC41D2C5FD300D549ED /* Proxy */,
			);
			path = CentralManager;
			sourceTree = "<group>";
		};
		A63C7EC01D2C5FD300D549ED /* Protocols */ = {
			isa = PBXGroup;
			children = (
				A63C7EC11D2C5FD300D549ED /* BTCentralManagerAPIProtocol.swift */,
				A63C7EC21D2C5FD300D549ED /* BTCentralManagerAPIWithHadlerProtocol.swift */,
				A63C7EC31D2C5FD300D549ED /* BTCentralManagerInitializibleProtocol.swift */,
			);
			path = Protocols;
			sourceTree = "<group>";
		};
		A63C7EC41D2C5FD300D549ED /* Proxy */ = {
			isa = PBXGroup;
			children = (
				A63C7EC51D2C5FD300D549ED /* BTCentralManagerProxy.swift */,
			);
			path = Proxy;
			sourceTree = "<group>";
		};
		A63C7EC61D2C5FD300D549ED /* Peripheral */ = {
			isa = PBXGroup;
			children = (
				A63C7EC71D2C5FD300D549ED /* BTPeripheralAPIType.swift */,
				A63C7EC81D2C5FD300D549ED /* Protocols */,
				A63C7ECC1D2C5FD300D549ED /* Proxy */,
			);
			path = Peripheral;
			sourceTree = "<group>";
		};
		A63C7EC81D2C5FD300D549ED /* Protocols */ = {
			isa = PBXGroup;
			children = (
				A63C7EC91D2C5FD300D549ED /* BTPeripheralAPIProtocol.swift */,
				A63C7ECA1D2C5FD300D549ED /* BTPeripheralAPIWithHandlerProtocol.swift */,
				A63C7ECB1D2C5FD300D549ED /* PeriphralFullAPIProtocol.swift */,
			);
			path = Protocols;
			sourceTree = "<group>";
		};
		A63C7ECC1D2C5FD300D549ED /* Proxy */ = {
			isa = PBXGroup;
			children = (
				A63C7ECD1D2C5FD300D549ED /* BTPeripheralProxy.swift */,
			);
			path = Proxy;
			sourceTree = "<group>";
		};
		A63C7ECE1D2C5FD300D549ED /* PeripheralManager */ = {
			isa = PBXGroup;
			children = (
				A63C7ECF1D2C5FD300D549ED /* BTPeripheralManagerAPIType.swift */,
				A63C7ED01D2C5FD300D549ED /* Protocols */,
				A63C7ED41D2C5FD300D549ED /* Proxy */,
			);
			path = PeripheralManager;
			sourceTree = "<group>";
		};
		A63C7ED01D2C5FD300D549ED /* Protocols */ = {
			isa = PBXGroup;
			children = (
				A63C7ED11D2C5FD300D549ED /* BTPeripheralManagerAPIProtocol.swift */,
				A63C7ED21D2C5FD300D549ED /* BTPeripheralManagerAPIWithHandlerProtocol.swift */,
				A63C7ED31D2C5FD300D549ED /* BTPeripheralManagerInitializableProtocol.swift */,
			);
			path = Protocols;
			sourceTree = "<group>";
		};
		A63C7ED41D2C5FD300D549ED /* Proxy */ = {
			isa = PBXGroup;
			children = (
				A63C7ED51D2C5FD300D549ED /* BTPeripheralManagerProxy.swift */,
			);
			path = Proxy;
			sourceTree = "<group>";
		};
		A6913EC01CA0319700316658 /* PeripheralViewController */ = {
			isa = PBXGroup;
			children = (
				A6913EBC1CA0319400316658 /* PeripheralViewController.swift */,
				A6913EBD1CA0319400316658 /* PeripheralViewController.xib */,
			);
			name = PeripheralViewController;
			sourceTree = "<group>";
		};
		A6F471C41D29CD34000C5C44 /* Shared */ = {
			isa = PBXGroup;
			children = (
				A63C7E5C1D2C5FD300D549ED /* Bluetooth */,
				A6F472491D29CD35000C5C44 /* Extensions */,
				A6F4724C1D29CD35000C5C44 /* Utilities */,
			);
			name = Shared;
			path = ../Shared;
			sourceTree = "<group>";
		};
		A6F472491D29CD35000C5C44 /* Extensions */ = {
			isa = PBXGroup;
			children = (
				A6F4724A1D29CD35000C5C44 /* OperarionQueue+Generation */,
			);
			path = Extensions;
			sourceTree = "<group>";
		};
		A6F4724A1D29CD35000C5C44 /* OperarionQueue+Generation */ = {
			isa = PBXGroup;
			children = (
				A6F4724B1D29CD35000C5C44 /* OperarionQueue+Generation.swift */,
			);
			path = "OperarionQueue+Generation";
			sourceTree = "<group>";
		};
		A6F4724C1D29CD35000C5C44 /* Utilities */ = {
			isa = PBXGroup;
			children = (
				A6F4724D1D29CD35000C5C44 /* Logging */,
				A6F4724F1D29CD35000C5C44 /* OperationQueueAPI */,
			);
			path = Utilities;
			sourceTree = "<group>";
		};
		A6F4724D1D29CD35000C5C44 /* Logging */ = {
			isa = PBXGroup;
			children = (
				A6F4724E1D29CD35000C5C44 /* Log.swift */,
			);
			path = Logging;
			sourceTree = "<group>";
		};
		A6F4724F1D29CD35000C5C44 /* OperationQueueAPI */ = {
			isa = PBXGroup;
			children = (
				A6F472501D29CD35000C5C44 /* OperationQueueAPI.swift */,
			);
			path = OperationQueueAPI;
			sourceTree = "<group>";
		};
		C78E0ECD3290FE3575CDA99C /* Frameworks */ = {
			isa = PBXGroup;
			children = (
				A634E61A1CA062AB00994A10 /* CoreBluetooth.framework */,
				EE7D2020CC4416E83F1508AB /* Pods_BLE_Peripheral.framework */,
				CE928A25A997D990509B5CEB /* Pods_BLE_PeripheralTests.framework */,
			);
			name = Frameworks;
			sourceTree = "<group>";
		};
/* End PBXGroup section */

/* Begin PBXNativeTarget section */
		A60F0D341C9C617E0025E3E2 /* BLE-Peripheral */ = {
			isa = PBXNativeTarget;
			buildConfigurationList = A60F0D691C9C617F0025E3E2 /* Build configuration list for PBXNativeTarget "BLE-Peripheral" */;
			buildPhases = (
				F17CA485FB570B2D561B9273 /* 📦 Check Pods Manifest.lock */,
				A60F0D311C9C617E0025E3E2 /* Sources */,
				A60F0D321C9C617E0025E3E2 /* Frameworks */,
				A60F0D331C9C617E0025E3E2 /* Resources */,
				58F296D75CDE5413EEE2B6CC /* 📦 Embed Pods Frameworks */,
				AAF95C5859CB03BC85A00C0C /* 📦 Copy Pods Resources */,
				A62DCCB61CC2DF1F00BB624B /* ShellScript */,
			);
			buildRules = (
			);
			dependencies = (
			);
			name = "BLE-Peripheral";
			productName = "BLE-Peripheral";
			productReference = A60F0D351C9C617E0025E3E2 /* BLE-Peripheral.app */;
			productType = "com.apple.product-type.application";
		};
		A60F0D5F1C9C617E0025E3E2 /* BLE-PeripheralTests */ = {
			isa = PBXNativeTarget;
			buildConfigurationList = A60F0D6C1C9C617F0025E3E2 /* Build configuration list for PBXNativeTarget "BLE-PeripheralTests" */;
			buildPhases = (
				1BA757302202B629AA37CF01 /* 📦 Check Pods Manifest.lock */,
				A60F0D5C1C9C617E0025E3E2 /* Sources */,
				A60F0D5D1C9C617E0025E3E2 /* Frameworks */,
				A60F0D5E1C9C617E0025E3E2 /* Resources */,
				6094A5B4963780545B5D9B63 /* 📦 Embed Pods Frameworks */,
				EBC26D458CDBD10FDAC35859 /* 📦 Copy Pods Resources */,
			);
			buildRules = (
			);
			dependencies = (
				A60F0D621C9C617E0025E3E2 /* PBXTargetDependency */,
			);
			name = "BLE-PeripheralTests";
			productName = "BLE-PeripheralTests";
			productReference = A60F0D601C9C617E0025E3E2 /* BLE-PeripheralTests.xctest */;
			productType = "com.apple.product-type.bundle.unit-test";
		};
/* End PBXNativeTarget section */

/* Begin PBXProject section */
		A60F0D2D1C9C617E0025E3E2 /* Project object */ = {
			isa = PBXProject;
			attributes = {
				LastSwiftUpdateCheck = 0730;
				LastUpgradeCheck = 0720;
				ORGANIZATIONNAME = d503;
				TargetAttributes = {
					A60F0D341C9C617E0025E3E2 = {
						CreatedOnToolsVersion = 7.2.1;
					};
					A60F0D5F1C9C617E0025E3E2 = {
						CreatedOnToolsVersion = 7.2.1;
						TestTargetID = A60F0D341C9C617E0025E3E2;
					};
				};
			};
			buildConfigurationList = A60F0D301C9C617E0025E3E2 /* Build configuration list for PBXProject "BLE-Peripheral" */;
			compatibilityVersion = "Xcode 3.2";
			developmentRegion = English;
			hasScannedForEncodings = 0;
			knownRegions = (
				en,
				Base,
			);
			mainGroup = A60F0D2C1C9C617E0025E3E2;
			productRefGroup = A60F0D361C9C617E0025E3E2 /* Products */;
			projectDirPath = "";
			projectRoot = "";
			targets = (
				A60F0D341C9C617E0025E3E2 /* BLE-Peripheral */,
				A60F0D5F1C9C617E0025E3E2 /* BLE-PeripheralTests */,
			);
		};
/* End PBXProject section */

/* Begin PBXResourcesBuildPhase section */
		A60F0D331C9C617E0025E3E2 /* Resources */ = {
			isa = PBXResourcesBuildPhase;
			buildActionMask = 2147483647;
			files = (
				A60F0D5A1C9C617E0025E3E2 /* LaunchScreen.storyboard in Resources */,
				A60F0D3A1C9C617E0025E3E2 /* Assets.xcassets in Resources */,
				A6913EBF1CA0319400316658 /* PeripheralViewController.xib in Resources */,
			);
			runOnlyForDeploymentPostprocessing = 0;
		};
		A60F0D5E1C9C617E0025E3E2 /* Resources */ = {
			isa = PBXResourcesBuildPhase;
			buildActionMask = 2147483647;
			files = (
			);
			runOnlyForDeploymentPostprocessing = 0;
		};
/* End PBXResourcesBuildPhase section */

/* Begin PBXShellScriptBuildPhase section */
		1BA757302202B629AA37CF01 /* 📦 Check Pods Manifest.lock */ = {
			isa = PBXShellScriptBuildPhase;
			buildActionMask = 2147483647;
			files = (
			);
			inputPaths = (
			);
			name = "📦 Check Pods Manifest.lock";
			outputPaths = (
			);
			runOnlyForDeploymentPostprocessing = 0;
			shellPath = /bin/sh;
			shellScript = "diff \"${PODS_ROOT}/../Podfile.lock\" \"${PODS_ROOT}/Manifest.lock\" > /dev/null\nif [[ $? != 0 ]] ; then\n    cat << EOM\nerror: The sandbox is not in sync with the Podfile.lock. Run 'pod install' or update your CocoaPods installation.\nEOM\n    exit 1\nfi\n";
			showEnvVarsInLog = 0;
		};
		58F296D75CDE5413EEE2B6CC /* 📦 Embed Pods Frameworks */ = {
			isa = PBXShellScriptBuildPhase;
			buildActionMask = 2147483647;
			files = (
			);
			inputPaths = (
			);
			name = "📦 Embed Pods Frameworks";
			outputPaths = (
			);
			runOnlyForDeploymentPostprocessing = 0;
			shellPath = /bin/sh;
			shellScript = "\"${SRCROOT}/../Pods/Target Support Files/Pods-BLE-Peripheral/Pods-BLE-Peripheral-frameworks.sh\"\n";
			showEnvVarsInLog = 0;
		};
		6094A5B4963780545B5D9B63 /* 📦 Embed Pods Frameworks */ = {
			isa = PBXShellScriptBuildPhase;
			buildActionMask = 2147483647;
			files = (
			);
			inputPaths = (
			);
			name = "📦 Embed Pods Frameworks";
			outputPaths = (
			);
			runOnlyForDeploymentPostprocessing = 0;
			shellPath = /bin/sh;
			shellScript = "\"${SRCROOT}/../Pods/Target Support Files/Pods-BLE-PeripheralTests/Pods-BLE-PeripheralTests-frameworks.sh\"\n";
			showEnvVarsInLog = 0;
		};
		A62DCCB61CC2DF1F00BB624B /* ShellScript */ = {
			isa = PBXShellScriptBuildPhase;
			buildActionMask = 2147483647;
			files = (
			);
			inputPaths = (
			);
			outputPaths = (
			);
			runOnlyForDeploymentPostprocessing = 0;
			shellPath = /bin/sh;
			shellScript = "TAGS=\"TODO:|FIXME:\"\necho \"searching ${SRCROOT} for ${TAGS}\"\nfind \"${SRCROOT}\"/../ \\( -name \"*.swift\" \\) -print0 | xargs -0 egrep --with-filename --line-number --only-matching \"($TAGS).*\\$\" | perl -p -e \"s/($TAGS)/ warning: \\$1/\"";
		};
		AAF95C5859CB03BC85A00C0C /* 📦 Copy Pods Resources */ = {
			isa = PBXShellScriptBuildPhase;
			buildActionMask = 2147483647;
			files = (
			);
			inputPaths = (
			);
			name = "📦 Copy Pods Resources";
			outputPaths = (
			);
			runOnlyForDeploymentPostprocessing = 0;
			shellPath = /bin/sh;
			shellScript = "\"${SRCROOT}/../Pods/Target Support Files/Pods-BLE-Peripheral/Pods-BLE-Peripheral-resources.sh\"\n";
			showEnvVarsInLog = 0;
		};
		EBC26D458CDBD10FDAC35859 /* 📦 Copy Pods Resources */ = {
			isa = PBXShellScriptBuildPhase;
			buildActionMask = 2147483647;
			files = (
			);
			inputPaths = (
			);
			name = "📦 Copy Pods Resources";
			outputPaths = (
			);
			runOnlyForDeploymentPostprocessing = 0;
			shellPath = /bin/sh;
			shellScript = "\"${SRCROOT}/../Pods/Target Support Files/Pods-BLE-PeripheralTests/Pods-BLE-PeripheralTests-resources.sh\"\n";
			showEnvVarsInLog = 0;
		};
		F17CA485FB570B2D561B9273 /* 📦 Check Pods Manifest.lock */ = {
			isa = PBXShellScriptBuildPhase;
			buildActionMask = 2147483647;
			files = (
			);
			inputPaths = (
			);
			name = "📦 Check Pods Manifest.lock";
			outputPaths = (
			);
			runOnlyForDeploymentPostprocessing = 0;
			shellPath = /bin/sh;
			shellScript = "diff \"${PODS_ROOT}/../Podfile.lock\" \"${PODS_ROOT}/Manifest.lock\" > /dev/null\nif [[ $? != 0 ]] ; then\n    cat << EOM\nerror: The sandbox is not in sync with the Podfile.lock. Run 'pod install' or update your CocoaPods installation.\nEOM\n    exit 1\nfi\n";
			showEnvVarsInLog = 0;
		};
/* End PBXShellScriptBuildPhase section */

/* Begin PBXSourcesBuildPhase section */
		A60F0D311C9C617E0025E3E2 /* Sources */ = {
			isa = PBXSourcesBuildPhase;
			buildActionMask = 2147483647;
			files = (
				A63C7EE01D2C5FD300D549ED /* CBCharacteristicProperties+StringConvertible.swift in Sources */,
				A63C7EDA1D2C5FD300D549ED /* BTPeripheralAPIProtocol+FindCharacretistics.swift in Sources */,
				A63C7F031D2C5FD300D549ED /* BTCentralRolePerformer.swift in Sources */,
				A63C7EDC1D2C5FD300D549ED /* CBCharacteristic+Description.swift in Sources */,
				A63C7F081D2C5FD300D549ED /* BTPeripheralDataProvider.swift in Sources */,
				A63C7F0B1D2C5FD300D549ED /* BTReadCharacteristicSignalProvider.swift in Sources */,
				A63C7F0A1D2C5FD300D549ED /* BTPeripheralScanSignalProvider.swift in Sources */,
				A63C7EF71D2C5FD300D549ED /* BTPeripheralOperation.swift in Sources */,
				A63C7EFE1D2C5FD300D549ED /* BTPeripheralManagerPoweredOnCondition.swift in Sources */,
				A6913EBE1CA0319400316658 /* PeripheralViewController.swift in Sources */,
				A63C7EF81D2C5FD300D549ED /* BTPeripheralConnectedCondition.swift in Sources */,
				A63C7F111D2C5FD300D549ED /* BTPeripheralUpdating.swift in Sources */,
				A63C7EEE1D2C5FD300D549ED /* BTBaseCondition.swift in Sources */,
				A63C7EF41D2C5FD300D549ED /* BTCentralManagerDisconnectingOperation.swift in Sources */,
				A63C7EF61D2C5FD300D549ED /* BTErrors.swift in Sources */,
				A63C7EFC1D2C5FD300D549ED /* BTPeripheralWriteValueOperation.swift in Sources */,
				A63C7EF51D2C5FD300D549ED /* BTCentralManagerScanningOperation.swift in Sources */,
				A63C7F101D2C5FD300D549ED /* BTPeripheralProviding.swift in Sources */,
				A63C7F0C1D2C5FD300D549ED /* BTRetrieveConnectedPeripheralSignalProvider.swift in Sources */,
				A63C7EED1D2C5FD300D549ED /* BTPeripheralManagerLoggingHandler.swift in Sources */,
				A63C7F201D2C5FD300D549ED /* BTPeripheralManagerAPIWithHandlerProtocol.swift in Sources */,
				A63C7ED61D2C5FD300D549ED /* BTCharacteristicDiscoveryCore.swift in Sources */,
				A63C7F051D2C5FD300D549ED /* BTCharacteristicSetNotifyValueSignalProvider.swift in Sources */,
				A63C7F1D1D2C5FD300D549ED /* BTPeripheralProxy.swift in Sources */,
				A63C7F141D2C5FD300D549ED /* BTCentralManagerAPIType.swift in Sources */,
				A63C7F131D2C5FD300D549ED /* BTHandlersContainer.swift in Sources */,
				A63C7F0E1D2C5FD300D549ED /* BTWriteCharacteristicSignalProvider.swift in Sources */,
				A63C7F171D2C5FD300D549ED /* BTCentralManagerInitializibleProtocol.swift in Sources */,
				A63C7F0D1D2C5FD300D549ED /* BTRetrievePeripheralSignalProvider.swift in Sources */,
				A60F0D421C9C617E0025E3E2 /* CustomLogFormatter.swift in Sources */,
				A60F0D3C1C9C617E0025E3E2 /* AppDelegate.swift in Sources */,
				A63C7EF11D2C5FD300D549ED /* BTCentralManagerOperation.swift in Sources */,
				A63C7F1C1D2C5FD300D549ED /* PeriphralFullAPIProtocol.swift in Sources */,
				A63C7F191D2C5FD300D549ED /* BTPeripheralAPIType.swift in Sources */,
				A63C7EEA1D2C5FD300D549ED /* BTPeripheralLoggingHandler.swift in Sources */,
				A63C7F1F1D2C5FD300D549ED /* BTPeripheralManagerAPIProtocol.swift in Sources */,
				A6F472A71D29CD35000C5C44 /* OperationQueueAPI.swift in Sources */,
				A63C7EE41D2C5FD300D549ED /* BTCustomQueueHandler.swift in Sources */,
				A63C7EF31D2C5FD300D549ED /* BTCentralManagerConnectingOperation.swift in Sources */,
				A63C7EFB1D2C5FD300D549ED /* BTPeripheralSetNotifyValueOperation.swift in Sources */,
				A63C7ED81D2C5FD300D549ED /* BTPrototypes.swift in Sources */,
				A6F472A61D29CD35000C5C44 /* Log.swift in Sources */,
				A63C7EFD1D2C5FD300D549ED /* BTPeripheralManagerOperation.swift in Sources */,
				A63C7F221D2C5FD300D549ED /* BTPeripheralManagerProxy.swift in Sources */,
				A63C7EEB1D2C5FD300D549ED /* BTPeripheralManagerHandlerProtocol.swift in Sources */,
				A63C7F151D2C5FD300D549ED /* BTCentralManagerAPIProtocol.swift in Sources */,
				A63C7EDF1D2C5FD300D549ED /* CBCentralManagerState+StringConvertible.swift in Sources */,
				A63C7ED91D2C5FD300D549ED /* BTTypes.swift in Sources */,
				A63C7EDB1D2C5FD300D549ED /* BTPeripheralProxy+Description.swift in Sources */,
				A63C7F161D2C5FD300D549ED /* BTCentralManagerAPIWithHadlerProtocol.swift in Sources */,
				A63C7EF91D2C5FD300D549ED /* BTPeripheralCharacteristicDiscoveryOperation.swift in Sources */,
				A63C7F061D2C5FD300D549ED /* BTPeripheralCharacteristicDiscoverySignalProvider.swift in Sources */,
				A63C7F091D2C5FD300D549ED /* BTPeripheralDisconnectSignalProvider.swift in Sources */,
				A63C7F071D2C5FD300D549ED /* BTPeripheralConnectSignalProvider.swift in Sources */,
				A63C7EDD1D2C5FD300D549ED /* CBService+Description.swift in Sources */,
				A63C7F181D2C5FD300D549ED /* BTCentralManagerProxy.swift in Sources */,
				A63C7EEC1D2C5FD300D549ED /* BTPeripheralManagerBlockHandler.swift in Sources */,
				A62481861D22A3450079AEB8 /* Config+Logging.swift in Sources */,
				A63C7EE81D2C5FD300D549ED /* BTPeripheralHandlerProtocol.swift in Sources */,
				A63C7EF01D2C5FD300D549ED /* BTOperationResult.swift in Sources */,
				A63C7F011D2C5FD300D549ED /* BTAddServicesOperation.swift in Sources */,
				A63C7EE71D2C5FD300D549ED /* BTCentralManagerLoggingHandler.swift in Sources */,
				A63C7EEF1D2C5FD300D549ED /* BTOperation.swift in Sources */,
				A63C7EFA1D2C5FD300D549ED /* BTPeripheralReadValueOperation.swift in Sources */,
				A63C7F1E1D2C5FD300D549ED /* BTPeripheralManagerAPIType.swift in Sources */,
				A63C7EFF1D2C5FD300D549ED /* BTPeripheralNotAdvertisingCondition.swift in Sources */,
				A63C7EF21D2C5FD300D549ED /* BTCentralManagerPoweredOnCondition.swift in Sources */,
				A63C7EE11D2C5FD300D549ED /* CBPeripheralManagerState+StringConvertible.swift in Sources */,
				A63C7F001D2C5FD300D549ED /* BTServiceNotAddedCondition.swift in Sources */,
				A6F472A51D29CD35000C5C44 /* OperarionQueue+Generation.swift in Sources */,
				A63C7EE61D2C5FD300D549ED /* BTCentalManagerBlockHandler.swift in Sources */,
				A63C7F041D2C5FD300D549ED /* BTPeripheralRolePerformer.swift in Sources */,
				A63C7EE51D2C5FD300D549ED /* BTCentralManagerHandlerProtocol.swift in Sources */,
				A60F0D441C9C617E0025E3E2 /* Config.swift in Sources */,
				A63C7F211D2C5FD300D549ED /* BTPeripheralManagerInitializableProtocol.swift in Sources */,
				A63C7EE31D2C5FD300D549ED /* CBUUID+Description.swift in Sources */,
				A63C7F0F1D2C5FD300D549ED /* BTCentralRolePerforming.swift in Sources */,
				A63C7F121D2C5FD300D549ED /* BTHandlerContainerProtocol.swift in Sources */,
				A63C7F1B1D2C5FD300D549ED /* BTPeripheralAPIWithHandlerProtocol.swift in Sources */,
				A63C7F021D2C5FD300D549ED /* BTStartAdvertisingOperation.swift in Sources */,
				A63C7EE91D2C5FD300D549ED /* BTPeripheralBlockHandler.swift in Sources */,
				A63C7F1A1D2C5FD300D549ED /* BTPeripheralAPIProtocol.swift in Sources */,
				A63C7ED71D2C5FD300D549ED /* BTPeripheral.swift in Sources */,
				A63C7EE21D2C5FD300D549ED /* CBPeripheralState+StringConvertible.swift in Sources */,
				A63C7EDE1D2C5FD300D549ED /* CBAttributePermissions+StringConvertible.swift in Sources */,
			);
			runOnlyForDeploymentPostprocessing = 0;
		};
		A60F0D5C1C9C617E0025E3E2 /* Sources */ = {
			isa = PBXSourcesBuildPhase;
			buildActionMask = 2147483647;
			files = (
			);
			runOnlyForDeploymentPostprocessing = 0;
		};
/* End PBXSourcesBuildPhase section */

/* Begin PBXTargetDependency section */
		A60F0D621C9C617E0025E3E2 /* PBXTargetDependency */ = {
			isa = PBXTargetDependency;
			target = A60F0D341C9C617E0025E3E2 /* BLE-Peripheral */;
			targetProxy = A60F0D611C9C617E0025E3E2 /* PBXContainerItemProxy */;
		};
/* End PBXTargetDependency section */

/* Begin PBXVariantGroup section */
		A60F0D581C9C617E0025E3E2 /* LaunchScreen.storyboard */ = {
			isa = PBXVariantGroup;
			children = (
				A60F0D591C9C617E0025E3E2 /* Base */,
			);
			name = LaunchScreen.storyboard;
			sourceTree = "<group>";
		};
/* End PBXVariantGroup section */

/* Begin XCBuildConfiguration section */
		A60F0D671C9C617F0025E3E2 /* Debug */ = {
			isa = XCBuildConfiguration;
			buildSettings = {
				ALWAYS_SEARCH_USER_PATHS = NO;
				CLANG_CXX_LANGUAGE_STANDARD = "gnu++0x";
				CLANG_CXX_LIBRARY = "libc++";
				CLANG_ENABLE_MODULES = YES;
				CLANG_ENABLE_OBJC_ARC = YES;
				CLANG_WARN_BOOL_CONVERSION = YES;
				CLANG_WARN_CONSTANT_CONVERSION = YES;
				CLANG_WARN_DIRECT_OBJC_ISA_USAGE = YES_ERROR;
				CLANG_WARN_EMPTY_BODY = YES;
				CLANG_WARN_ENUM_CONVERSION = YES;
				CLANG_WARN_INT_CONVERSION = YES;
				CLANG_WARN_OBJC_ROOT_CLASS = YES_ERROR;
				CLANG_WARN_UNREACHABLE_CODE = YES;
				CLANG_WARN__DUPLICATE_METHOD_MATCH = YES;
				"CODE_SIGN_IDENTITY[sdk=iphoneos*]" = "iPhone Developer";
				COPY_PHASE_STRIP = NO;
				DEBUG_INFORMATION_FORMAT = dwarf;
				ENABLE_STRICT_OBJC_MSGSEND = YES;
				ENABLE_TESTABILITY = YES;
				GCC_C_LANGUAGE_STANDARD = gnu99;
				GCC_DYNAMIC_NO_PIC = NO;
				GCC_NO_COMMON_BLOCKS = YES;
				GCC_OPTIMIZATION_LEVEL = 0;
				GCC_PREPROCESSOR_DEFINITIONS = (
					"DEBUG=1",
					"$(inherited)",
				);
				GCC_WARN_64_TO_32_BIT_CONVERSION = YES;
				GCC_WARN_ABOUT_RETURN_TYPE = YES_ERROR;
				GCC_WARN_UNDECLARED_SELECTOR = YES;
				GCC_WARN_UNINITIALIZED_AUTOS = YES_AGGRESSIVE;
				GCC_WARN_UNUSED_FUNCTION = YES;
				GCC_WARN_UNUSED_VARIABLE = YES;
				IPHONEOS_DEPLOYMENT_TARGET = 9.2;
				MTL_ENABLE_DEBUG_INFO = YES;
				ONLY_ACTIVE_ARCH = YES;
				SDKROOT = iphoneos;
				SWIFT_OPTIMIZATION_LEVEL = "-Onone";
				TARGETED_DEVICE_FAMILY = "1,2";
			};
			name = Debug;
		};
		A60F0D681C9C617F0025E3E2 /* Release */ = {
			isa = XCBuildConfiguration;
			buildSettings = {
				ALWAYS_SEARCH_USER_PATHS = NO;
				CLANG_CXX_LANGUAGE_STANDARD = "gnu++0x";
				CLANG_CXX_LIBRARY = "libc++";
				CLANG_ENABLE_MODULES = YES;
				CLANG_ENABLE_OBJC_ARC = YES;
				CLANG_WARN_BOOL_CONVERSION = YES;
				CLANG_WARN_CONSTANT_CONVERSION = YES;
				CLANG_WARN_DIRECT_OBJC_ISA_USAGE = YES_ERROR;
				CLANG_WARN_EMPTY_BODY = YES;
				CLANG_WARN_ENUM_CONVERSION = YES;
				CLANG_WARN_INT_CONVERSION = YES;
				CLANG_WARN_OBJC_ROOT_CLASS = YES_ERROR;
				CLANG_WARN_UNREACHABLE_CODE = YES;
				CLANG_WARN__DUPLICATE_METHOD_MATCH = YES;
				"CODE_SIGN_IDENTITY[sdk=iphoneos*]" = "iPhone Developer";
				COPY_PHASE_STRIP = NO;
				DEBUG_INFORMATION_FORMAT = "dwarf-with-dsym";
				ENABLE_NS_ASSERTIONS = NO;
				ENABLE_STRICT_OBJC_MSGSEND = YES;
				GCC_C_LANGUAGE_STANDARD = gnu99;
				GCC_NO_COMMON_BLOCKS = YES;
				GCC_WARN_64_TO_32_BIT_CONVERSION = YES;
				GCC_WARN_ABOUT_RETURN_TYPE = YES_ERROR;
				GCC_WARN_UNDECLARED_SELECTOR = YES;
				GCC_WARN_UNINITIALIZED_AUTOS = YES_AGGRESSIVE;
				GCC_WARN_UNUSED_FUNCTION = YES;
				GCC_WARN_UNUSED_VARIABLE = YES;
				IPHONEOS_DEPLOYMENT_TARGET = 9.2;
				MTL_ENABLE_DEBUG_INFO = NO;
				SDKROOT = iphoneos;
				TARGETED_DEVICE_FAMILY = "1,2";
				VALIDATE_PRODUCT = YES;
			};
			name = Release;
		};
		A60F0D6A1C9C617F0025E3E2 /* Debug */ = {
			isa = XCBuildConfiguration;
			baseConfigurationReference = 162E591DF0DE7D8F562606AC /* Pods-BLE-Peripheral.debug.xcconfig */;
			buildSettings = {
				ASSETCATALOG_COMPILER_APPICON_NAME = AppIcon;
				EXCLUDED_SOURCE_FILE_NAMES = "";
				GCC_PRECOMPILE_PREFIX_HEADER = NO;
				INFOPLIST_FILE = "BLE-Peripheral/Info.plist";
				IPHONEOS_DEPLOYMENT_TARGET = 8.0;
				LD_RUNPATH_SEARCH_PATHS = "$(inherited) @executable_path/Frameworks";
				OTHER_SWIFT_FLAGS = "$(inherited) \"-D\" \"COCOAPODS\" \"-D\" \"FLEX_ENABLED\"";
				PRODUCT_BUNDLE_IDENTIFIER = "com.d03.BLE-Peripheral";
				PRODUCT_NAME = "$(TARGET_NAME)";
			};
			name = Debug;
		};
		A60F0D6B1C9C617F0025E3E2 /* Release */ = {
			isa = XCBuildConfiguration;
			baseConfigurationReference = B6BBA2B2011C9354FAF62089 /* Pods-BLE-Peripheral.release.xcconfig */;
			buildSettings = {
				ASSETCATALOG_COMPILER_APPICON_NAME = AppIcon;
				EXCLUDED_SOURCE_FILE_NAMES = "";
				GCC_PRECOMPILE_PREFIX_HEADER = NO;
				INFOPLIST_FILE = "BLE-Peripheral/Info.plist";
				IPHONEOS_DEPLOYMENT_TARGET = 8.0;
				LD_RUNPATH_SEARCH_PATHS = "$(inherited) @executable_path/Frameworks";
				OTHER_SWIFT_FLAGS = "$(inherited) \"-D\" \"COCOAPODS\" \"-D\" \"FLEX_ENABLED\"";
				PRODUCT_BUNDLE_IDENTIFIER = "com.d03.BLE-Peripheral";
				PRODUCT_NAME = "$(TARGET_NAME)";
			};
			name = Release;
		};
		A60F0D6D1C9C617F0025E3E2 /* Debug */ = {
			isa = XCBuildConfiguration;
			baseConfigurationReference = F64767FA37CEB82970A330D8 /* Pods-BLE-PeripheralTests.debug.xcconfig */;
			buildSettings = {
				BUNDLE_LOADER = "$(TEST_HOST)";
				CLANG_ENABLE_MODULES = YES;
				INFOPLIST_FILE = "BLE-PeripheralTests/Info.plist";
				LD_RUNPATH_SEARCH_PATHS = "$(inherited) @executable_path/Frameworks @loader_path/Frameworks";
				PRODUCT_BUNDLE_IDENTIFIER = "com.d03.BLE-PeripheralTests";
				PRODUCT_NAME = "$(TARGET_NAME)";
				SWIFT_OBJC_BRIDGING_HEADER = "BLE-PeripheralTests/BLE-PeripheralTests-Bridging-Header.h";
				SWIFT_OPTIMIZATION_LEVEL = "-Onone";
				TEST_HOST = "$(BUILT_PRODUCTS_DIR)/BLE-Peripheral.app/BLE-Peripheral";
			};
			name = Debug;
		};
		A60F0D6E1C9C617F0025E3E2 /* Release */ = {
			isa = XCBuildConfiguration;
			baseConfigurationReference = 7CC69ADB8E65DC41B0235676 /* Pods-BLE-PeripheralTests.release.xcconfig */;
			buildSettings = {
				BUNDLE_LOADER = "$(TEST_HOST)";
				CLANG_ENABLE_MODULES = YES;
				INFOPLIST_FILE = "BLE-PeripheralTests/Info.plist";
				LD_RUNPATH_SEARCH_PATHS = "$(inherited) @executable_path/Frameworks @loader_path/Frameworks";
				PRODUCT_BUNDLE_IDENTIFIER = "com.d03.BLE-PeripheralTests";
				PRODUCT_NAME = "$(TARGET_NAME)";
				SWIFT_OBJC_BRIDGING_HEADER = "BLE-PeripheralTests/BLE-PeripheralTests-Bridging-Header.h";
				TEST_HOST = "$(BUILT_PRODUCTS_DIR)/BLE-Peripheral.app/BLE-Peripheral";
			};
			name = Release;
		};
/* End XCBuildConfiguration section */

/* Begin XCConfigurationList section */
		A60F0D301C9C617E0025E3E2 /* Build configuration list for PBXProject "BLE-Peripheral" */ = {
			isa = XCConfigurationList;
			buildConfigurations = (
				A60F0D671C9C617F0025E3E2 /* Debug */,
				A60F0D681C9C617F0025E3E2 /* Release */,
			);
			defaultConfigurationIsVisible = 0;
			defaultConfigurationName = Release;
		};
		A60F0D691C9C617F0025E3E2 /* Build configuration list for PBXNativeTarget "BLE-Peripheral" */ = {
			isa = XCConfigurationList;
			buildConfigurations = (
				A60F0D6A1C9C617F0025E3E2 /* Debug */,
				A60F0D6B1C9C617F0025E3E2 /* Release */,
			);
			defaultConfigurationIsVisible = 0;
			defaultConfigurationName = Release;
		};
		A60F0D6C1C9C617F0025E3E2 /* Build configuration list for PBXNativeTarget "BLE-PeripheralTests" */ = {
			isa = XCConfigurationList;
			buildConfigurations = (
				A60F0D6D1C9C617F0025E3E2 /* Debug */,
				A60F0D6E1C9C617F0025E3E2 /* Release */,
			);
			defaultConfigurationIsVisible = 0;
			defaultConfigurationName = Release;
		};
/* End XCConfigurationList section */
	};
	rootObject = A60F0D2D1C9C617E0025E3E2 /* Project object */;
}
