// !$*UTF8*$!
{
	archiveVersion = 1;
	classes = {
	};
	objectVersion = 46;
	objects = {

/* Begin PBXBuildFile section */
		A60F0D3A1C9C617E0025E3E2 /* Assets.xcassets in Resources */ = {isa = PBXBuildFile; fileRef = A60F0D391C9C617E0025E3E2 /* Assets.xcassets */; };
		A60F0D3C1C9C617E0025E3E2 /* AppDelegate.swift in Sources */ = {isa = PBXBuildFile; fileRef = A60F0D3B1C9C617E0025E3E2 /* AppDelegate.swift */; };
		A60F0D421C9C617E0025E3E2 /* CustomLogFormatter.swift in Sources */ = {isa = PBXBuildFile; fileRef = A60F0D411C9C617E0025E3E2 /* CustomLogFormatter.swift */; };
		A60F0D441C9C617E0025E3E2 /* Config.swift in Sources */ = {isa = PBXBuildFile; fileRef = A60F0D431C9C617E0025E3E2 /* Config.swift */; };
		A60F0D5A1C9C617E0025E3E2 /* LaunchScreen.storyboard in Resources */ = {isa = PBXBuildFile; fileRef = A60F0D581C9C617E0025E3E2 /* LaunchScreen.storyboard */; };
		A62F1E821CFC5C3E00F7C5AD /* BTCharacteristicDiscoveryCore.swift in Sources */ = {isa = PBXBuildFile; fileRef = A62F1E271CFC5C3D00F7C5AD /* BTCharacteristicDiscoveryCore.swift */; };
		A62F1E831CFC5C3E00F7C5AD /* BTTypes.swift in Sources */ = {isa = PBXBuildFile; fileRef = A62F1E281CFC5C3D00F7C5AD /* BTTypes.swift */; };
		A62F1E841CFC5C3E00F7C5AD /* CBCentralManagerState+StringConvertible.swift in Sources */ = {isa = PBXBuildFile; fileRef = A62F1E2A1CFC5C3D00F7C5AD /* CBCentralManagerState+StringConvertible.swift */; };
		A62F1E851CFC5C3E00F7C5AD /* CBPeripheralManagerState+StringConvertible.swift in Sources */ = {isa = PBXBuildFile; fileRef = A62F1E2B1CFC5C3D00F7C5AD /* CBPeripheralManagerState+StringConvertible.swift */; };
		A62F1E861CFC5C3E00F7C5AD /* CBPeripheralState+StringConvertible.swift in Sources */ = {isa = PBXBuildFile; fileRef = A62F1E2C1CFC5C3E00F7C5AD /* CBPeripheralState+StringConvertible.swift */; };
		A62F1E871CFC5C3E00F7C5AD /* BTCustomQueueHandler.swift in Sources */ = {isa = PBXBuildFile; fileRef = A62F1E2E1CFC5C3E00F7C5AD /* BTCustomQueueHandler.swift */; };
		A62F1E881CFC5C3E00F7C5AD /* BTCentralManagerHandlerProtocol.swift in Sources */ = {isa = PBXBuildFile; fileRef = A62F1E301CFC5C3E00F7C5AD /* BTCentralManagerHandlerProtocol.swift */; };
		A62F1E891CFC5C3E00F7C5AD /* BTCentalManagerBlockHandler.swift in Sources */ = {isa = PBXBuildFile; fileRef = A62F1E321CFC5C3E00F7C5AD /* BTCentalManagerBlockHandler.swift */; };
		A62F1E8A1CFC5C3E00F7C5AD /* BTCentralManagerLoggingHandler.swift in Sources */ = {isa = PBXBuildFile; fileRef = A62F1E331CFC5C3E00F7C5AD /* BTCentralManagerLoggingHandler.swift */; };
		A62F1E8B1CFC5C3E00F7C5AD /* BTPeripheralHandlerProtocol.swift in Sources */ = {isa = PBXBuildFile; fileRef = A62F1E351CFC5C3E00F7C5AD /* BTPeripheralHandlerProtocol.swift */; };
		A62F1E8C1CFC5C3E00F7C5AD /* BTPeripheralBlockHandler.swift in Sources */ = {isa = PBXBuildFile; fileRef = A62F1E371CFC5C3E00F7C5AD /* BTPeripheralBlockHandler.swift */; };
		A62F1E8D1CFC5C3E00F7C5AD /* BTPeripheralLoggingHandler.swift in Sources */ = {isa = PBXBuildFile; fileRef = A62F1E381CFC5C3E00F7C5AD /* BTPeripheralLoggingHandler.swift */; };
		A62F1E8E1CFC5C3E00F7C5AD /* BTPeripheralManagerHandlerProtocol.swift in Sources */ = {isa = PBXBuildFile; fileRef = A62F1E3A1CFC5C3E00F7C5AD /* BTPeripheralManagerHandlerProtocol.swift */; };
		A62F1E8F1CFC5C3E00F7C5AD /* BTPeripheralManagerBlockHandler.swift in Sources */ = {isa = PBXBuildFile; fileRef = A62F1E3C1CFC5C3E00F7C5AD /* BTPeripheralManagerBlockHandler.swift */; };
		A62F1E901CFC5C3E00F7C5AD /* BTPeripheralManagerLoggingHandler.swift in Sources */ = {isa = PBXBuildFile; fileRef = A62F1E3D1CFC5C3E00F7C5AD /* BTPeripheralManagerLoggingHandler.swift */; };
		A62F1E911CFC5C3E00F7C5AD /* BTBaseCondition.swift in Sources */ = {isa = PBXBuildFile; fileRef = A62F1E3F1CFC5C3E00F7C5AD /* BTBaseCondition.swift */; };
		A62F1E921CFC5C3E00F7C5AD /* BTOperationResult.swift in Sources */ = {isa = PBXBuildFile; fileRef = A62F1E401CFC5C3E00F7C5AD /* BTOperationResult.swift */; };
		A62F1E931CFC5C3E00F7C5AD /* BTCentralManagerOperation.swift in Sources */ = {isa = PBXBuildFile; fileRef = A62F1E421CFC5C3E00F7C5AD /* BTCentralManagerOperation.swift */; };
		A62F1E941CFC5C3E00F7C5AD /* BTCentralManagerPoweredOnCondition.swift in Sources */ = {isa = PBXBuildFile; fileRef = A62F1E441CFC5C3E00F7C5AD /* BTCentralManagerPoweredOnCondition.swift */; };
		A62F1E951CFC5C3E00F7C5AD /* BTCentralManagerConnectingOperation.swift in Sources */ = {isa = PBXBuildFile; fileRef = A62F1E461CFC5C3E00F7C5AD /* BTCentralManagerConnectingOperation.swift */; };
		A62F1E961CFC5C3E00F7C5AD /* BTCentralManagerDisconnectingOperation.swift in Sources */ = {isa = PBXBuildFile; fileRef = A62F1E471CFC5C3E00F7C5AD /* BTCentralManagerDisconnectingOperation.swift */; };
		A62F1E971CFC5C3E00F7C5AD /* BTCentralManagerScanningOperation.swift in Sources */ = {isa = PBXBuildFile; fileRef = A62F1E481CFC5C3E00F7C5AD /* BTCentralManagerScanningOperation.swift */; };
		A62F1E981CFC5C3E00F7C5AD /* BTErrors.swift in Sources */ = {isa = PBXBuildFile; fileRef = A62F1E4A1CFC5C3E00F7C5AD /* BTErrors.swift */; };
		A62F1E991CFC5C3E00F7C5AD /* BTPeripheralOperation.swift in Sources */ = {isa = PBXBuildFile; fileRef = A62F1E4C1CFC5C3E00F7C5AD /* BTPeripheralOperation.swift */; };
		A62F1E9A1CFC5C3E00F7C5AD /* BTPeripheralConnectedCondition.swift in Sources */ = {isa = PBXBuildFile; fileRef = A62F1E4E1CFC5C3E00F7C5AD /* BTPeripheralConnectedCondition.swift */; };
		A62F1E9B1CFC5C3E00F7C5AD /* BTPeripheralCharacteristicDiscoveryOperation.swift in Sources */ = {isa = PBXBuildFile; fileRef = A62F1E501CFC5C3E00F7C5AD /* BTPeripheralCharacteristicDiscoveryOperation.swift */; };
		A62F1E9C1CFC5C3E00F7C5AD /* BTPeripheralReadValueOperation.swift in Sources */ = {isa = PBXBuildFile; fileRef = A62F1E511CFC5C3E00F7C5AD /* BTPeripheralReadValueOperation.swift */; };
		A62F1E9D1CFC5C3E00F7C5AD /* BTPeripheralSetNotifyValueOperation.swift in Sources */ = {isa = PBXBuildFile; fileRef = A62F1E521CFC5C3E00F7C5AD /* BTPeripheralSetNotifyValueOperation.swift */; };
		A62F1E9E1CFC5C3E00F7C5AD /* BTPeripheralWriteValueOperation.swift in Sources */ = {isa = PBXBuildFile; fileRef = A62F1E531CFC5C3E00F7C5AD /* BTPeripheralWriteValueOperation.swift */; };
		A62F1E9F1CFC5C3E00F7C5AD /* BTPeripheralManagerOperation.swift in Sources */ = {isa = PBXBuildFile; fileRef = A62F1E551CFC5C3E00F7C5AD /* BTPeripheralManagerOperation.swift */; };
		A62F1EA01CFC5C3E00F7C5AD /* BTPeripheralManagerPoweredOnCondition.swift in Sources */ = {isa = PBXBuildFile; fileRef = A62F1E571CFC5C3E00F7C5AD /* BTPeripheralManagerPoweredOnCondition.swift */; };
		A62F1EA11CFC5C3E00F7C5AD /* BTPeripheralNotAdvertisingCondition.swift in Sources */ = {isa = PBXBuildFile; fileRef = A62F1E581CFC5C3E00F7C5AD /* BTPeripheralNotAdvertisingCondition.swift */; };
		A62F1EA21CFC5C3E00F7C5AD /* BTServiceNotAddedCondition.swift in Sources */ = {isa = PBXBuildFile; fileRef = A62F1E591CFC5C3E00F7C5AD /* BTServiceNotAddedCondition.swift */; };
		A62F1EA31CFC5C3E00F7C5AD /* BTAddServicesOperation.swift in Sources */ = {isa = PBXBuildFile; fileRef = A62F1E5B1CFC5C3E00F7C5AD /* BTAddServicesOperation.swift */; };
		A62F1EA41CFC5C3E00F7C5AD /* BTStartAdvertisingOperation.swift in Sources */ = {isa = PBXBuildFile; fileRef = A62F1E5C1CFC5C3E00F7C5AD /* BTStartAdvertisingOperation.swift */; };
		A62F1EA51CFC5C3E00F7C5AD /* BTCentralRolePerformer.swift in Sources */ = {isa = PBXBuildFile; fileRef = A62F1E5F1CFC5C3E00F7C5AD /* BTCentralRolePerformer.swift */; };
		A62F1EA61CFC5C3E00F7C5AD /* BTPeripheralRolePerformer.swift in Sources */ = {isa = PBXBuildFile; fileRef = A62F1E611CFC5C3E00F7C5AD /* BTPeripheralRolePerformer.swift */; };
		A62F1EA71CFC5C3E00F7C5AD /* BTHandlerContainerProtocol.swift in Sources */ = {isa = PBXBuildFile; fileRef = A62F1E641CFC5C3E00F7C5AD /* BTHandlerContainerProtocol.swift */; };
		A62F1EA81CFC5C3E00F7C5AD /* BTHandlersContainer.swift in Sources */ = {isa = PBXBuildFile; fileRef = A62F1E651CFC5C3E00F7C5AD /* BTHandlersContainer.swift */; };
		A62F1EA91CFC5C3E00F7C5AD /* BTCentralManagerAPIType.swift in Sources */ = {isa = PBXBuildFile; fileRef = A62F1E681CFC5C3E00F7C5AD /* BTCentralManagerAPIType.swift */; };
		A62F1EAA1CFC5C3E00F7C5AD /* BTCentralManagerAPIProtocol.swift in Sources */ = {isa = PBXBuildFile; fileRef = A62F1E6A1CFC5C3E00F7C5AD /* BTCentralManagerAPIProtocol.swift */; };
		A62F1EAB1CFC5C3E00F7C5AD /* BTCentralManagerAPIWithHadlerProtocol.swift in Sources */ = {isa = PBXBuildFile; fileRef = A62F1E6B1CFC5C3E00F7C5AD /* BTCentralManagerAPIWithHadlerProtocol.swift */; };
		A62F1EAC1CFC5C3E00F7C5AD /* BTCentralManagerInitializibleProtocol.swift in Sources */ = {isa = PBXBuildFile; fileRef = A62F1E6C1CFC5C3E00F7C5AD /* BTCentralManagerInitializibleProtocol.swift */; };
		A62F1EAD1CFC5C3E00F7C5AD /* BTCentralManagerProxy.swift in Sources */ = {isa = PBXBuildFile; fileRef = A62F1E6E1CFC5C3E00F7C5AD /* BTCentralManagerProxy.swift */; };
		A62F1EAE1CFC5C3E00F7C5AD /* BTPeripheralAPIType.swift in Sources */ = {isa = PBXBuildFile; fileRef = A62F1E701CFC5C3E00F7C5AD /* BTPeripheralAPIType.swift */; };
		A62F1EAF1CFC5C3E00F7C5AD /* BTPeripheralAPIProtocol.swift in Sources */ = {isa = PBXBuildFile; fileRef = A62F1E721CFC5C3E00F7C5AD /* BTPeripheralAPIProtocol.swift */; };
		A62F1EB01CFC5C3E00F7C5AD /* BTPeripheralAPIWithHandlerProtocol.swift in Sources */ = {isa = PBXBuildFile; fileRef = A62F1E731CFC5C3E00F7C5AD /* BTPeripheralAPIWithHandlerProtocol.swift */; };
		A62F1EB11CFC5C3E00F7C5AD /* PeriphralFullAPIProtocol.swift in Sources */ = {isa = PBXBuildFile; fileRef = A62F1E741CFC5C3E00F7C5AD /* PeriphralFullAPIProtocol.swift */; };
		A62F1EB21CFC5C3E00F7C5AD /* BTPeripheralProxy.swift in Sources */ = {isa = PBXBuildFile; fileRef = A62F1E761CFC5C3E00F7C5AD /* BTPeripheralProxy.swift */; };
		A62F1EB31CFC5C3E00F7C5AD /* BTPeripheralManagerAPIType.swift in Sources */ = {isa = PBXBuildFile; fileRef = A62F1E781CFC5C3E00F7C5AD /* BTPeripheralManagerAPIType.swift */; };
		A62F1EB41CFC5C3E00F7C5AD /* BTPeripheralManagerAPIProtocol.swift in Sources */ = {isa = PBXBuildFile; fileRef = A62F1E7A1CFC5C3E00F7C5AD /* BTPeripheralManagerAPIProtocol.swift */; };
		A62F1EB51CFC5C3E00F7C5AD /* BTPeripheralManagerAPIWithHandlerProtocol.swift in Sources */ = {isa = PBXBuildFile; fileRef = A62F1E7B1CFC5C3E00F7C5AD /* BTPeripheralManagerAPIWithHandlerProtocol.swift */; };
		A62F1EB61CFC5C3E00F7C5AD /* BTPeripheralManagerInitializableProtocol.swift in Sources */ = {isa = PBXBuildFile; fileRef = A62F1E7C1CFC5C3E00F7C5AD /* BTPeripheralManagerInitializableProtocol.swift */; };
		A62F1EB71CFC5C3E00F7C5AD /* BTPeripheralManagerProxy.swift in Sources */ = {isa = PBXBuildFile; fileRef = A62F1E7E1CFC5C3E00F7C5AD /* BTPeripheralManagerProxy.swift */; };
		A62F1EB81CFC5C3E00F7C5AD /* Config+Logging.swift in Sources */ = {isa = PBXBuildFile; fileRef = A62F1E801CFC5C3E00F7C5AD /* Config+Logging.swift */; };
		A62F1EB91CFC5C3E00F7C5AD /* Log.swift in Sources */ = {isa = PBXBuildFile; fileRef = A62F1E811CFC5C3E00F7C5AD /* Log.swift */; };
		A63302951CB3C6C70037DA4C /* BTPeripheralManagerPoweredOnConditionTestCase.swift in Sources */ = {isa = PBXBuildFile; fileRef = A63302941CB3C6C70037DA4C /* BTPeripheralManagerPoweredOnConditionTestCase.swift */; };
		A63302991CB3CCAF0037DA4C /* BTStubPeripheralManagers.swift in Sources */ = {isa = PBXBuildFile; fileRef = A63302981CB3CCAF0037DA4C /* BTStubPeripheralManagers.swift */; };
		A63302A61CB44F6C0037DA4C /* BTBaseOperationTestCase.swift in Sources */ = {isa = PBXBuildFile; fileRef = A63302A51CB44F6C0037DA4C /* BTBaseOperationTestCase.swift */; };
		A634E61B1CA062AB00994A10 /* CoreBluetooth.framework in Frameworks */ = {isa = PBXBuildFile; fileRef = A634E61A1CA062AB00994A10 /* CoreBluetooth.framework */; };
		A6913EBE1CA0319400316658 /* PeripheralViewController.swift in Sources */ = {isa = PBXBuildFile; fileRef = A6913EBC1CA0319400316658 /* PeripheralViewController.swift */; };
		A6913EBF1CA0319400316658 /* PeripheralViewController.xib in Resources */ = {isa = PBXBuildFile; fileRef = A6913EBD1CA0319400316658 /* PeripheralViewController.xib */; };
		BAB184674DC6C5EB1B2520B7 /* Pods_BLE_PeripheralTests.framework in Frameworks */ = {isa = PBXBuildFile; fileRef = CE928A25A997D990509B5CEB /* Pods_BLE_PeripheralTests.framework */; };
		CC7887120CF479825D00F2E4 /* Pods_BLE_Peripheral.framework in Frameworks */ = {isa = PBXBuildFile; fileRef = EE7D2020CC4416E83F1508AB /* Pods_BLE_Peripheral.framework */; };
/* End PBXBuildFile section */

/* Begin PBXContainerItemProxy section */
		A60F0D611C9C617E0025E3E2 /* PBXContainerItemProxy */ = {
			isa = PBXContainerItemProxy;
			containerPortal = A60F0D2D1C9C617E0025E3E2 /* Project object */;
			proxyType = 1;
			remoteGlobalIDString = A60F0D341C9C617E0025E3E2;
			remoteInfo = "BLE-Peripheral";
		};
/* End PBXContainerItemProxy section */

/* Begin PBXFileReference section */
		162E591DF0DE7D8F562606AC /* Pods-BLE-Peripheral.debug.xcconfig */ = {isa = PBXFileReference; includeInIndex = 1; lastKnownFileType = text.xcconfig; name = "Pods-BLE-Peripheral.debug.xcconfig"; path = "../Pods/Target Support Files/Pods-BLE-Peripheral/Pods-BLE-Peripheral.debug.xcconfig"; sourceTree = "<group>"; };
		7CC69ADB8E65DC41B0235676 /* Pods-BLE-PeripheralTests.release.xcconfig */ = {isa = PBXFileReference; includeInIndex = 1; lastKnownFileType = text.xcconfig; name = "Pods-BLE-PeripheralTests.release.xcconfig"; path = "../Pods/Target Support Files/Pods-BLE-PeripheralTests/Pods-BLE-PeripheralTests.release.xcconfig"; sourceTree = "<group>"; };
		A60F0D351C9C617E0025E3E2 /* BLE-Peripheral.app */ = {isa = PBXFileReference; explicitFileType = wrapper.application; includeInIndex = 0; path = "BLE-Peripheral.app"; sourceTree = BUILT_PRODUCTS_DIR; };
		A60F0D391C9C617E0025E3E2 /* Assets.xcassets */ = {isa = PBXFileReference; lastKnownFileType = folder.assetcatalog; path = Assets.xcassets; sourceTree = "<group>"; };
		A60F0D3B1C9C617E0025E3E2 /* AppDelegate.swift */ = {isa = PBXFileReference; lastKnownFileType = sourcecode.swift; path = AppDelegate.swift; sourceTree = "<group>"; };
		A60F0D3F1C9C617E0025E3E2 /* BLE-Peripheral-Bridging-Header.h */ = {isa = PBXFileReference; lastKnownFileType = sourcecode.c.h; path = "BLE-Peripheral-Bridging-Header.h"; sourceTree = "<group>"; };
		A60F0D411C9C617E0025E3E2 /* CustomLogFormatter.swift */ = {isa = PBXFileReference; lastKnownFileType = sourcecode.swift; path = CustomLogFormatter.swift; sourceTree = "<group>"; };
		A60F0D431C9C617E0025E3E2 /* Config.swift */ = {isa = PBXFileReference; lastKnownFileType = sourcecode.swift; path = Config.swift; sourceTree = "<group>"; };
		A60F0D591C9C617E0025E3E2 /* Base */ = {isa = PBXFileReference; lastKnownFileType = file.storyboard; name = Base; path = Base.lproj/LaunchScreen.storyboard; sourceTree = "<group>"; };
		A60F0D5B1C9C617E0025E3E2 /* Info.plist */ = {isa = PBXFileReference; lastKnownFileType = text.plist.xml; path = Info.plist; sourceTree = "<group>"; };
		A60F0D601C9C617E0025E3E2 /* BLE-PeripheralTests.xctest */ = {isa = PBXFileReference; explicitFileType = wrapper.cfbundle; includeInIndex = 0; path = "BLE-PeripheralTests.xctest"; sourceTree = BUILT_PRODUCTS_DIR; };
		A60F0D661C9C617F0025E3E2 /* Info.plist */ = {isa = PBXFileReference; lastKnownFileType = text.plist.xml; path = Info.plist; sourceTree = "<group>"; };
		A62F1E271CFC5C3D00F7C5AD /* BTCharacteristicDiscoveryCore.swift */ = {isa = PBXFileReference; fileEncoding = 4; lastKnownFileType = sourcecode.swift; path = BTCharacteristicDiscoveryCore.swift; sourceTree = "<group>"; };
		A62F1E281CFC5C3D00F7C5AD /* BTTypes.swift */ = {isa = PBXFileReference; fileEncoding = 4; lastKnownFileType = sourcecode.swift; path = BTTypes.swift; sourceTree = "<group>"; };
		A62F1E2A1CFC5C3D00F7C5AD /* CBCentralManagerState+StringConvertible.swift */ = {isa = PBXFileReference; fileEncoding = 4; lastKnownFileType = sourcecode.swift; path = "CBCentralManagerState+StringConvertible.swift"; sourceTree = "<group>"; };
		A62F1E2B1CFC5C3D00F7C5AD /* CBPeripheralManagerState+StringConvertible.swift */ = {isa = PBXFileReference; fileEncoding = 4; lastKnownFileType = sourcecode.swift; path = "CBPeripheralManagerState+StringConvertible.swift"; sourceTree = "<group>"; };
		A62F1E2C1CFC5C3E00F7C5AD /* CBPeripheralState+StringConvertible.swift */ = {isa = PBXFileReference; fileEncoding = 4; lastKnownFileType = sourcecode.swift; path = "CBPeripheralState+StringConvertible.swift"; sourceTree = "<group>"; };
		A62F1E2E1CFC5C3E00F7C5AD /* BTCustomQueueHandler.swift */ = {isa = PBXFileReference; fileEncoding = 4; lastKnownFileType = sourcecode.swift; path = BTCustomQueueHandler.swift; sourceTree = "<group>"; };
		A62F1E301CFC5C3E00F7C5AD /* BTCentralManagerHandlerProtocol.swift */ = {isa = PBXFileReference; fileEncoding = 4; lastKnownFileType = sourcecode.swift; path = BTCentralManagerHandlerProtocol.swift; sourceTree = "<group>"; };
		A62F1E321CFC5C3E00F7C5AD /* BTCentalManagerBlockHandler.swift */ = {isa = PBXFileReference; fileEncoding = 4; lastKnownFileType = sourcecode.swift; path = BTCentalManagerBlockHandler.swift; sourceTree = "<group>"; };
		A62F1E331CFC5C3E00F7C5AD /* BTCentralManagerLoggingHandler.swift */ = {isa = PBXFileReference; fileEncoding = 4; lastKnownFileType = sourcecode.swift; path = BTCentralManagerLoggingHandler.swift; sourceTree = "<group>"; };
		A62F1E351CFC5C3E00F7C5AD /* BTPeripheralHandlerProtocol.swift */ = {isa = PBXFileReference; fileEncoding = 4; lastKnownFileType = sourcecode.swift; path = BTPeripheralHandlerProtocol.swift; sourceTree = "<group>"; };
		A62F1E371CFC5C3E00F7C5AD /* BTPeripheralBlockHandler.swift */ = {isa = PBXFileReference; fileEncoding = 4; lastKnownFileType = sourcecode.swift; path = BTPeripheralBlockHandler.swift; sourceTree = "<group>"; };
		A62F1E381CFC5C3E00F7C5AD /* BTPeripheralLoggingHandler.swift */ = {isa = PBXFileReference; fileEncoding = 4; lastKnownFileType = sourcecode.swift; path = BTPeripheralLoggingHandler.swift; sourceTree = "<group>"; };
		A62F1E3A1CFC5C3E00F7C5AD /* BTPeripheralManagerHandlerProtocol.swift */ = {isa = PBXFileReference; fileEncoding = 4; lastKnownFileType = sourcecode.swift; path = BTPeripheralManagerHandlerProtocol.swift; sourceTree = "<group>"; };
		A62F1E3C1CFC5C3E00F7C5AD /* BTPeripheralManagerBlockHandler.swift */ = {isa = PBXFileReference; fileEncoding = 4; lastKnownFileType = sourcecode.swift; path = BTPeripheralManagerBlockHandler.swift; sourceTree = "<group>"; };
		A62F1E3D1CFC5C3E00F7C5AD /* BTPeripheralManagerLoggingHandler.swift */ = {isa = PBXFileReference; fileEncoding = 4; lastKnownFileType = sourcecode.swift; path = BTPeripheralManagerLoggingHandler.swift; sourceTree = "<group>"; };
		A62F1E3F1CFC5C3E00F7C5AD /* BTBaseCondition.swift */ = {isa = PBXFileReference; fileEncoding = 4; lastKnownFileType = sourcecode.swift; path = BTBaseCondition.swift; sourceTree = "<group>"; };
		A62F1E401CFC5C3E00F7C5AD /* BTOperationResult.swift */ = {isa = PBXFileReference; fileEncoding = 4; lastKnownFileType = sourcecode.swift; path = BTOperationResult.swift; sourceTree = "<group>"; };
		A62F1E421CFC5C3E00F7C5AD /* BTCentralManagerOperation.swift */ = {isa = PBXFileReference; fileEncoding = 4; lastKnownFileType = sourcecode.swift; path = BTCentralManagerOperation.swift; sourceTree = "<group>"; };
		A62F1E441CFC5C3E00F7C5AD /* BTCentralManagerPoweredOnCondition.swift */ = {isa = PBXFileReference; fileEncoding = 4; lastKnownFileType = sourcecode.swift; path = BTCentralManagerPoweredOnCondition.swift; sourceTree = "<group>"; };
		A62F1E461CFC5C3E00F7C5AD /* BTCentralManagerConnectingOperation.swift */ = {isa = PBXFileReference; fileEncoding = 4; lastKnownFileType = sourcecode.swift; path = BTCentralManagerConnectingOperation.swift; sourceTree = "<group>"; };
		A62F1E471CFC5C3E00F7C5AD /* BTCentralManagerDisconnectingOperation.swift */ = {isa = PBXFileReference; fileEncoding = 4; lastKnownFileType = sourcecode.swift; path = BTCentralManagerDisconnectingOperation.swift; sourceTree = "<group>"; };
		A62F1E481CFC5C3E00F7C5AD /* BTCentralManagerScanningOperation.swift */ = {isa = PBXFileReference; fileEncoding = 4; lastKnownFileType = sourcecode.swift; path = BTCentralManagerScanningOperation.swift; sourceTree = "<group>"; };
		A62F1E4A1CFC5C3E00F7C5AD /* BTErrors.swift */ = {isa = PBXFileReference; fileEncoding = 4; lastKnownFileType = sourcecode.swift; path = BTErrors.swift; sourceTree = "<group>"; };
		A62F1E4C1CFC5C3E00F7C5AD /* BTPeripheralOperation.swift */ = {isa = PBXFileReference; fileEncoding = 4; lastKnownFileType = sourcecode.swift; path = BTPeripheralOperation.swift; sourceTree = "<group>"; };
		A62F1E4E1CFC5C3E00F7C5AD /* BTPeripheralConnectedCondition.swift */ = {isa = PBXFileReference; fileEncoding = 4; lastKnownFileType = sourcecode.swift; path = BTPeripheralConnectedCondition.swift; sourceTree = "<group>"; };
		A62F1E501CFC5C3E00F7C5AD /* BTPeripheralCharacteristicDiscoveryOperation.swift */ = {isa = PBXFileReference; fileEncoding = 4; lastKnownFileType = sourcecode.swift; path = BTPeripheralCharacteristicDiscoveryOperation.swift; sourceTree = "<group>"; };
		A62F1E511CFC5C3E00F7C5AD /* BTPeripheralReadValueOperation.swift */ = {isa = PBXFileReference; fileEncoding = 4; lastKnownFileType = sourcecode.swift; path = BTPeripheralReadValueOperation.swift; sourceTree = "<group>"; };
		A62F1E521CFC5C3E00F7C5AD /* BTPeripheralSetNotifyValueOperation.swift */ = {isa = PBXFileReference; fileEncoding = 4; lastKnownFileType = sourcecode.swift; path = BTPeripheralSetNotifyValueOperation.swift; sourceTree = "<group>"; };
		A62F1E531CFC5C3E00F7C5AD /* BTPeripheralWriteValueOperation.swift */ = {isa = PBXFileReference; fileEncoding = 4; lastKnownFileType = sourcecode.swift; path = BTPeripheralWriteValueOperation.swift; sourceTree = "<group>"; };
		A62F1E551CFC5C3E00F7C5AD /* BTPeripheralManagerOperation.swift */ = {isa = PBXFileReference; fileEncoding = 4; lastKnownFileType = sourcecode.swift; path = BTPeripheralManagerOperation.swift; sourceTree = "<group>"; };
		A62F1E571CFC5C3E00F7C5AD /* BTPeripheralManagerPoweredOnCondition.swift */ = {isa = PBXFileReference; fileEncoding = 4; lastKnownFileType = sourcecode.swift; path = BTPeripheralManagerPoweredOnCondition.swift; sourceTree = "<group>"; };
		A62F1E581CFC5C3E00F7C5AD /* BTPeripheralNotAdvertisingCondition.swift */ = {isa = PBXFileReference; fileEncoding = 4; lastKnownFileType = sourcecode.swift; path = BTPeripheralNotAdvertisingCondition.swift; sourceTree = "<group>"; };
		A62F1E591CFC5C3E00F7C5AD /* BTServiceNotAddedCondition.swift */ = {isa = PBXFileReference; fileEncoding = 4; lastKnownFileType = sourcecode.swift; path = BTServiceNotAddedCondition.swift; sourceTree = "<group>"; };
		A62F1E5B1CFC5C3E00F7C5AD /* BTAddServicesOperation.swift */ = {isa = PBXFileReference; fileEncoding = 4; lastKnownFileType = sourcecode.swift; path = BTAddServicesOperation.swift; sourceTree = "<group>"; };
		A62F1E5C1CFC5C3E00F7C5AD /* BTStartAdvertisingOperation.swift */ = {isa = PBXFileReference; fileEncoding = 4; lastKnownFileType = sourcecode.swift; path = BTStartAdvertisingOperation.swift; sourceTree = "<group>"; };
		A62F1E5F1CFC5C3E00F7C5AD /* BTCentralRolePerformer.swift */ = {isa = PBXFileReference; fileEncoding = 4; lastKnownFileType = sourcecode.swift; path = BTCentralRolePerformer.swift; sourceTree = "<group>"; };
		A62F1E611CFC5C3E00F7C5AD /* BTPeripheralRolePerformer.swift */ = {isa = PBXFileReference; fileEncoding = 4; lastKnownFileType = sourcecode.swift; path = BTPeripheralRolePerformer.swift; sourceTree = "<group>"; };
		A62F1E641CFC5C3E00F7C5AD /* BTHandlerContainerProtocol.swift */ = {isa = PBXFileReference; fileEncoding = 4; lastKnownFileType = sourcecode.swift; path = BTHandlerContainerProtocol.swift; sourceTree = "<group>"; };
		A62F1E651CFC5C3E00F7C5AD /* BTHandlersContainer.swift */ = {isa = PBXFileReference; fileEncoding = 4; lastKnownFileType = sourcecode.swift; path = BTHandlersContainer.swift; sourceTree = "<group>"; };
		A62F1E681CFC5C3E00F7C5AD /* BTCentralManagerAPIType.swift */ = {isa = PBXFileReference; fileEncoding = 4; lastKnownFileType = sourcecode.swift; path = BTCentralManagerAPIType.swift; sourceTree = "<group>"; };
		A62F1E6A1CFC5C3E00F7C5AD /* BTCentralManagerAPIProtocol.swift */ = {isa = PBXFileReference; fileEncoding = 4; lastKnownFileType = sourcecode.swift; path = BTCentralManagerAPIProtocol.swift; sourceTree = "<group>"; };
		A62F1E6B1CFC5C3E00F7C5AD /* BTCentralManagerAPIWithHadlerProtocol.swift */ = {isa = PBXFileReference; fileEncoding = 4; lastKnownFileType = sourcecode.swift; path = BTCentralManagerAPIWithHadlerProtocol.swift; sourceTree = "<group>"; };
		A62F1E6C1CFC5C3E00F7C5AD /* BTCentralManagerInitializibleProtocol.swift */ = {isa = PBXFileReference; fileEncoding = 4; lastKnownFileType = sourcecode.swift; path = BTCentralManagerInitializibleProtocol.swift; sourceTree = "<group>"; };
		A62F1E6E1CFC5C3E00F7C5AD /* BTCentralManagerProxy.swift */ = {isa = PBXFileReference; fileEncoding = 4; lastKnownFileType = sourcecode.swift; path = BTCentralManagerProxy.swift; sourceTree = "<group>"; };
		A62F1E701CFC5C3E00F7C5AD /* BTPeripheralAPIType.swift */ = {isa = PBXFileReference; fileEncoding = 4; lastKnownFileType = sourcecode.swift; path = BTPeripheralAPIType.swift; sourceTree = "<group>"; };
		A62F1E721CFC5C3E00F7C5AD /* BTPeripheralAPIProtocol.swift */ = {isa = PBXFileReference; fileEncoding = 4; lastKnownFileType = sourcecode.swift; path = BTPeripheralAPIProtocol.swift; sourceTree = "<group>"; };
		A62F1E731CFC5C3E00F7C5AD /* BTPeripheralAPIWithHandlerProtocol.swift */ = {isa = PBXFileReference; fileEncoding = 4; lastKnownFileType = sourcecode.swift; path = BTPeripheralAPIWithHandlerProtocol.swift; sourceTree = "<group>"; };
		A62F1E741CFC5C3E00F7C5AD /* PeriphralFullAPIProtocol.swift */ = {isa = PBXFileReference; fileEncoding = 4; lastKnownFileType = sourcecode.swift; path = PeriphralFullAPIProtocol.swift; sourceTree = "<group>"; };
		A62F1E761CFC5C3E00F7C5AD /* BTPeripheralProxy.swift */ = {isa = PBXFileReference; fileEncoding = 4; lastKnownFileType = sourcecode.swift; path = BTPeripheralProxy.swift; sourceTree = "<group>"; };
		A62F1E781CFC5C3E00F7C5AD /* BTPeripheralManagerAPIType.swift */ = {isa = PBXFileReference; fileEncoding = 4; lastKnownFileType = sourcecode.swift; path = BTPeripheralManagerAPIType.swift; sourceTree = "<group>"; };
		A62F1E7A1CFC5C3E00F7C5AD /* BTPeripheralManagerAPIProtocol.swift */ = {isa = PBXFileReference; fileEncoding = 4; lastKnownFileType = sourcecode.swift; path = BTPeripheralManagerAPIProtocol.swift; sourceTree = "<group>"; };
		A62F1E7B1CFC5C3E00F7C5AD /* BTPeripheralManagerAPIWithHandlerProtocol.swift */ = {isa = PBXFileReference; fileEncoding = 4; lastKnownFileType = sourcecode.swift; path = BTPeripheralManagerAPIWithHandlerProtocol.swift; sourceTree = "<group>"; };
		A62F1E7C1CFC5C3E00F7C5AD /* BTPeripheralManagerInitializableProtocol.swift */ = {isa = PBXFileReference; fileEncoding = 4; lastKnownFileType = sourcecode.swift; path = BTPeripheralManagerInitializableProtocol.swift; sourceTree = "<group>"; };
		A62F1E7E1CFC5C3E00F7C5AD /* BTPeripheralManagerProxy.swift */ = {isa = PBXFileReference; fileEncoding = 4; lastKnownFileType = sourcecode.swift; path = BTPeripheralManagerProxy.swift; sourceTree = "<group>"; };
		A62F1E801CFC5C3E00F7C5AD /* Config+Logging.swift */ = {isa = PBXFileReference; fileEncoding = 4; lastKnownFileType = sourcecode.swift; path = "Config+Logging.swift"; sourceTree = "<group>"; };
		A62F1E811CFC5C3E00F7C5AD /* Log.swift */ = {isa = PBXFileReference; fileEncoding = 4; lastKnownFileType = sourcecode.swift; path = Log.swift; sourceTree = "<group>"; };
		A63302931CB3C6C60037DA4C /* BLE-PeripheralTests-Bridging-Header.h */ = {isa = PBXFileReference; lastKnownFileType = sourcecode.c.h; path = "BLE-PeripheralTests-Bridging-Header.h"; sourceTree = "<group>"; };
		A63302941CB3C6C70037DA4C /* BTPeripheralManagerPoweredOnConditionTestCase.swift */ = {isa = PBXFileReference; fileEncoding = 4; lastKnownFileType = sourcecode.swift; path = BTPeripheralManagerPoweredOnConditionTestCase.swift; sourceTree = "<group>"; };
		A63302981CB3CCAF0037DA4C /* BTStubPeripheralManagers.swift */ = {isa = PBXFileReference; fileEncoding = 4; lastKnownFileType = sourcecode.swift; path = BTStubPeripheralManagers.swift; sourceTree = "<group>"; };
		A63302A51CB44F6C0037DA4C /* BTBaseOperationTestCase.swift */ = {isa = PBXFileReference; fileEncoding = 4; lastKnownFileType = sourcecode.swift; path = BTBaseOperationTestCase.swift; sourceTree = "<group>"; };
		A634E61A1CA062AB00994A10 /* CoreBluetooth.framework */ = {isa = PBXFileReference; lastKnownFileType = wrapper.framework; name = CoreBluetooth.framework; path = System/Library/Frameworks/CoreBluetooth.framework; sourceTree = SDKROOT; };
		A6913EBC1CA0319400316658 /* PeripheralViewController.swift */ = {isa = PBXFileReference; fileEncoding = 4; lastKnownFileType = sourcecode.swift; path = PeripheralViewController.swift; sourceTree = "<group>"; };
		A6913EBD1CA0319400316658 /* PeripheralViewController.xib */ = {isa = PBXFileReference; fileEncoding = 4; lastKnownFileType = file.xib; path = PeripheralViewController.xib; sourceTree = "<group>"; };
		B6BBA2B2011C9354FAF62089 /* Pods-BLE-Peripheral.release.xcconfig */ = {isa = PBXFileReference; includeInIndex = 1; lastKnownFileType = text.xcconfig; name = "Pods-BLE-Peripheral.release.xcconfig"; path = "../Pods/Target Support Files/Pods-BLE-Peripheral/Pods-BLE-Peripheral.release.xcconfig"; sourceTree = "<group>"; };
		CE928A25A997D990509B5CEB /* Pods_BLE_PeripheralTests.framework */ = {isa = PBXFileReference; explicitFileType = wrapper.framework; includeInIndex = 0; path = Pods_BLE_PeripheralTests.framework; sourceTree = BUILT_PRODUCTS_DIR; };
		EE7D2020CC4416E83F1508AB /* Pods_BLE_Peripheral.framework */ = {isa = PBXFileReference; explicitFileType = wrapper.framework; includeInIndex = 0; path = Pods_BLE_Peripheral.framework; sourceTree = BUILT_PRODUCTS_DIR; };
		F64767FA37CEB82970A330D8 /* Pods-BLE-PeripheralTests.debug.xcconfig */ = {isa = PBXFileReference; includeInIndex = 1; lastKnownFileType = text.xcconfig; name = "Pods-BLE-PeripheralTests.debug.xcconfig"; path = "../Pods/Target Support Files/Pods-BLE-PeripheralTests/Pods-BLE-PeripheralTests.debug.xcconfig"; sourceTree = "<group>"; };
/* End PBXFileReference section */

/* Begin PBXFrameworksBuildPhase section */
		A60F0D321C9C617E0025E3E2 /* Frameworks */ = {
			isa = PBXFrameworksBuildPhase;
			buildActionMask = 2147483647;
			files = (
				A634E61B1CA062AB00994A10 /* CoreBluetooth.framework in Frameworks */,
				CC7887120CF479825D00F2E4 /* Pods_BLE_Peripheral.framework in Frameworks */,
			);
			runOnlyForDeploymentPostprocessing = 0;
		};
		A60F0D5D1C9C617E0025E3E2 /* Frameworks */ = {
			isa = PBXFrameworksBuildPhase;
			buildActionMask = 2147483647;
			files = (
				BAB184674DC6C5EB1B2520B7 /* Pods_BLE_PeripheralTests.framework in Frameworks */,
			);
			runOnlyForDeploymentPostprocessing = 0;
		};
/* End PBXFrameworksBuildPhase section */

/* Begin PBXGroup section */
		48E14C590EDD7B7DBC885467 /* Pods */ = {
			isa = PBXGroup;
			children = (
				162E591DF0DE7D8F562606AC /* Pods-BLE-Peripheral.debug.xcconfig */,
				B6BBA2B2011C9354FAF62089 /* Pods-BLE-Peripheral.release.xcconfig */,
				F64767FA37CEB82970A330D8 /* Pods-BLE-PeripheralTests.debug.xcconfig */,
				7CC69ADB8E65DC41B0235676 /* Pods-BLE-PeripheralTests.release.xcconfig */,
			);
			name = Pods;
			sourceTree = "<group>";
		};
		A60F0D2C1C9C617E0025E3E2 = {
			isa = PBXGroup;
			children = (
				A60F0D371C9C617E0025E3E2 /* BLE-Peripheral */,
				A60F0D631C9C617E0025E3E2 /* BLE-PeripheralTests */,
				A60F0D361C9C617E0025E3E2 /* Products */,
				48E14C590EDD7B7DBC885467 /* Pods */,
				C78E0ECD3290FE3575CDA99C /* Frameworks */,
				A62F1E241CFC5C3D00F7C5AD /* Shared */,
			);
			sourceTree = "<group>";
		};
		A60F0D361C9C617E0025E3E2 /* Products */ = {
			isa = PBXGroup;
			children = (
				A60F0D351C9C617E0025E3E2 /* BLE-Peripheral.app */,
				A60F0D601C9C617E0025E3E2 /* BLE-PeripheralTests.xctest */,
			);
			name = Products;
			sourceTree = "<group>";
		};
		A60F0D371C9C617E0025E3E2 /* BLE-Peripheral */ = {
			isa = PBXGroup;
			children = (
				A60F0D3B1C9C617E0025E3E2 /* AppDelegate.swift */,
				A60F0D431C9C617E0025E3E2 /* Config.swift */,
				A60F0D381C9C617E0025E3E2 /* Resources */,
				A60F0D401C9C617E0025E3E2 /* Classes */,
				A60F0D491C9C617E0025E3E2 /* Controllers */,
				A60F0D551C9C617E0025E3E2 /* Views */,
				A60F0D4F1C9C617E0025E3E2 /* Utilities */,
				A60F0D521C9C617E0025E3E2 /* Extensions */,
				A60F0D3D1C9C617E0025E3E2 /* Supporting Files */,
			);
			path = "BLE-Peripheral";
			sourceTree = "<group>";
		};
		A60F0D381C9C617E0025E3E2 /* Resources */ = {
			isa = PBXGroup;
			children = (
				A60F0D581C9C617E0025E3E2 /* LaunchScreen.storyboard */,
				A60F0D391C9C617E0025E3E2 /* Assets.xcassets */,
			);
			name = Resources;
			sourceTree = "<group>";
		};
		A60F0D3D1C9C617E0025E3E2 /* Supporting Files */ = {
			isa = PBXGroup;
			children = (
				A60F0D5B1C9C617E0025E3E2 /* Info.plist */,
				A60F0D3F1C9C617E0025E3E2 /* BLE-Peripheral-Bridging-Header.h */,
			);
			name = "Supporting Files";
			sourceTree = "<group>";
		};
		A60F0D401C9C617E0025E3E2 /* Classes */ = {
			isa = PBXGroup;
			children = (
			);
			name = Classes;
			sourceTree = "<group>";
		};
		A60F0D491C9C617E0025E3E2 /* Controllers */ = {
			isa = PBXGroup;
			children = (
				A6913EC01CA0319700316658 /* PeripheralViewController */,
			);
			name = Controllers;
			sourceTree = "<group>";
		};
		A60F0D4F1C9C617E0025E3E2 /* Utilities */ = {
			isa = PBXGroup;
			children = (
				A60F0D701C9C625D0025E3E2 /* CustomLogFormatter */,
			);
			name = Utilities;
			sourceTree = "<group>";
		};
		A60F0D521C9C617E0025E3E2 /* Extensions */ = {
			isa = PBXGroup;
			children = (
			);
			name = Extensions;
			sourceTree = "<group>";
		};
		A60F0D551C9C617E0025E3E2 /* Views */ = {
			isa = PBXGroup;
			children = (
			);
			name = Views;
			sourceTree = "<group>";
		};
		A60F0D631C9C617E0025E3E2 /* BLE-PeripheralTests */ = {
			isa = PBXGroup;
			children = (
				A63302961CB3C6E30037DA4C /* Supporting Files */,
				A633029A1CB3CCB40037DA4C /* Stub */,
				A63302971CB3C6F40037DA4C /* Conditions */,
				A63302A51CB44F6C0037DA4C /* BTBaseOperationTestCase.swift */,
			);
			path = "BLE-PeripheralTests";
			sourceTree = "<group>";
		};
		A60F0D701C9C625D0025E3E2 /* CustomLogFormatter */ = {
			isa = PBXGroup;
			children = (
				A60F0D411C9C617E0025E3E2 /* CustomLogFormatter.swift */,
			);
			name = CustomLogFormatter;
			sourceTree = "<group>";
		};
		A62F1E241CFC5C3D00F7C5AD /* Shared */ = {
			isa = PBXGroup;
			children = (
				A62F1E251CFC5C3D00F7C5AD /* Bluetooth */,
				A62F1E7F1CFC5C3E00F7C5AD /* Utilities */,
			);
			name = Shared;
			path = ../Shared;
			sourceTree = "<group>";
		};
		A62F1E251CFC5C3D00F7C5AD /* Bluetooth */ = {
			isa = PBXGroup;
			children = (
				A62F1E261CFC5C3D00F7C5AD /* Classes */,
				A62F1E291CFC5C3D00F7C5AD /* Extensions */,
				A62F1E2D1CFC5C3E00F7C5AD /* Handlers */,
				A62F1E3E1CFC5C3E00F7C5AD /* Operations&Conditions */,
				A62F1E5D1CFC5C3E00F7C5AD /* Roles */,
				A62F1E621CFC5C3E00F7C5AD /* Utilities */,
				A62F1E661CFC5C3E00F7C5AD /* Wrappers */,
			);
			path = Bluetooth;
			sourceTree = "<group>";
		};
		A62F1E261CFC5C3D00F7C5AD /* Classes */ = {
			isa = PBXGroup;
			children = (
				A62F1E271CFC5C3D00F7C5AD /* BTCharacteristicDiscoveryCore.swift */,
				A62F1E281CFC5C3D00F7C5AD /* BTTypes.swift */,
			);
			path = Classes;
			sourceTree = "<group>";
		};
		A62F1E291CFC5C3D00F7C5AD /* Extensions */ = {
			isa = PBXGroup;
			children = (
				A62F1E2A1CFC5C3D00F7C5AD /* CBCentralManagerState+StringConvertible.swift */,
				A62F1E2B1CFC5C3D00F7C5AD /* CBPeripheralManagerState+StringConvertible.swift */,
				A62F1E2C1CFC5C3E00F7C5AD /* CBPeripheralState+StringConvertible.swift */,
			);
			path = Extensions;
			sourceTree = "<group>";
		};
		A62F1E2D1CFC5C3E00F7C5AD /* Handlers */ = {
			isa = PBXGroup;
			children = (
				A62F1E2E1CFC5C3E00F7C5AD /* BTCustomQueueHandler.swift */,
				A62F1E2F1CFC5C3E00F7C5AD /* CentralManager */,
				A62F1E341CFC5C3E00F7C5AD /* Peripheral */,
				A62F1E391CFC5C3E00F7C5AD /* PeripheralManager */,
			);
			path = Handlers;
			sourceTree = "<group>";
		};
		A62F1E2F1CFC5C3E00F7C5AD /* CentralManager */ = {
			isa = PBXGroup;
			children = (
				A62F1E301CFC5C3E00F7C5AD /* BTCentralManagerHandlerProtocol.swift */,
				A62F1E311CFC5C3E00F7C5AD /* ConcreteHandlers */,
			);
			path = CentralManager;
			sourceTree = "<group>";
		};
		A62F1E311CFC5C3E00F7C5AD /* ConcreteHandlers */ = {
			isa = PBXGroup;
			children = (
				A62F1E321CFC5C3E00F7C5AD /* BTCentalManagerBlockHandler.swift */,
				A62F1E331CFC5C3E00F7C5AD /* BTCentralManagerLoggingHandler.swift */,
			);
			path = ConcreteHandlers;
			sourceTree = "<group>";
		};
		A62F1E341CFC5C3E00F7C5AD /* Peripheral */ = {
			isa = PBXGroup;
			children = (
				A62F1E351CFC5C3E00F7C5AD /* BTPeripheralHandlerProtocol.swift */,
				A62F1E361CFC5C3E00F7C5AD /* ConcreteHandlers */,
			);
			path = Peripheral;
			sourceTree = "<group>";
		};
		A62F1E361CFC5C3E00F7C5AD /* ConcreteHandlers */ = {
			isa = PBXGroup;
			children = (
				A62F1E371CFC5C3E00F7C5AD /* BTPeripheralBlockHandler.swift */,
				A62F1E381CFC5C3E00F7C5AD /* BTPeripheralLoggingHandler.swift */,
			);
			path = ConcreteHandlers;
			sourceTree = "<group>";
		};
		A62F1E391CFC5C3E00F7C5AD /* PeripheralManager */ = {
			isa = PBXGroup;
			children = (
				A62F1E3A1CFC5C3E00F7C5AD /* BTPeripheralManagerHandlerProtocol.swift */,
				A62F1E3B1CFC5C3E00F7C5AD /* ConcreteHandlers */,
			);
			path = PeripheralManager;
			sourceTree = "<group>";
		};
		A62F1E3B1CFC5C3E00F7C5AD /* ConcreteHandlers */ = {
			isa = PBXGroup;
			children = (
				A62F1E3C1CFC5C3E00F7C5AD /* BTPeripheralManagerBlockHandler.swift */,
				A62F1E3D1CFC5C3E00F7C5AD /* BTPeripheralManagerLoggingHandler.swift */,
			);
			path = ConcreteHandlers;
			sourceTree = "<group>";
		};
		A62F1E3E1CFC5C3E00F7C5AD /* Operations&Conditions */ = {
			isa = PBXGroup;
			children = (
				A62F1E3F1CFC5C3E00F7C5AD /* BTBaseCondition.swift */,
				A62F1E401CFC5C3E00F7C5AD /* BTOperationResult.swift */,
				A62F1E411CFC5C3E00F7C5AD /* CentralManager */,
				A62F1E491CFC5C3E00F7C5AD /* Errors */,
				A62F1E4B1CFC5C3E00F7C5AD /* Peripheral */,
				A62F1E541CFC5C3E00F7C5AD /* PeripheralManager */,
			);
			path = "Operations&Conditions";
			sourceTree = "<group>";
		};
		A62F1E411CFC5C3E00F7C5AD /* CentralManager */ = {
			isa = PBXGroup;
			children = (
				A62F1E421CFC5C3E00F7C5AD /* BTCentralManagerOperation.swift */,
				A62F1E431CFC5C3E00F7C5AD /* Conditions */,
				A62F1E451CFC5C3E00F7C5AD /* Operations */,
			);
			path = CentralManager;
			sourceTree = "<group>";
		};
		A62F1E431CFC5C3E00F7C5AD /* Conditions */ = {
			isa = PBXGroup;
			children = (
				A62F1E441CFC5C3E00F7C5AD /* BTCentralManagerPoweredOnCondition.swift */,
			);
			path = Conditions;
			sourceTree = "<group>";
		};
		A62F1E451CFC5C3E00F7C5AD /* Operations */ = {
			isa = PBXGroup;
			children = (
				A62F1E461CFC5C3E00F7C5AD /* BTCentralManagerConnectingOperation.swift */,
				A62F1E471CFC5C3E00F7C5AD /* BTCentralManagerDisconnectingOperation.swift */,
				A62F1E481CFC5C3E00F7C5AD /* BTCentralManagerScanningOperation.swift */,
			);
			path = Operations;
			sourceTree = "<group>";
		};
		A62F1E491CFC5C3E00F7C5AD /* Errors */ = {
			isa = PBXGroup;
			children = (
				A62F1E4A1CFC5C3E00F7C5AD /* BTErrors.swift */,
			);
			path = Errors;
			sourceTree = "<group>";
		};
		A62F1E4B1CFC5C3E00F7C5AD /* Peripheral */ = {
			isa = PBXGroup;
			children = (
				A62F1E4C1CFC5C3E00F7C5AD /* BTPeripheralOperation.swift */,
				A62F1E4D1CFC5C3E00F7C5AD /* Conditions */,
				A62F1E4F1CFC5C3E00F7C5AD /* Operations */,
			);
			path = Peripheral;
			sourceTree = "<group>";
		};
		A62F1E4D1CFC5C3E00F7C5AD /* Conditions */ = {
			isa = PBXGroup;
			children = (
				A62F1E4E1CFC5C3E00F7C5AD /* BTPeripheralConnectedCondition.swift */,
			);
			path = Conditions;
			sourceTree = "<group>";
		};
		A62F1E4F1CFC5C3E00F7C5AD /* Operations */ = {
			isa = PBXGroup;
			children = (
				A62F1E501CFC5C3E00F7C5AD /* BTPeripheralCharacteristicDiscoveryOperation.swift */,
				A62F1E511CFC5C3E00F7C5AD /* BTPeripheralReadValueOperation.swift */,
				A62F1E521CFC5C3E00F7C5AD /* BTPeripheralSetNotifyValueOperation.swift */,
				A62F1E531CFC5C3E00F7C5AD /* BTPeripheralWriteValueOperation.swift */,
			);
			path = Operations;
			sourceTree = "<group>";
		};
		A62F1E541CFC5C3E00F7C5AD /* PeripheralManager */ = {
			isa = PBXGroup;
			children = (
				A62F1E551CFC5C3E00F7C5AD /* BTPeripheralManagerOperation.swift */,
				A62F1E561CFC5C3E00F7C5AD /* Conditions */,
				A62F1E5A1CFC5C3E00F7C5AD /* Operations */,
			);
			path = PeripheralManager;
			sourceTree = "<group>";
		};
		A62F1E561CFC5C3E00F7C5AD /* Conditions */ = {
			isa = PBXGroup;
			children = (
				A62F1E571CFC5C3E00F7C5AD /* BTPeripheralManagerPoweredOnCondition.swift */,
				A62F1E581CFC5C3E00F7C5AD /* BTPeripheralNotAdvertisingCondition.swift */,
				A62F1E591CFC5C3E00F7C5AD /* BTServiceNotAddedCondition.swift */,
			);
			path = Conditions;
			sourceTree = "<group>";
		};
		A62F1E5A1CFC5C3E00F7C5AD /* Operations */ = {
			isa = PBXGroup;
			children = (
				A62F1E5B1CFC5C3E00F7C5AD /* BTAddServicesOperation.swift */,
				A62F1E5C1CFC5C3E00F7C5AD /* BTStartAdvertisingOperation.swift */,
			);
			path = Operations;
			sourceTree = "<group>";
		};
		A62F1E5D1CFC5C3E00F7C5AD /* Roles */ = {
			isa = PBXGroup;
			children = (
				A62F1E5E1CFC5C3E00F7C5AD /* Central */,
				A62F1E601CFC5C3E00F7C5AD /* Peripheral */,
			);
			path = Roles;
			sourceTree = "<group>";
		};
		A62F1E5E1CFC5C3E00F7C5AD /* Central */ = {
			isa = PBXGroup;
			children = (
				A62F1E5F1CFC5C3E00F7C5AD /* BTCentralRolePerformer.swift */,
			);
			path = Central;
			sourceTree = "<group>";
		};
		A62F1E601CFC5C3E00F7C5AD /* Peripheral */ = {
			isa = PBXGroup;
			children = (
				A62F1E611CFC5C3E00F7C5AD /* BTPeripheralRolePerformer.swift */,
			);
			path = Peripheral;
			sourceTree = "<group>";
		};
		A62F1E621CFC5C3E00F7C5AD /* Utilities */ = {
			isa = PBXGroup;
			children = (
				A62F1E631CFC5C3E00F7C5AD /* HandlerContainer */,
			);
			path = Utilities;
			sourceTree = "<group>";
		};
		A62F1E631CFC5C3E00F7C5AD /* HandlerContainer */ = {
			isa = PBXGroup;
			children = (
				A62F1E641CFC5C3E00F7C5AD /* BTHandlerContainerProtocol.swift */,
				A62F1E651CFC5C3E00F7C5AD /* BTHandlersContainer.swift */,
			);
			path = HandlerContainer;
			sourceTree = "<group>";
		};
		A62F1E661CFC5C3E00F7C5AD /* Wrappers */ = {
			isa = PBXGroup;
			children = (
				A62F1E671CFC5C3E00F7C5AD /* CentralManager */,
				A62F1E6F1CFC5C3E00F7C5AD /* Peripheral */,
				A62F1E771CFC5C3E00F7C5AD /* PeripheralManager */,
			);
			path = Wrappers;
			sourceTree = "<group>";
		};
		A62F1E671CFC5C3E00F7C5AD /* CentralManager */ = {
			isa = PBXGroup;
			children = (
				A62F1E681CFC5C3E00F7C5AD /* BTCentralManagerAPIType.swift */,
				A62F1E691CFC5C3E00F7C5AD /* Protocols */,
				A62F1E6D1CFC5C3E00F7C5AD /* Proxy */,
			);
			path = CentralManager;
			sourceTree = "<group>";
		};
		A62F1E691CFC5C3E00F7C5AD /* Protocols */ = {
			isa = PBXGroup;
			children = (
				A62F1E6A1CFC5C3E00F7C5AD /* BTCentralManagerAPIProtocol.swift */,
				A62F1E6B1CFC5C3E00F7C5AD /* BTCentralManagerAPIWithHadlerProtocol.swift */,
				A62F1E6C1CFC5C3E00F7C5AD /* BTCentralManagerInitializibleProtocol.swift */,
			);
			path = Protocols;
			sourceTree = "<group>";
		};
		A62F1E6D1CFC5C3E00F7C5AD /* Proxy */ = {
			isa = PBXGroup;
			children = (
				A62F1E6E1CFC5C3E00F7C5AD /* BTCentralManagerProxy.swift */,
			);
			path = Proxy;
			sourceTree = "<group>";
		};
		A62F1E6F1CFC5C3E00F7C5AD /* Peripheral */ = {
			isa = PBXGroup;
			children = (
				A62F1E701CFC5C3E00F7C5AD /* BTPeripheralAPIType.swift */,
				A62F1E711CFC5C3E00F7C5AD /* Protocols */,
				A62F1E751CFC5C3E00F7C5AD /* Proxy */,
			);
			path = Peripheral;
			sourceTree = "<group>";
		};
		A62F1E711CFC5C3E00F7C5AD /* Protocols */ = {
			isa = PBXGroup;
			children = (
				A62F1E721CFC5C3E00F7C5AD /* BTPeripheralAPIProtocol.swift */,
				A62F1E731CFC5C3E00F7C5AD /* BTPeripheralAPIWithHandlerProtocol.swift */,
				A62F1E741CFC5C3E00F7C5AD /* PeriphralFullAPIProtocol.swift */,
			);
			path = Protocols;
			sourceTree = "<group>";
		};
		A62F1E751CFC5C3E00F7C5AD /* Proxy */ = {
			isa = PBXGroup;
			children = (
				A62F1E761CFC5C3E00F7C5AD /* BTPeripheralProxy.swift */,
			);
			path = Proxy;
			sourceTree = "<group>";
		};
		A62F1E771CFC5C3E00F7C5AD /* PeripheralManager */ = {
			isa = PBXGroup;
			children = (
				A62F1E781CFC5C3E00F7C5AD /* BTPeripheralManagerAPIType.swift */,
				A62F1E791CFC5C3E00F7C5AD /* Protocols */,
				A62F1E7D1CFC5C3E00F7C5AD /* Proxy */,
			);
			path = PeripheralManager;
			sourceTree = "<group>";
		};
		A62F1E791CFC5C3E00F7C5AD /* Protocols */ = {
			isa = PBXGroup;
			children = (
				A62F1E7A1CFC5C3E00F7C5AD /* BTPeripheralManagerAPIProtocol.swift */,
				A62F1E7B1CFC5C3E00F7C5AD /* BTPeripheralManagerAPIWithHandlerProtocol.swift */,
				A62F1E7C1CFC5C3E00F7C5AD /* BTPeripheralManagerInitializableProtocol.swift */,
			);
			path = Protocols;
			sourceTree = "<group>";
		};
		A62F1E7D1CFC5C3E00F7C5AD /* Proxy */ = {
			isa = PBXGroup;
			children = (
				A62F1E7E1CFC5C3E00F7C5AD /* BTPeripheralManagerProxy.swift */,
			);
			path = Proxy;
			sourceTree = "<group>";
		};
		A62F1E7F1CFC5C3E00F7C5AD /* Utilities */ = {
			isa = PBXGroup;
			children = (
				A62F1E801CFC5C3E00F7C5AD /* Config+Logging.swift */,
				A62F1E811CFC5C3E00F7C5AD /* Log.swift */,
			);
			path = Utilities;
			sourceTree = "<group>";
		};
		A63302961CB3C6E30037DA4C /* Supporting Files */ = {
			isa = PBXGroup;
			children = (
				A63302931CB3C6C60037DA4C /* BLE-PeripheralTests-Bridging-Header.h */,
				A60F0D661C9C617F0025E3E2 /* Info.plist */,
			);
			name = "Supporting Files";
			sourceTree = "<group>";
		};
		A63302971CB3C6F40037DA4C /* Conditions */ = {
			isa = PBXGroup;
			children = (
				A63302941CB3C6C70037DA4C /* BTPeripheralManagerPoweredOnConditionTestCase.swift */,
			);
			name = Conditions;
			sourceTree = "<group>";
		};
		A633029A1CB3CCB40037DA4C /* Stub */ = {
			isa = PBXGroup;
			children = (
				A63302981CB3CCAF0037DA4C /* BTStubPeripheralManagers.swift */,
			);
			name = Stub;
			sourceTree = "<group>";
		};
		A6913EC01CA0319700316658 /* PeripheralViewController */ = {
			isa = PBXGroup;
			children = (
				A6913EBC1CA0319400316658 /* PeripheralViewController.swift */,
				A6913EBD1CA0319400316658 /* PeripheralViewController.xib */,
			);
			name = PeripheralViewController;
			sourceTree = "<group>";
		};
		C78E0ECD3290FE3575CDA99C /* Frameworks */ = {
			isa = PBXGroup;
			children = (
				A634E61A1CA062AB00994A10 /* CoreBluetooth.framework */,
				EE7D2020CC4416E83F1508AB /* Pods_BLE_Peripheral.framework */,
				CE928A25A997D990509B5CEB /* Pods_BLE_PeripheralTests.framework */,
			);
			name = Frameworks;
			sourceTree = "<group>";
		};
/* End PBXGroup section */

/* Begin PBXNativeTarget section */
		A60F0D341C9C617E0025E3E2 /* BLE-Peripheral */ = {
			isa = PBXNativeTarget;
			buildConfigurationList = A60F0D691C9C617F0025E3E2 /* Build configuration list for PBXNativeTarget "BLE-Peripheral" */;
			buildPhases = (
				F17CA485FB570B2D561B9273 /* 📦 Check Pods Manifest.lock */,
				A60F0D311C9C617E0025E3E2 /* Sources */,
				A60F0D321C9C617E0025E3E2 /* Frameworks */,
				A60F0D331C9C617E0025E3E2 /* Resources */,
				58F296D75CDE5413EEE2B6CC /* 📦 Embed Pods Frameworks */,
				AAF95C5859CB03BC85A00C0C /* 📦 Copy Pods Resources */,
				A62DCCB61CC2DF1F00BB624B /* ShellScript */,
			);
			buildRules = (
			);
			dependencies = (
			);
			name = "BLE-Peripheral";
			productName = "BLE-Peripheral";
			productReference = A60F0D351C9C617E0025E3E2 /* BLE-Peripheral.app */;
			productType = "com.apple.product-type.application";
		};
		A60F0D5F1C9C617E0025E3E2 /* BLE-PeripheralTests */ = {
			isa = PBXNativeTarget;
			buildConfigurationList = A60F0D6C1C9C617F0025E3E2 /* Build configuration list for PBXNativeTarget "BLE-PeripheralTests" */;
			buildPhases = (
				1BA757302202B629AA37CF01 /* 📦 Check Pods Manifest.lock */,
				A60F0D5C1C9C617E0025E3E2 /* Sources */,
				A60F0D5D1C9C617E0025E3E2 /* Frameworks */,
				A60F0D5E1C9C617E0025E3E2 /* Resources */,
				6094A5B4963780545B5D9B63 /* 📦 Embed Pods Frameworks */,
				EBC26D458CDBD10FDAC35859 /* 📦 Copy Pods Resources */,
			);
			buildRules = (
			);
			dependencies = (
				A60F0D621C9C617E0025E3E2 /* PBXTargetDependency */,
			);
			name = "BLE-PeripheralTests";
			productName = "BLE-PeripheralTests";
			productReference = A60F0D601C9C617E0025E3E2 /* BLE-PeripheralTests.xctest */;
			productType = "com.apple.product-type.bundle.unit-test";
		};
/* End PBXNativeTarget section */

/* Begin PBXProject section */
		A60F0D2D1C9C617E0025E3E2 /* Project object */ = {
			isa = PBXProject;
			attributes = {
				LastSwiftUpdateCheck = 0730;
				LastUpgradeCheck = 0720;
				ORGANIZATIONNAME = d503;
				TargetAttributes = {
					A60F0D341C9C617E0025E3E2 = {
						CreatedOnToolsVersion = 7.2.1;
					};
					A60F0D5F1C9C617E0025E3E2 = {
						CreatedOnToolsVersion = 7.2.1;
						TestTargetID = A60F0D341C9C617E0025E3E2;
					};
				};
			};
			buildConfigurationList = A60F0D301C9C617E0025E3E2 /* Build configuration list for PBXProject "BLE-Peripheral" */;
			compatibilityVersion = "Xcode 3.2";
			developmentRegion = English;
			hasScannedForEncodings = 0;
			knownRegions = (
				en,
				Base,
			);
			mainGroup = A60F0D2C1C9C617E0025E3E2;
			productRefGroup = A60F0D361C9C617E0025E3E2 /* Products */;
			projectDirPath = "";
			projectRoot = "";
			targets = (
				A60F0D341C9C617E0025E3E2 /* BLE-Peripheral */,
				A60F0D5F1C9C617E0025E3E2 /* BLE-PeripheralTests */,
			);
		};
/* End PBXProject section */

/* Begin PBXResourcesBuildPhase section */
		A60F0D331C9C617E0025E3E2 /* Resources */ = {
			isa = PBXResourcesBuildPhase;
			buildActionMask = 2147483647;
			files = (
				A60F0D5A1C9C617E0025E3E2 /* LaunchScreen.storyboard in Resources */,
				A60F0D3A1C9C617E0025E3E2 /* Assets.xcassets in Resources */,
				A6913EBF1CA0319400316658 /* PeripheralViewController.xib in Resources */,
			);
			runOnlyForDeploymentPostprocessing = 0;
		};
		A60F0D5E1C9C617E0025E3E2 /* Resources */ = {
			isa = PBXResourcesBuildPhase;
			buildActionMask = 2147483647;
			files = (
			);
			runOnlyForDeploymentPostprocessing = 0;
		};
/* End PBXResourcesBuildPhase section */

/* Begin PBXShellScriptBuildPhase section */
		1BA757302202B629AA37CF01 /* 📦 Check Pods Manifest.lock */ = {
			isa = PBXShellScriptBuildPhase;
			buildActionMask = 2147483647;
			files = (
			);
			inputPaths = (
			);
			name = "📦 Check Pods Manifest.lock";
			outputPaths = (
			);
			runOnlyForDeploymentPostprocessing = 0;
			shellPath = /bin/sh;
			shellScript = "diff \"${PODS_ROOT}/../Podfile.lock\" \"${PODS_ROOT}/Manifest.lock\" > /dev/null\nif [[ $? != 0 ]] ; then\n    cat << EOM\nerror: The sandbox is not in sync with the Podfile.lock. Run 'pod install' or update your CocoaPods installation.\nEOM\n    exit 1\nfi\n";
			showEnvVarsInLog = 0;
		};
		58F296D75CDE5413EEE2B6CC /* 📦 Embed Pods Frameworks */ = {
			isa = PBXShellScriptBuildPhase;
			buildActionMask = 2147483647;
			files = (
			);
			inputPaths = (
			);
			name = "📦 Embed Pods Frameworks";
			outputPaths = (
			);
			runOnlyForDeploymentPostprocessing = 0;
			shellPath = /bin/sh;
			shellScript = "\"${SRCROOT}/../Pods/Target Support Files/Pods-BLE-Peripheral/Pods-BLE-Peripheral-frameworks.sh\"\n";
			showEnvVarsInLog = 0;
		};
		6094A5B4963780545B5D9B63 /* 📦 Embed Pods Frameworks */ = {
			isa = PBXShellScriptBuildPhase;
			buildActionMask = 2147483647;
			files = (
			);
			inputPaths = (
			);
			name = "📦 Embed Pods Frameworks";
			outputPaths = (
			);
			runOnlyForDeploymentPostprocessing = 0;
			shellPath = /bin/sh;
			shellScript = "\"${SRCROOT}/../Pods/Target Support Files/Pods-BLE-PeripheralTests/Pods-BLE-PeripheralTests-frameworks.sh\"\n";
			showEnvVarsInLog = 0;
		};
		A62DCCB61CC2DF1F00BB624B /* ShellScript */ = {
			isa = PBXShellScriptBuildPhase;
			buildActionMask = 2147483647;
			files = (
			);
			inputPaths = (
			);
			outputPaths = (
			);
			runOnlyForDeploymentPostprocessing = 0;
			shellPath = /bin/sh;
			shellScript = "TAGS=\"TODO:|FIXME:\"\necho \"searching ${SRCROOT} for ${TAGS}\"\nfind \"${SRCROOT}\"/../ \\( -name \"*.swift\" \\) -print0 | xargs -0 egrep --with-filename --line-number --only-matching \"($TAGS).*\\$\" | perl -p -e \"s/($TAGS)/ warning: \\$1/\"";
		};
		AAF95C5859CB03BC85A00C0C /* 📦 Copy Pods Resources */ = {
			isa = PBXShellScriptBuildPhase;
			buildActionMask = 2147483647;
			files = (
			);
			inputPaths = (
			);
			name = "📦 Copy Pods Resources";
			outputPaths = (
			);
			runOnlyForDeploymentPostprocessing = 0;
			shellPath = /bin/sh;
			shellScript = "\"${SRCROOT}/../Pods/Target Support Files/Pods-BLE-Peripheral/Pods-BLE-Peripheral-resources.sh\"\n";
			showEnvVarsInLog = 0;
		};
		EBC26D458CDBD10FDAC35859 /* 📦 Copy Pods Resources */ = {
			isa = PBXShellScriptBuildPhase;
			buildActionMask = 2147483647;
			files = (
			);
			inputPaths = (
			);
			name = "📦 Copy Pods Resources";
			outputPaths = (
			);
			runOnlyForDeploymentPostprocessing = 0;
			shellPath = /bin/sh;
			shellScript = "\"${SRCROOT}/../Pods/Target Support Files/Pods-BLE-PeripheralTests/Pods-BLE-PeripheralTests-resources.sh\"\n";
			showEnvVarsInLog = 0;
		};
		F17CA485FB570B2D561B9273 /* 📦 Check Pods Manifest.lock */ = {
			isa = PBXShellScriptBuildPhase;
			buildActionMask = 2147483647;
			files = (
			);
			inputPaths = (
			);
			name = "📦 Check Pods Manifest.lock";
			outputPaths = (
			);
			runOnlyForDeploymentPostprocessing = 0;
			shellPath = /bin/sh;
			shellScript = "diff \"${PODS_ROOT}/../Podfile.lock\" \"${PODS_ROOT}/Manifest.lock\" > /dev/null\nif [[ $? != 0 ]] ; then\n    cat << EOM\nerror: The sandbox is not in sync with the Podfile.lock. Run 'pod install' or update your CocoaPods installation.\nEOM\n    exit 1\nfi\n";
			showEnvVarsInLog = 0;
		};
/* End PBXShellScriptBuildPhase section */

/* Begin PBXSourcesBuildPhase section */
		A60F0D311C9C617E0025E3E2 /* Sources */ = {
			isa = PBXSourcesBuildPhase;
			buildActionMask = 2147483647;
			files = (
				A62F1E8F1CFC5C3E00F7C5AD /* BTPeripheralManagerBlockHandler.swift in Sources */,
				A62F1E9A1CFC5C3E00F7C5AD /* BTPeripheralConnectedCondition.swift in Sources */,
				A62F1EB91CFC5C3E00F7C5AD /* Log.swift in Sources */,
				A62F1EB81CFC5C3E00F7C5AD /* Config+Logging.swift in Sources */,
				A6913EBE1CA0319400316658 /* PeripheralViewController.swift in Sources */,
				A62F1E831CFC5C3E00F7C5AD /* BTTypes.swift in Sources */,
				A62F1E9C1CFC5C3E00F7C5AD /* BTPeripheralReadValueOperation.swift in Sources */,
				A62F1EB51CFC5C3E00F7C5AD /* BTPeripheralManagerAPIWithHandlerProtocol.swift in Sources */,
				A62F1E9F1CFC5C3E00F7C5AD /* BTPeripheralManagerOperation.swift in Sources */,
				A62F1EA11CFC5C3E00F7C5AD /* BTPeripheralNotAdvertisingCondition.swift in Sources */,
				A60F0D421C9C617E0025E3E2 /* CustomLogFormatter.swift in Sources */,
				A62F1EA61CFC5C3E00F7C5AD /* BTPeripheralRolePerformer.swift in Sources */,
				A62F1EB61CFC5C3E00F7C5AD /* BTPeripheralManagerInitializableProtocol.swift in Sources */,
				A62F1EA41CFC5C3E00F7C5AD /* BTStartAdvertisingOperation.swift in Sources */,
				A62F1E911CFC5C3E00F7C5AD /* BTBaseCondition.swift in Sources */,
				A62F1EAC1CFC5C3E00F7C5AD /* BTCentralManagerInitializibleProtocol.swift in Sources */,
				A62F1E8A1CFC5C3E00F7C5AD /* BTCentralManagerLoggingHandler.swift in Sources */,
				A62F1EA21CFC5C3E00F7C5AD /* BTServiceNotAddedCondition.swift in Sources */,
				A62F1E8D1CFC5C3E00F7C5AD /* BTPeripheralLoggingHandler.swift in Sources */,
				A62F1E951CFC5C3E00F7C5AD /* BTCentralManagerConnectingOperation.swift in Sources */,
				A62F1EB21CFC5C3E00F7C5AD /* BTPeripheralProxy.swift in Sources */,
				A62F1E9B1CFC5C3E00F7C5AD /* BTPeripheralCharacteristicDiscoveryOperation.swift in Sources */,
				A62F1EAE1CFC5C3E00F7C5AD /* BTPeripheralAPIType.swift in Sources */,
				A62F1E841CFC5C3E00F7C5AD /* CBCentralManagerState+StringConvertible.swift in Sources */,
				A62F1E921CFC5C3E00F7C5AD /* BTOperationResult.swift in Sources */,
				A62F1EB01CFC5C3E00F7C5AD /* BTPeripheralAPIWithHandlerProtocol.swift in Sources */,
				A62F1EA81CFC5C3E00F7C5AD /* BTHandlersContainer.swift in Sources */,
				A62F1E971CFC5C3E00F7C5AD /* BTCentralManagerScanningOperation.swift in Sources */,
				A62F1EA51CFC5C3E00F7C5AD /* BTCentralRolePerformer.swift in Sources */,
				A62F1E861CFC5C3E00F7C5AD /* CBPeripheralState+StringConvertible.swift in Sources */,
				A62F1E8E1CFC5C3E00F7C5AD /* BTPeripheralManagerHandlerProtocol.swift in Sources */,
				A62F1E821CFC5C3E00F7C5AD /* BTCharacteristicDiscoveryCore.swift in Sources */,
				A62F1EB41CFC5C3E00F7C5AD /* BTPeripheralManagerAPIProtocol.swift in Sources */,
				A62F1EAB1CFC5C3E00F7C5AD /* BTCentralManagerAPIWithHadlerProtocol.swift in Sources */,
				A62F1EA01CFC5C3E00F7C5AD /* BTPeripheralManagerPoweredOnCondition.swift in Sources */,
				A62F1EA71CFC5C3E00F7C5AD /* BTHandlerContainerProtocol.swift in Sources */,
				A60F0D3C1C9C617E0025E3E2 /* AppDelegate.swift in Sources */,
				A62F1EB11CFC5C3E00F7C5AD /* PeriphralFullAPIProtocol.swift in Sources */,
				A62F1E931CFC5C3E00F7C5AD /* BTCentralManagerOperation.swift in Sources */,
				A62F1EB31CFC5C3E00F7C5AD /* BTPeripheralManagerAPIType.swift in Sources */,
				A62F1E8B1CFC5C3E00F7C5AD /* BTPeripheralHandlerProtocol.swift in Sources */,
				A62F1EAA1CFC5C3E00F7C5AD /* BTCentralManagerAPIProtocol.swift in Sources */,
				A62F1E991CFC5C3E00F7C5AD /* BTPeripheralOperation.swift in Sources */,
				A62F1EA91CFC5C3E00F7C5AD /* BTCentralManagerAPIType.swift in Sources */,
				A62F1EAD1CFC5C3E00F7C5AD /* BTCentralManagerProxy.swift in Sources */,
				A62F1E881CFC5C3E00F7C5AD /* BTCentralManagerHandlerProtocol.swift in Sources */,
				A62F1E901CFC5C3E00F7C5AD /* BTPeripheralManagerLoggingHandler.swift in Sources */,
				A62F1E941CFC5C3E00F7C5AD /* BTCentralManagerPoweredOnCondition.swift in Sources */,
				A62F1E8C1CFC5C3E00F7C5AD /* BTPeripheralBlockHandler.swift in Sources */,
				A62F1E9D1CFC5C3E00F7C5AD /* BTPeripheralSetNotifyValueOperation.swift in Sources */,
				A62F1E961CFC5C3E00F7C5AD /* BTCentralManagerDisconnectingOperation.swift in Sources */,
				A62F1E871CFC5C3E00F7C5AD /* BTCustomQueueHandler.swift in Sources */,
				A62F1EB71CFC5C3E00F7C5AD /* BTPeripheralManagerProxy.swift in Sources */,
				A60F0D441C9C617E0025E3E2 /* Config.swift in Sources */,
				A62F1E981CFC5C3E00F7C5AD /* BTErrors.swift in Sources */,
				A62F1E851CFC5C3E00F7C5AD /* CBPeripheralManagerState+StringConvertible.swift in Sources */,
				A62F1EAF1CFC5C3E00F7C5AD /* BTPeripheralAPIProtocol.swift in Sources */,
				A62F1EA31CFC5C3E00F7C5AD /* BTAddServicesOperation.swift in Sources */,
				A62F1E891CFC5C3E00F7C5AD /* BTCentalManagerBlockHandler.swift in Sources */,
				A62F1E9E1CFC5C3E00F7C5AD /* BTPeripheralWriteValueOperation.swift in Sources */,
			);
			runOnlyForDeploymentPostprocessing = 0;
		};
		A60F0D5C1C9C617E0025E3E2 /* Sources */ = {
			isa = PBXSourcesBuildPhase;
			buildActionMask = 2147483647;
			files = (
				A63302951CB3C6C70037DA4C /* BTPeripheralManagerPoweredOnConditionTestCase.swift in Sources */,
				A63302991CB3CCAF0037DA4C /* BTStubPeripheralManagers.swift in Sources */,
				A63302A61CB44F6C0037DA4C /* BTBaseOperationTestCase.swift in Sources */,
			);
			runOnlyForDeploymentPostprocessing = 0;
		};
/* End PBXSourcesBuildPhase section */

/* Begin PBXTargetDependency section */
		A60F0D621C9C617E0025E3E2 /* PBXTargetDependency */ = {
			isa = PBXTargetDependency;
			target = A60F0D341C9C617E0025E3E2 /* BLE-Peripheral */;
			targetProxy = A60F0D611C9C617E0025E3E2 /* PBXContainerItemProxy */;
		};
/* End PBXTargetDependency section */

/* Begin PBXVariantGroup section */
		A60F0D581C9C617E0025E3E2 /* LaunchScreen.storyboard */ = {
			isa = PBXVariantGroup;
			children = (
				A60F0D591C9C617E0025E3E2 /* Base */,
			);
			name = LaunchScreen.storyboard;
			sourceTree = "<group>";
		};
/* End PBXVariantGroup section */

/* Begin XCBuildConfiguration section */
		A60F0D671C9C617F0025E3E2 /* Debug */ = {
			isa = XCBuildConfiguration;
			buildSettings = {
				ALWAYS_SEARCH_USER_PATHS = NO;
				CLANG_CXX_LANGUAGE_STANDARD = "gnu++0x";
				CLANG_CXX_LIBRARY = "libc++";
				CLANG_ENABLE_MODULES = YES;
				CLANG_ENABLE_OBJC_ARC = YES;
				CLANG_WARN_BOOL_CONVERSION = YES;
				CLANG_WARN_CONSTANT_CONVERSION = YES;
				CLANG_WARN_DIRECT_OBJC_ISA_USAGE = YES_ERROR;
				CLANG_WARN_EMPTY_BODY = YES;
				CLANG_WARN_ENUM_CONVERSION = YES;
				CLANG_WARN_INT_CONVERSION = YES;
				CLANG_WARN_OBJC_ROOT_CLASS = YES_ERROR;
				CLANG_WARN_UNREACHABLE_CODE = YES;
				CLANG_WARN__DUPLICATE_METHOD_MATCH = YES;
				"CODE_SIGN_IDENTITY[sdk=iphoneos*]" = "iPhone Developer";
				COPY_PHASE_STRIP = NO;
				DEBUG_INFORMATION_FORMAT = dwarf;
				ENABLE_STRICT_OBJC_MSGSEND = YES;
				ENABLE_TESTABILITY = YES;
				GCC_C_LANGUAGE_STANDARD = gnu99;
				GCC_DYNAMIC_NO_PIC = NO;
				GCC_NO_COMMON_BLOCKS = YES;
				GCC_OPTIMIZATION_LEVEL = 0;
				GCC_PREPROCESSOR_DEFINITIONS = (
					"DEBUG=1",
					"$(inherited)",
				);
				GCC_WARN_64_TO_32_BIT_CONVERSION = YES;
				GCC_WARN_ABOUT_RETURN_TYPE = YES_ERROR;
				GCC_WARN_UNDECLARED_SELECTOR = YES;
				GCC_WARN_UNINITIALIZED_AUTOS = YES_AGGRESSIVE;
				GCC_WARN_UNUSED_FUNCTION = YES;
				GCC_WARN_UNUSED_VARIABLE = YES;
				IPHONEOS_DEPLOYMENT_TARGET = 9.2;
				MTL_ENABLE_DEBUG_INFO = YES;
				ONLY_ACTIVE_ARCH = YES;
				SDKROOT = iphoneos;
				SWIFT_OPTIMIZATION_LEVEL = "-Onone";
				TARGETED_DEVICE_FAMILY = "1,2";
			};
			name = Debug;
		};
		A60F0D681C9C617F0025E3E2 /* Release */ = {
			isa = XCBuildConfiguration;
			buildSettings = {
				ALWAYS_SEARCH_USER_PATHS = NO;
				CLANG_CXX_LANGUAGE_STANDARD = "gnu++0x";
				CLANG_CXX_LIBRARY = "libc++";
				CLANG_ENABLE_MODULES = YES;
				CLANG_ENABLE_OBJC_ARC = YES;
				CLANG_WARN_BOOL_CONVERSION = YES;
				CLANG_WARN_CONSTANT_CONVERSION = YES;
				CLANG_WARN_DIRECT_OBJC_ISA_USAGE = YES_ERROR;
				CLANG_WARN_EMPTY_BODY = YES;
				CLANG_WARN_ENUM_CONVERSION = YES;
				CLANG_WARN_INT_CONVERSION = YES;
				CLANG_WARN_OBJC_ROOT_CLASS = YES_ERROR;
				CLANG_WARN_UNREACHABLE_CODE = YES;
				CLANG_WARN__DUPLICATE_METHOD_MATCH = YES;
				"CODE_SIGN_IDENTITY[sdk=iphoneos*]" = "iPhone Developer";
				COPY_PHASE_STRIP = NO;
				DEBUG_INFORMATION_FORMAT = "dwarf-with-dsym";
				ENABLE_NS_ASSERTIONS = NO;
				ENABLE_STRICT_OBJC_MSGSEND = YES;
				GCC_C_LANGUAGE_STANDARD = gnu99;
				GCC_NO_COMMON_BLOCKS = YES;
				GCC_WARN_64_TO_32_BIT_CONVERSION = YES;
				GCC_WARN_ABOUT_RETURN_TYPE = YES_ERROR;
				GCC_WARN_UNDECLARED_SELECTOR = YES;
				GCC_WARN_UNINITIALIZED_AUTOS = YES_AGGRESSIVE;
				GCC_WARN_UNUSED_FUNCTION = YES;
				GCC_WARN_UNUSED_VARIABLE = YES;
				IPHONEOS_DEPLOYMENT_TARGET = 9.2;
				MTL_ENABLE_DEBUG_INFO = NO;
				SDKROOT = iphoneos;
				TARGETED_DEVICE_FAMILY = "1,2";
				VALIDATE_PRODUCT = YES;
			};
			name = Release;
		};
		A60F0D6A1C9C617F0025E3E2 /* Debug */ = {
			isa = XCBuildConfiguration;
			baseConfigurationReference = 162E591DF0DE7D8F562606AC /* Pods-BLE-Peripheral.debug.xcconfig */;
			buildSettings = {
				ASSETCATALOG_COMPILER_APPICON_NAME = AppIcon;
				EXCLUDED_SOURCE_FILE_NAMES = "";
				GCC_PRECOMPILE_PREFIX_HEADER = NO;
				INFOPLIST_FILE = "BLE-Peripheral/Info.plist";
				IPHONEOS_DEPLOYMENT_TARGET = 8.0;
				LD_RUNPATH_SEARCH_PATHS = "$(inherited) @executable_path/Frameworks";
				OTHER_SWIFT_FLAGS = "$(inherited) \"-D\" \"COCOAPODS\" \"-D\" \"FLEX_ENABLED\"";
				PRODUCT_BUNDLE_IDENTIFIER = "com.d03.BLE-Peripheral";
				PRODUCT_NAME = "$(TARGET_NAME)";
			};
			name = Debug;
		};
		A60F0D6B1C9C617F0025E3E2 /* Release */ = {
			isa = XCBuildConfiguration;
			baseConfigurationReference = B6BBA2B2011C9354FAF62089 /* Pods-BLE-Peripheral.release.xcconfig */;
			buildSettings = {
				ASSETCATALOG_COMPILER_APPICON_NAME = AppIcon;
				EXCLUDED_SOURCE_FILE_NAMES = "";
				GCC_PRECOMPILE_PREFIX_HEADER = NO;
				INFOPLIST_FILE = "BLE-Peripheral/Info.plist";
				IPHONEOS_DEPLOYMENT_TARGET = 8.0;
				LD_RUNPATH_SEARCH_PATHS = "$(inherited) @executable_path/Frameworks";
				OTHER_SWIFT_FLAGS = "$(inherited) \"-D\" \"COCOAPODS\" \"-D\" \"FLEX_ENABLED\"";
				PRODUCT_BUNDLE_IDENTIFIER = "com.d03.BLE-Peripheral";
				PRODUCT_NAME = "$(TARGET_NAME)";
			};
			name = Release;
		};
		A60F0D6D1C9C617F0025E3E2 /* Debug */ = {
			isa = XCBuildConfiguration;
			baseConfigurationReference = F64767FA37CEB82970A330D8 /* Pods-BLE-PeripheralTests.debug.xcconfig */;
			buildSettings = {
				BUNDLE_LOADER = "$(TEST_HOST)";
				CLANG_ENABLE_MODULES = YES;
				INFOPLIST_FILE = "BLE-PeripheralTests/Info.plist";
				LD_RUNPATH_SEARCH_PATHS = "$(inherited) @executable_path/Frameworks @loader_path/Frameworks";
				PRODUCT_BUNDLE_IDENTIFIER = "com.d03.BLE-PeripheralTests";
				PRODUCT_NAME = "$(TARGET_NAME)";
				SWIFT_OBJC_BRIDGING_HEADER = "BLE-PeripheralTests/BLE-PeripheralTests-Bridging-Header.h";
				SWIFT_OPTIMIZATION_LEVEL = "-Onone";
				TEST_HOST = "$(BUILT_PRODUCTS_DIR)/BLE-Peripheral.app/BLE-Peripheral";
			};
			name = Debug;
		};
		A60F0D6E1C9C617F0025E3E2 /* Release */ = {
			isa = XCBuildConfiguration;
			baseConfigurationReference = 7CC69ADB8E65DC41B0235676 /* Pods-BLE-PeripheralTests.release.xcconfig */;
			buildSettings = {
				BUNDLE_LOADER = "$(TEST_HOST)";
				CLANG_ENABLE_MODULES = YES;
				INFOPLIST_FILE = "BLE-PeripheralTests/Info.plist";
				LD_RUNPATH_SEARCH_PATHS = "$(inherited) @executable_path/Frameworks @loader_path/Frameworks";
				PRODUCT_BUNDLE_IDENTIFIER = "com.d03.BLE-PeripheralTests";
				PRODUCT_NAME = "$(TARGET_NAME)";
				SWIFT_OBJC_BRIDGING_HEADER = "BLE-PeripheralTests/BLE-PeripheralTests-Bridging-Header.h";
				TEST_HOST = "$(BUILT_PRODUCTS_DIR)/BLE-Peripheral.app/BLE-Peripheral";
			};
			name = Release;
		};
/* End XCBuildConfiguration section */

/* Begin XCConfigurationList section */
		A60F0D301C9C617E0025E3E2 /* Build configuration list for PBXProject "BLE-Peripheral" */ = {
			isa = XCConfigurationList;
			buildConfigurations = (
				A60F0D671C9C617F0025E3E2 /* Debug */,
				A60F0D681C9C617F0025E3E2 /* Release */,
			);
			defaultConfigurationIsVisible = 0;
			defaultConfigurationName = Release;
		};
		A60F0D691C9C617F0025E3E2 /* Build configuration list for PBXNativeTarget "BLE-Peripheral" */ = {
			isa = XCConfigurationList;
			buildConfigurations = (
				A60F0D6A1C9C617F0025E3E2 /* Debug */,
				A60F0D6B1C9C617F0025E3E2 /* Release */,
			);
			defaultConfigurationIsVisible = 0;
			defaultConfigurationName = Release;
		};
		A60F0D6C1C9C617F0025E3E2 /* Build configuration list for PBXNativeTarget "BLE-PeripheralTests" */ = {
			isa = XCConfigurationList;
			buildConfigurations = (
				A60F0D6D1C9C617F0025E3E2 /* Debug */,
				A60F0D6E1C9C617F0025E3E2 /* Release */,
			);
			defaultConfigurationIsVisible = 0;
			defaultConfigurationName = Release;
		};
/* End XCConfigurationList section */
	};
	rootObject = A60F0D2D1C9C617E0025E3E2 /* Project object */;
}
